// !$*UTF8*$!
{
	archiveVersion = 1;
	classes = {
	};
	objectVersion = 42;
	objects = {

/* Begin PBXBuildFile section */
		002F39FA09D0881F00EBEB88 /* SDL.framework in Frameworks */ = {isa = PBXBuildFile; fileRef = 002F39F909D0881F00EBEB88 /* SDL.framework */; };
		002F3A0009D0884600EBEB88 /* SDL.framework in Copy Frameworks into .app bundle */ = {isa = PBXBuildFile; fileRef = 002F39F909D0881F00EBEB88 /* SDL.framework */; };
		2F2538250FFEB72800A12579 /* sludge.bmp in Resources */ = {isa = PBXBuildFile; fileRef = 2F2538240FFEB72800A12579 /* sludge.bmp */; };
		2F3AB888100CF97C00CD6A13 /* Credits.html in Resources */ = {isa = PBXBuildFile; fileRef = 2F3AB887100CF97C00CD6A13 /* Credits.html */; };
		2F59E738102E230800008746 /* libpng.framework in Frameworks */ = {isa = PBXBuildFile; fileRef = 2F59E737102E230800008746 /* libpng.framework */; };
		2F59E748102E246100008746 /* libpng.framework in Copy Frameworks into .app bundle */ = {isa = PBXBuildFile; fileRef = 2F59E737102E230800008746 /* libpng.framework */; };
		2F6274FC10EA337700BBDEDF /* shaders.h in Copy Frameworks into .app bundle */ = {isa = PBXBuildFile; fileRef = 2F6274FA10EA337700BBDEDF /* shaders.h */; };
		2F6274FD10EA337700BBDEDF /* shaders.cpp in Sources */ = {isa = PBXBuildFile; fileRef = 2F6274FB10EA337700BBDEDF /* shaders.cpp */; };
		2F684E1A0FFEAF6700EED6FE /* gameicon.icns in Resources */ = {isa = PBXBuildFile; fileRef = 2F684E190FFEAF6700EED6FE /* gameicon.icns */; };
		2F695B78100D0BD1008A8DC1 /* SDLMain.nib in Resources */ = {isa = PBXBuildFile; fileRef = 2F6F29820FBEFEB000BC6A67 /* SDLMain.nib */; };
		2F6E5C300E49FE33007408A4 /* libbass.dylib in Frameworks */ = {isa = PBXBuildFile; fileRef = 2F6E5C2F0E49FE33007408A4 /* libbass.dylib */; };
		2F6E5C320E49FE55007408A4 /* bass.h in Copy Frameworks into .app bundle */ = {isa = PBXBuildFile; fileRef = 2F6E5C310E49FE55007408A4 /* bass.h */; };
		2F6F29610FBEFE3C00BC6A67 /* OSXMain.h in Copy Frameworks into .app bundle */ = {isa = PBXBuildFile; fileRef = 2F6F29600FBEFE3C00BC6A67 /* OSXMain.h */; };
		2F6F29640FBEFE4800BC6A67 /* OSXMain.m in Sources */ = {isa = PBXBuildFile; fileRef = 2F6F29630FBEFE4800BC6A67 /* OSXMain.m */; };
		2F6F29940FBEFF3D00BC6A67 /* main.cpp in Sources */ = {isa = PBXBuildFile; fileRef = 2F6F29930FBEFF3D00BC6A67 /* main.cpp */; };
		2F6F2A800FBF021000BC6A67 /* libbass.dylib in Copy Libbass */ = {isa = PBXBuildFile; fileRef = 2F6E5C2F0E49FE33007408A4 /* libbass.dylib */; };
		2F7BFEB70E3384AE003F5DC3 /* BACKDROP.CPP in Sources */ = {isa = PBXBuildFile; fileRef = 2F7BFEB60E3384AE003F5DC3 /* BACKDROP.CPP */; };
		2F7BFEB90E3384B8003F5DC3 /* bg_effects.cpp in Sources */ = {isa = PBXBuildFile; fileRef = 2F7BFEB80E3384B8003F5DC3 /* bg_effects.cpp */; };
		2F7BFEBB0E3384BE003F5DC3 /* builtin.cpp in Sources */ = {isa = PBXBuildFile; fileRef = 2F7BFEBA0E3384BE003F5DC3 /* builtin.cpp */; };
		2F7BFEBD0E3384CB003F5DC3 /* CURSORS.CPP in Sources */ = {isa = PBXBuildFile; fileRef = 2F7BFEBC0E3384CB003F5DC3 /* CURSORS.CPP */; };
		2F7BFEBF0E3384E0003F5DC3 /* debug.cpp in Sources */ = {isa = PBXBuildFile; fileRef = 2F7BFEBE0E3384E0003F5DC3 /* debug.cpp */; };
		2F7BFEC30E338504003F5DC3 /* FILESET.CPP in Sources */ = {isa = PBXBuildFile; fileRef = 2F7BFEC20E338504003F5DC3 /* FILESET.CPP */; };
		2F7BFEC50E33850F003F5DC3 /* floor.cpp in Sources */ = {isa = PBXBuildFile; fileRef = 2F7BFEC40E33850F003F5DC3 /* floor.cpp */; };
		2F7BFEC70E338513003F5DC3 /* FONTTEXT.CPP in Sources */ = {isa = PBXBuildFile; fileRef = 2F7BFEC60E338513003F5DC3 /* FONTTEXT.CPP */; };
		2F7BFEC90E33851E003F5DC3 /* FREEZE.CPP in Sources */ = {isa = PBXBuildFile; fileRef = 2F7BFEC80E33851E003F5DC3 /* FREEZE.CPP */; };
		2F7BFECB0E338529003F5DC3 /* Language.cpp in Sources */ = {isa = PBXBuildFile; fileRef = 2F7BFECA0E338529003F5DC3 /* Language.cpp */; };
		2F7BFECD0E338535003F5DC3 /* line.cpp in Sources */ = {isa = PBXBuildFile; fileRef = 2F7BFECC0E338535003F5DC3 /* line.cpp */; };
		2F7BFECF0E33853B003F5DC3 /* LOADSAVE.CPP in Sources */ = {isa = PBXBuildFile; fileRef = 2F7BFECE0E33853B003F5DC3 /* LOADSAVE.CPP */; };
		2F7BFED10E338542003F5DC3 /* memwatch.cpp in Sources */ = {isa = PBXBuildFile; fileRef = 2F7BFED00E338542003F5DC3 /* memwatch.cpp */; };
		2F7BFED30E338547003F5DC3 /* MOREIO.CPP in Sources */ = {isa = PBXBuildFile; fileRef = 2F7BFED20E338547003F5DC3 /* MOREIO.CPP */; };
		2F7BFED50E338555003F5DC3 /* NEWFATAL.CPP in Sources */ = {isa = PBXBuildFile; fileRef = 2F7BFED40E338555003F5DC3 /* NEWFATAL.CPP */; };
		2F7BFED70E33855C003F5DC3 /* OBJTYPES.CPP in Sources */ = {isa = PBXBuildFile; fileRef = 2F7BFED60E33855C003F5DC3 /* OBJTYPES.CPP */; };
		2F7BFED90E338563003F5DC3 /* people.cpp in Sources */ = {isa = PBXBuildFile; fileRef = 2F7BFED80E338563003F5DC3 /* people.cpp */; };
		2F7BFEDB0E33856C003F5DC3 /* REGION.CPP in Sources */ = {isa = PBXBuildFile; fileRef = 2F7BFEDA0E33856C003F5DC3 /* REGION.CPP */; };
		2F7BFEE10E338583003F5DC3 /* savedata.cpp in Sources */ = {isa = PBXBuildFile; fileRef = 2F7BFEE00E338583003F5DC3 /* savedata.cpp */; };
		2F7BFEE30E33858E003F5DC3 /* SLUDGER.CPP in Sources */ = {isa = PBXBuildFile; fileRef = 2F7BFEE20E33858E003F5DC3 /* SLUDGER.CPP */; };
		2F7BFEE50E3385B3003F5DC3 /* sound_bass.cpp in Sources */ = {isa = PBXBuildFile; fileRef = 2F7BFEE40E3385B3003F5DC3 /* sound_bass.cpp */; };
		2F7BFEE90E3385F8003F5DC3 /* SPRBANKS.CPP in Sources */ = {isa = PBXBuildFile; fileRef = 2F7BFEE60E3385F8003F5DC3 /* SPRBANKS.CPP */; };
		2F7BFEEA0E3385F8003F5DC3 /* SPRITES.CPP in Sources */ = {isa = PBXBuildFile; fileRef = 2F7BFEE70E3385F8003F5DC3 /* SPRITES.CPP */; };
		2F7BFEEB0E3385F8003F5DC3 /* Sprites_AA.CPP in Sources */ = {isa = PBXBuildFile; fileRef = 2F7BFEE80E3385F8003F5DC3 /* Sprites_AA.CPP */; };
		2F7BFEF30E338627003F5DC3 /* transition.cpp in Sources */ = {isa = PBXBuildFile; fileRef = 2F7BFEEC0E338627003F5DC3 /* transition.cpp */; };
		2F7BFEF40E338627003F5DC3 /* timing.cpp in Sources */ = {isa = PBXBuildFile; fileRef = 2F7BFEED0E338627003F5DC3 /* timing.cpp */; };
		2F7BFEF50E338627003F5DC3 /* STRINGY.CPP in Sources */ = {isa = PBXBuildFile; fileRef = 2F7BFEEE0E338627003F5DC3 /* STRINGY.CPP */; };
		2F7BFEF60E338627003F5DC3 /* TALK.CPP in Sources */ = {isa = PBXBuildFile; fileRef = 2F7BFEEF0E338627003F5DC3 /* TALK.CPP */; };
		2F7BFEF70E338627003F5DC3 /* VARIABLE.CPP in Sources */ = {isa = PBXBuildFile; fileRef = 2F7BFEF00E338627003F5DC3 /* VARIABLE.CPP */; };
		2F7BFEF80E338627003F5DC3 /* thumbnail.cpp in Sources */ = {isa = PBXBuildFile; fileRef = 2F7BFEF10E338627003F5DC3 /* thumbnail.cpp */; };
		2F7BFEF90E338627003F5DC3 /* STATUSBA.CPP in Sources */ = {isa = PBXBuildFile; fileRef = 2F7BFEF20E338627003F5DC3 /* STATUSBA.CPP */; };
		2F7BFF000E338649003F5DC3 /* zbuffer.cpp in Sources */ = {isa = PBXBuildFile; fileRef = 2F7BFEFB0E338649003F5DC3 /* zbuffer.cpp */; };
		2F7BFF030E338649003F5DC3 /* WINSTUFF.CPP in Sources */ = {isa = PBXBuildFile; fileRef = 2F7BFEFE0E338649003F5DC3 /* WINSTUFF.CPP */; };
		2F7BFF050E33867F003F5DC3 /* TGA.cpp in Sources */ = {isa = PBXBuildFile; fileRef = 2F7BFF040E33867F003F5DC3 /* TGA.cpp */; };
		2F7BFF0E0E3386AD003F5DC3 /* bg_effects.h in Copy Frameworks into .app bundle */ = {isa = PBXBuildFile; fileRef = 2F7BFF070E3386AD003F5DC3 /* bg_effects.h */; };
		2F7BFF0F0E3386AD003F5DC3 /* BACKDROP.H in Copy Frameworks into .app bundle */ = {isa = PBXBuildFile; fileRef = 2F7BFF080E3386AD003F5DC3 /* BACKDROP.H */; };
		2F7BFF100E3386AD003F5DC3 /* BUILTIN.H in Copy Frameworks into .app bundle */ = {isa = PBXBuildFile; fileRef = 2F7BFF090E3386AD003F5DC3 /* BUILTIN.H */; };
		2F7BFF110E3386AD003F5DC3 /* COLOURS.H in Copy Frameworks into .app bundle */ = {isa = PBXBuildFile; fileRef = 2F7BFF0A0E3386AD003F5DC3 /* COLOURS.H */; };
		2F7BFF120E3386AD003F5DC3 /* ALLFILES.H in Copy Frameworks into .app bundle */ = {isa = PBXBuildFile; fileRef = 2F7BFF0B0E3386AD003F5DC3 /* ALLFILES.H */; };
		2F7BFF130E3386AD003F5DC3 /* CURSORS.H in Copy Frameworks into .app bundle */ = {isa = PBXBuildFile; fileRef = 2F7BFF0C0E3386AD003F5DC3 /* CURSORS.H */; };
		2F7BFF140E3386AD003F5DC3 /* CSLUDGE.H in Copy Frameworks into .app bundle */ = {isa = PBXBuildFile; fileRef = 2F7BFF0D0E3386AD003F5DC3 /* CSLUDGE.H */; };
		2F7BFF1B0E3386C4003F5DC3 /* debug.h in Copy Frameworks into .app bundle */ = {isa = PBXBuildFile; fileRef = 2F7BFF160E3386C4003F5DC3 /* debug.h */; };
		2F7BFF1C0E3386C4003F5DC3 /* floor.h in Copy Frameworks into .app bundle */ = {isa = PBXBuildFile; fileRef = 2F7BFF170E3386C4003F5DC3 /* floor.h */; };
		2F7BFF1D0E3386C4003F5DC3 /* FILESET.H in Copy Frameworks into .app bundle */ = {isa = PBXBuildFile; fileRef = 2F7BFF180E3386C4003F5DC3 /* FILESET.H */; };
		2F7BFF1E0E3386C4003F5DC3 /* errors.h in Copy Frameworks into .app bundle */ = {isa = PBXBuildFile; fileRef = 2F7BFF190E3386C4003F5DC3 /* errors.h */; };
		2F7BFF210E3386E1003F5DC3 /* FREEZE.H in Copy Frameworks into .app bundle */ = {isa = PBXBuildFile; fileRef = 2F7BFF1F0E3386E1003F5DC3 /* FREEZE.H */; };
		2F7BFF220E3386E1003F5DC3 /* FONTTEXT.H in Copy Frameworks into .app bundle */ = {isa = PBXBuildFile; fileRef = 2F7BFF200E3386E1003F5DC3 /* FONTTEXT.H */; };
		2F7BFF240E3386FC003F5DC3 /* functionList.h in Copy Frameworks into .app bundle */ = {isa = PBXBuildFile; fileRef = 2F7BFF230E3386FC003F5DC3 /* functionList.h */; };
		2F7BFF2D0E338718003F5DC3 /* PEOPLE.H in Copy Frameworks into .app bundle */ = {isa = PBXBuildFile; fileRef = 2F7BFF250E338718003F5DC3 /* PEOPLE.H */; };
		2F7BFF2E0E338718003F5DC3 /* OBJTYPES.H in Copy Frameworks into .app bundle */ = {isa = PBXBuildFile; fileRef = 2F7BFF260E338718003F5DC3 /* OBJTYPES.H */; };
		2F7BFF2F0E338718003F5DC3 /* MOREIO.H in Copy Frameworks into .app bundle */ = {isa = PBXBuildFile; fileRef = 2F7BFF270E338718003F5DC3 /* MOREIO.H */; };
		2F7BFF300E338718003F5DC3 /* line.h in Copy Frameworks into .app bundle */ = {isa = PBXBuildFile; fileRef = 2F7BFF280E338718003F5DC3 /* line.h */; };
		2F7BFF310E338718003F5DC3 /* LOADSAVE.H in Copy Frameworks into .app bundle */ = {isa = PBXBuildFile; fileRef = 2F7BFF290E338718003F5DC3 /* LOADSAVE.H */; };
		2F7BFF320E338718003F5DC3 /* Language.h in Copy Frameworks into .app bundle */ = {isa = PBXBuildFile; fileRef = 2F7BFF2A0E338718003F5DC3 /* Language.h */; };
		2F7BFF330E338718003F5DC3 /* memwatch.h in Copy Frameworks into .app bundle */ = {isa = PBXBuildFile; fileRef = 2F7BFF2B0E338718003F5DC3 /* memwatch.h */; };
		2F7BFF340E338718003F5DC3 /* NEWFATAL.H in Copy Frameworks into .app bundle */ = {isa = PBXBuildFile; fileRef = 2F7BFF2C0E338718003F5DC3 /* NEWFATAL.H */; };
		2F7BFF3B0E338736003F5DC3 /* REGION.H in Copy Frameworks into .app bundle */ = {isa = PBXBuildFile; fileRef = 2F7BFF350E338736003F5DC3 /* REGION.H */; };
		2F7BFF3E0E338736003F5DC3 /* SLUDGER.H in Copy Frameworks into .app bundle */ = {isa = PBXBuildFile; fileRef = 2F7BFF380E338736003F5DC3 /* SLUDGER.H */; };
		2F7BFF3F0E338736003F5DC3 /* sound.h in Copy Frameworks into .app bundle */ = {isa = PBXBuildFile; fileRef = 2F7BFF390E338736003F5DC3 /* sound.h */; };
		2F7BFF400E338736003F5DC3 /* savedata.h in Copy Frameworks into .app bundle */ = {isa = PBXBuildFile; fileRef = 2F7BFF3A0E338736003F5DC3 /* savedata.h */; };
		2F7BFF420E338751003F5DC3 /* specialSettings.h in Copy Frameworks into .app bundle */ = {isa = PBXBuildFile; fileRef = 2F7BFF410E338751003F5DC3 /* specialSettings.h */; };
		2F7BFF490E33877A003F5DC3 /* sprites.h in Copy Frameworks into .app bundle */ = {isa = PBXBuildFile; fileRef = 2F7BFF430E33877A003F5DC3 /* sprites.h */; };
		2F7BFF4A0E33877A003F5DC3 /* STATUSBA.H in Copy Frameworks into .app bundle */ = {isa = PBXBuildFile; fileRef = 2F7BFF440E33877A003F5DC3 /* STATUSBA.H */; };
		2F7BFF4B0E33877A003F5DC3 /* STRINGY.H in Copy Frameworks into .app bundle */ = {isa = PBXBuildFile; fileRef = 2F7BFF450E33877A003F5DC3 /* STRINGY.H */; };
		2F7BFF4C0E33877A003F5DC3 /* TALK.H in Copy Frameworks into .app bundle */ = {isa = PBXBuildFile; fileRef = 2F7BFF460E33877A003F5DC3 /* TALK.H */; };
		2F7BFF4D0E33877A003F5DC3 /* SPRBANKS.H in Copy Frameworks into .app bundle */ = {isa = PBXBuildFile; fileRef = 2F7BFF470E33877A003F5DC3 /* SPRBANKS.H */; };
		2F7BFF4E0E33877A003F5DC3 /* Sprites_AA.h in Copy Frameworks into .app bundle */ = {isa = PBXBuildFile; fileRef = 2F7BFF480E33877A003F5DC3 /* Sprites_AA.h */; };
		2F7BFF500E338789003F5DC3 /* TGA.h in Copy Frameworks into .app bundle */ = {isa = PBXBuildFile; fileRef = 2F7BFF4F0E338789003F5DC3 /* TGA.h */; };
		2F7BFF550E3387B4003F5DC3 /* VARIABLE.H in Copy Frameworks into .app bundle */ = {isa = PBXBuildFile; fileRef = 2F7BFF510E3387B4003F5DC3 /* VARIABLE.H */; };
		2F7BFF560E3387B4003F5DC3 /* transition.h in Copy Frameworks into .app bundle */ = {isa = PBXBuildFile; fileRef = 2F7BFF520E3387B4003F5DC3 /* transition.h */; };
		2F7BFF570E3387B4003F5DC3 /* thumbnail.h in Copy Frameworks into .app bundle */ = {isa = PBXBuildFile; fileRef = 2F7BFF530E3387B4003F5DC3 /* thumbnail.h */; };
		2F7BFF580E3387B4003F5DC3 /* timing.h in Copy Frameworks into .app bundle */ = {isa = PBXBuildFile; fileRef = 2F7BFF540E3387B4003F5DC3 /* timing.h */; };
		2F7BFF5A0E3387CE003F5DC3 /* version.h in Copy Frameworks into .app bundle */ = {isa = PBXBuildFile; fileRef = 2F7BFF590E3387CE003F5DC3 /* version.h */; };
		2F7BFF600E33880C003F5DC3 /* WINSTUFF.H in Copy Frameworks into .app bundle */ = {isa = PBXBuildFile; fileRef = 2F7BFF5C0E33880C003F5DC3 /* WINSTUFF.H */; };
		2F7BFF610E33880C003F5DC3 /* zbuffer.h in Copy Frameworks into .app bundle */ = {isa = PBXBuildFile; fileRef = 2F7BFF5D0E33880C003F5DC3 /* zbuffer.h */; };
		2F83725B0E5042FA00CC8352 /* OpenGL.framework in Frameworks */ = {isa = PBXBuildFile; fileRef = 2F83725A0E5042FA00CC8352 /* OpenGL.framework */; };
		2F9B3FBC0F557405003B4998 /* Sludge.icns in Resources */ = {isa = PBXBuildFile; fileRef = 2F9B3FBB0F557405003B4998 /* Sludge.icns */; };
		2FA5507C0FF90CC4006A67ED /* Start.h in Copy Frameworks into .app bundle */ = {isa = PBXBuildFile; fileRef = 2FA5507A0FF90CC4006A67ED /* Start.h */; };
		2FA5507D0FF90CC4006A67ED /* Start.m in Sources */ = {isa = PBXBuildFile; fileRef = 2FA5507B0FF90CC4006A67ED /* Start.m */; };
		2FA550870FF90E90006A67ED /* Startup.nib in Resources */ = {isa = PBXBuildFile; fileRef = 2FA550860FF90E90006A67ED /* Startup.nib */; };
		2FB1C3BD0FAB4B5700718E0C /* Graphics.cpp in Sources */ = {isa = PBXBuildFile; fileRef = 2FB1C3BC0FAB4B5700718E0C /* Graphics.cpp */; };
		2FB1C3C40FAB4C7900718E0C /* Graphics.h in Copy Frameworks into .app bundle */ = {isa = PBXBuildFile; fileRef = 2FB1C3C30FAB4C7900718E0C /* Graphics.h */; };
		2FEFC49C10073ADA004C66F1 /* GLee.c in Sources */ = {isa = PBXBuildFile; fileRef = 2FEFC49A10073ADA004C66F1 /* GLee.c */; };
		2FEFC49D10073ADA004C66F1 /* GLee.h in Copy Frameworks into .app bundle */ = {isa = PBXBuildFile; fileRef = 2FEFC49B10073ADA004C66F1 /* GLee.h */; };
		8D11072F0486CEB800E47090 /* Cocoa.framework in Frameworks */ = {isa = PBXBuildFile; fileRef = 1058C7A1FEA54F0111CA2CBB /* Cocoa.framework */; };
/* End PBXBuildFile section */

/* Begin PBXCopyFilesBuildPhase section */
		002F39FD09D0883400EBEB88 /* Copy Frameworks into .app bundle */ = {
			isa = PBXCopyFilesBuildPhase;
			buildActionMask = 2147483647;
			dstPath = "";
			dstSubfolderSpec = 10;
			files = (
				2F59E748102E246100008746 /* libpng.framework in Copy Frameworks into .app bundle */,
				002F3A0009D0884600EBEB88 /* SDL.framework in Copy Frameworks into .app bundle */,
				2F7BFF0E0E3386AD003F5DC3 /* bg_effects.h in Copy Frameworks into .app bundle */,
				2F7BFF0F0E3386AD003F5DC3 /* BACKDROP.H in Copy Frameworks into .app bundle */,
				2F7BFF100E3386AD003F5DC3 /* BUILTIN.H in Copy Frameworks into .app bundle */,
				2F7BFF110E3386AD003F5DC3 /* COLOURS.H in Copy Frameworks into .app bundle */,
				2F7BFF120E3386AD003F5DC3 /* ALLFILES.H in Copy Frameworks into .app bundle */,
				2F7BFF130E3386AD003F5DC3 /* CURSORS.H in Copy Frameworks into .app bundle */,
				2F7BFF140E3386AD003F5DC3 /* CSLUDGE.H in Copy Frameworks into .app bundle */,
				2F7BFF1B0E3386C4003F5DC3 /* debug.h in Copy Frameworks into .app bundle */,
				2F7BFF1C0E3386C4003F5DC3 /* floor.h in Copy Frameworks into .app bundle */,
				2F7BFF1D0E3386C4003F5DC3 /* FILESET.H in Copy Frameworks into .app bundle */,
				2F7BFF1E0E3386C4003F5DC3 /* errors.h in Copy Frameworks into .app bundle */,
				2F7BFF210E3386E1003F5DC3 /* FREEZE.H in Copy Frameworks into .app bundle */,
				2F7BFF220E3386E1003F5DC3 /* FONTTEXT.H in Copy Frameworks into .app bundle */,
				2F7BFF240E3386FC003F5DC3 /* functionList.h in Copy Frameworks into .app bundle */,
				2F7BFF2D0E338718003F5DC3 /* PEOPLE.H in Copy Frameworks into .app bundle */,
				2F7BFF2E0E338718003F5DC3 /* OBJTYPES.H in Copy Frameworks into .app bundle */,
				2F7BFF2F0E338718003F5DC3 /* MOREIO.H in Copy Frameworks into .app bundle */,
				2F7BFF300E338718003F5DC3 /* line.h in Copy Frameworks into .app bundle */,
				2F7BFF310E338718003F5DC3 /* LOADSAVE.H in Copy Frameworks into .app bundle */,
				2F7BFF320E338718003F5DC3 /* Language.h in Copy Frameworks into .app bundle */,
				2F7BFF330E338718003F5DC3 /* memwatch.h in Copy Frameworks into .app bundle */,
				2F7BFF340E338718003F5DC3 /* NEWFATAL.H in Copy Frameworks into .app bundle */,
				2F7BFF3B0E338736003F5DC3 /* REGION.H in Copy Frameworks into .app bundle */,
				2F7BFF3E0E338736003F5DC3 /* SLUDGER.H in Copy Frameworks into .app bundle */,
				2F7BFF3F0E338736003F5DC3 /* sound.h in Copy Frameworks into .app bundle */,
				2F7BFF400E338736003F5DC3 /* savedata.h in Copy Frameworks into .app bundle */,
				2F7BFF420E338751003F5DC3 /* specialSettings.h in Copy Frameworks into .app bundle */,
				2F7BFF490E33877A003F5DC3 /* sprites.h in Copy Frameworks into .app bundle */,
				2F7BFF4A0E33877A003F5DC3 /* STATUSBA.H in Copy Frameworks into .app bundle */,
				2F7BFF4B0E33877A003F5DC3 /* STRINGY.H in Copy Frameworks into .app bundle */,
				2F7BFF4C0E33877A003F5DC3 /* TALK.H in Copy Frameworks into .app bundle */,
				2F7BFF4D0E33877A003F5DC3 /* SPRBANKS.H in Copy Frameworks into .app bundle */,
				2F7BFF4E0E33877A003F5DC3 /* Sprites_AA.h in Copy Frameworks into .app bundle */,
				2F7BFF500E338789003F5DC3 /* TGA.h in Copy Frameworks into .app bundle */,
				2F7BFF550E3387B4003F5DC3 /* VARIABLE.H in Copy Frameworks into .app bundle */,
				2F7BFF560E3387B4003F5DC3 /* transition.h in Copy Frameworks into .app bundle */,
				2F7BFF570E3387B4003F5DC3 /* thumbnail.h in Copy Frameworks into .app bundle */,
				2F7BFF580E3387B4003F5DC3 /* timing.h in Copy Frameworks into .app bundle */,
				2F7BFF5A0E3387CE003F5DC3 /* version.h in Copy Frameworks into .app bundle */,
				2F7BFF600E33880C003F5DC3 /* WINSTUFF.H in Copy Frameworks into .app bundle */,
				2F7BFF610E33880C003F5DC3 /* zbuffer.h in Copy Frameworks into .app bundle */,
				2F6E5C320E49FE55007408A4 /* bass.h in Copy Frameworks into .app bundle */,
				2FB1C3C40FAB4C7900718E0C /* Graphics.h in Copy Frameworks into .app bundle */,
				2F6F29610FBEFE3C00BC6A67 /* OSXMain.h in Copy Frameworks into .app bundle */,
				2FA5507C0FF90CC4006A67ED /* Start.h in Copy Frameworks into .app bundle */,
				2FEFC49D10073ADA004C66F1 /* GLee.h in Copy Frameworks into .app bundle */,
				2F6274FC10EA337700BBDEDF /* shaders.h in Copy Frameworks into .app bundle */,
			);
			name = "Copy Frameworks into .app bundle";
			runOnlyForDeploymentPostprocessing = 0;
		};
		2F6F2A7C0FBF01C400BC6A67 /* Copy Libbass */ = {
			isa = PBXCopyFilesBuildPhase;
			buildActionMask = 2147483647;
			dstPath = "";
			dstSubfolderSpec = 6;
			files = (
				2F6F2A800FBF021000BC6A67 /* libbass.dylib in Copy Libbass */,
			);
			name = "Copy Libbass";
			runOnlyForDeploymentPostprocessing = 0;
		};
/* End PBXCopyFilesBuildPhase section */

/* Begin PBXFileReference section */
		002F39F909D0881F00EBEB88 /* SDL.framework */ = {isa = PBXFileReference; lastKnownFileType = wrapper.framework; name = SDL.framework; path = /Library/Frameworks/SDL.framework; sourceTree = "<absolute>"; };
		1058C7A1FEA54F0111CA2CBB /* Cocoa.framework */ = {isa = PBXFileReference; lastKnownFileType = wrapper.framework; name = Cocoa.framework; path = /System/Library/Frameworks/Cocoa.framework; sourceTree = "<absolute>"; };
		29B97324FDCFA39411CA2CEA /* AppKit.framework */ = {isa = PBXFileReference; lastKnownFileType = wrapper.framework; name = AppKit.framework; path = /System/Library/Frameworks/AppKit.framework; sourceTree = "<absolute>"; };
		29B97325FDCFA39411CA2CEA /* Foundation.framework */ = {isa = PBXFileReference; lastKnownFileType = wrapper.framework; name = Foundation.framework; path = /System/Library/Frameworks/Foundation.framework; sourceTree = "<absolute>"; };
		2F2538240FFEB72800A12579 /* sludge.bmp */ = {isa = PBXFileReference; lastKnownFileType = image.bmp; name = sludge.bmp; path = ../images/sludge.bmp; sourceTree = SOURCE_ROOT; };
		2F3AB887100CF97C00CD6A13 /* Credits.html */ = {isa = PBXFileReference; fileEncoding = 30; lastKnownFileType = text.html; name = Credits.html; path = ../doc/Credits.html; sourceTree = SOURCE_ROOT; };
		2F59E737102E230800008746 /* libpng.framework */ = {isa = PBXFileReference; lastKnownFileType = wrapper.framework; name = libpng.framework; path = "../../libpng-1.2.38/projects/xcode/build/Release/libpng.framework"; sourceTree = SOURCE_ROOT; };
		2F6274FA10EA337700BBDEDF /* shaders.h */ = {isa = PBXFileReference; fileEncoding = 4; lastKnownFileType = sourcecode.c.h; name = shaders.h; path = ../source/Engine/shaders.h; sourceTree = SOURCE_ROOT; };
		2F6274FB10EA337700BBDEDF /* shaders.cpp */ = {isa = PBXFileReference; fileEncoding = 4; lastKnownFileType = sourcecode.cpp.cpp; name = shaders.cpp; path = ../source/Engine/shaders.cpp; sourceTree = SOURCE_ROOT; };
		2F684E190FFEAF6700EED6FE /* gameicon.icns */ = {isa = PBXFileReference; lastKnownFileType = image.icns; name = gameicon.icns; path = ../images/gameicon.icns; sourceTree = SOURCE_ROOT; };
		2F6E5C2F0E49FE33007408A4 /* libbass.dylib */ = {isa = PBXFileReference; lastKnownFileType = "compiled.mach-o.dylib"; name = libbass.dylib; path = "../bass24-osx/libbass.dylib"; sourceTree = SOURCE_ROOT; };
		2F6E5C310E49FE55007408A4 /* bass.h */ = {isa = PBXFileReference; fileEncoding = 30; lastKnownFileType = sourcecode.c.h; name = bass.h; path = "../bass24-osx/bass.h"; sourceTree = SOURCE_ROOT; };
		2F6F29600FBEFE3C00BC6A67 /* OSXMain.h */ = {isa = PBXFileReference; fileEncoding = 30; lastKnownFileType = sourcecode.c.h; path = OSXMain.h; sourceTree = "<group>"; };
		2F6F29630FBEFE4800BC6A67 /* OSXMain.m */ = {isa = PBXFileReference; fileEncoding = 30; lastKnownFileType = sourcecode.c.objc; path = OSXMain.m; sourceTree = "<group>"; };
		2F6F29820FBEFEB000BC6A67 /* SDLMain.nib */ = {isa = PBXFileReference; lastKnownFileType = wrapper.nib; path = SDLMain.nib; sourceTree = "<group>"; };
		2F6F29930FBEFF3D00BC6A67 /* main.cpp */ = {isa = PBXFileReference; fileEncoding = 30; lastKnownFileType = sourcecode.cpp.cpp; name = main.cpp; path = ../source/Engine/main.cpp; sourceTree = SOURCE_ROOT; };
		2F7BFEB60E3384AE003F5DC3 /* BACKDROP.CPP */ = {isa = PBXFileReference; fileEncoding = 30; lastKnownFileType = sourcecode.cpp.cpp; name = BACKDROP.CPP; path = ../source/Engine/BACKDROP.CPP; sourceTree = SOURCE_ROOT; };
		2F7BFEB80E3384B8003F5DC3 /* bg_effects.cpp */ = {isa = PBXFileReference; fileEncoding = 30; lastKnownFileType = sourcecode.cpp.cpp; name = bg_effects.cpp; path = ../source/Engine/bg_effects.cpp; sourceTree = SOURCE_ROOT; };
		2F7BFEBA0E3384BE003F5DC3 /* builtin.cpp */ = {isa = PBXFileReference; fileEncoding = 30; lastKnownFileType = sourcecode.cpp.cpp; name = builtin.cpp; path = ../source/Engine/builtin.cpp; sourceTree = SOURCE_ROOT; };
		2F7BFEBC0E3384CB003F5DC3 /* CURSORS.CPP */ = {isa = PBXFileReference; fileEncoding = 30; lastKnownFileType = sourcecode.cpp.cpp; name = CURSORS.CPP; path = ../source/Engine/CURSORS.CPP; sourceTree = SOURCE_ROOT; };
		2F7BFEBE0E3384E0003F5DC3 /* debug.cpp */ = {isa = PBXFileReference; fileEncoding = 30; lastKnownFileType = sourcecode.cpp.cpp; name = debug.cpp; path = ../source/Engine/debug.cpp; sourceTree = SOURCE_ROOT; };
		2F7BFEC20E338504003F5DC3 /* FILESET.CPP */ = {isa = PBXFileReference; fileEncoding = 30; lastKnownFileType = sourcecode.cpp.cpp; name = FILESET.CPP; path = ../source/Engine/FILESET.CPP; sourceTree = SOURCE_ROOT; };
		2F7BFEC40E33850F003F5DC3 /* floor.cpp */ = {isa = PBXFileReference; fileEncoding = 30; lastKnownFileType = sourcecode.cpp.cpp; name = floor.cpp; path = ../source/Engine/floor.cpp; sourceTree = SOURCE_ROOT; };
		2F7BFEC60E338513003F5DC3 /* FONTTEXT.CPP */ = {isa = PBXFileReference; fileEncoding = 30; lastKnownFileType = sourcecode.cpp.cpp; name = FONTTEXT.CPP; path = ../source/Engine/FONTTEXT.CPP; sourceTree = SOURCE_ROOT; };
		2F7BFEC80E33851E003F5DC3 /* FREEZE.CPP */ = {isa = PBXFileReference; fileEncoding = 30; lastKnownFileType = sourcecode.cpp.cpp; name = FREEZE.CPP; path = ../source/Engine/FREEZE.CPP; sourceTree = SOURCE_ROOT; };
		2F7BFECA0E338529003F5DC3 /* Language.cpp */ = {isa = PBXFileReference; fileEncoding = 30; lastKnownFileType = sourcecode.cpp.cpp; name = Language.cpp; path = ../source/Engine/Language.cpp; sourceTree = SOURCE_ROOT; };
		2F7BFECC0E338535003F5DC3 /* line.cpp */ = {isa = PBXFileReference; fileEncoding = 30; lastKnownFileType = sourcecode.cpp.cpp; name = line.cpp; path = ../source/Engine/line.cpp; sourceTree = SOURCE_ROOT; };
		2F7BFECE0E33853B003F5DC3 /* LOADSAVE.CPP */ = {isa = PBXFileReference; fileEncoding = 30; lastKnownFileType = sourcecode.cpp.cpp; name = LOADSAVE.CPP; path = ../source/Engine/LOADSAVE.CPP; sourceTree = SOURCE_ROOT; };
		2F7BFED00E338542003F5DC3 /* memwatch.cpp */ = {isa = PBXFileReference; fileEncoding = 30; lastKnownFileType = sourcecode.cpp.cpp; name = memwatch.cpp; path = ../source/Engine/memwatch.cpp; sourceTree = SOURCE_ROOT; };
		2F7BFED20E338547003F5DC3 /* MOREIO.CPP */ = {isa = PBXFileReference; fileEncoding = 30; lastKnownFileType = sourcecode.cpp.cpp; name = MOREIO.CPP; path = ../source/Engine/MOREIO.CPP; sourceTree = SOURCE_ROOT; };
		2F7BFED40E338555003F5DC3 /* NEWFATAL.CPP */ = {isa = PBXFileReference; fileEncoding = 30; lastKnownFileType = sourcecode.cpp.cpp; name = NEWFATAL.CPP; path = ../source/Engine/NEWFATAL.CPP; sourceTree = SOURCE_ROOT; };
		2F7BFED60E33855C003F5DC3 /* OBJTYPES.CPP */ = {isa = PBXFileReference; fileEncoding = 30; lastKnownFileType = sourcecode.cpp.cpp; name = OBJTYPES.CPP; path = ../source/Engine/OBJTYPES.CPP; sourceTree = SOURCE_ROOT; };
		2F7BFED80E338563003F5DC3 /* people.cpp */ = {isa = PBXFileReference; fileEncoding = 30; lastKnownFileType = sourcecode.cpp.cpp; name = people.cpp; path = ../source/Engine/people.cpp; sourceTree = SOURCE_ROOT; };
		2F7BFEDA0E33856C003F5DC3 /* REGION.CPP */ = {isa = PBXFileReference; fileEncoding = 30; lastKnownFileType = sourcecode.cpp.cpp; name = REGION.CPP; path = ../source/Engine/REGION.CPP; sourceTree = SOURCE_ROOT; };
		2F7BFEE00E338583003F5DC3 /* savedata.cpp */ = {isa = PBXFileReference; fileEncoding = 30; lastKnownFileType = sourcecode.cpp.cpp; name = savedata.cpp; path = ../source/Engine/savedata.cpp; sourceTree = SOURCE_ROOT; };
		2F7BFEE20E33858E003F5DC3 /* SLUDGER.CPP */ = {isa = PBXFileReference; fileEncoding = 30; lastKnownFileType = sourcecode.cpp.cpp; name = SLUDGER.CPP; path = ../source/Engine/SLUDGER.CPP; sourceTree = SOURCE_ROOT; };
		2F7BFEE40E3385B3003F5DC3 /* sound_bass.cpp */ = {isa = PBXFileReference; fileEncoding = 30; lastKnownFileType = sourcecode.cpp.cpp; name = sound_bass.cpp; path = ../source/Engine/sound_bass.cpp; sourceTree = SOURCE_ROOT; };
		2F7BFEE60E3385F8003F5DC3 /* SPRBANKS.CPP */ = {isa = PBXFileReference; fileEncoding = 30; lastKnownFileType = sourcecode.cpp.cpp; name = SPRBANKS.CPP; path = ../source/Engine/SPRBANKS.CPP; sourceTree = SOURCE_ROOT; };
		2F7BFEE70E3385F8003F5DC3 /* SPRITES.CPP */ = {isa = PBXFileReference; fileEncoding = 30; lastKnownFileType = sourcecode.cpp.cpp; name = SPRITES.CPP; path = ../source/Engine/SPRITES.CPP; sourceTree = SOURCE_ROOT; };
		2F7BFEE80E3385F8003F5DC3 /* Sprites_AA.CPP */ = {isa = PBXFileReference; fileEncoding = 30; lastKnownFileType = sourcecode.cpp.cpp; name = Sprites_AA.CPP; path = ../source/Engine/Sprites_AA.CPP; sourceTree = SOURCE_ROOT; };
		2F7BFEEC0E338627003F5DC3 /* transition.cpp */ = {isa = PBXFileReference; fileEncoding = 30; lastKnownFileType = sourcecode.cpp.cpp; name = transition.cpp; path = ../source/Engine/transition.cpp; sourceTree = SOURCE_ROOT; };
		2F7BFEED0E338627003F5DC3 /* timing.cpp */ = {isa = PBXFileReference; fileEncoding = 30; lastKnownFileType = sourcecode.cpp.cpp; name = timing.cpp; path = ../source/Engine/timing.cpp; sourceTree = SOURCE_ROOT; };
		2F7BFEEE0E338627003F5DC3 /* STRINGY.CPP */ = {isa = PBXFileReference; fileEncoding = 30; lastKnownFileType = sourcecode.cpp.cpp; name = STRINGY.CPP; path = ../source/Engine/STRINGY.CPP; sourceTree = SOURCE_ROOT; };
		2F7BFEEF0E338627003F5DC3 /* TALK.CPP */ = {isa = PBXFileReference; fileEncoding = 30; lastKnownFileType = sourcecode.cpp.cpp; name = TALK.CPP; path = ../source/Engine/TALK.CPP; sourceTree = SOURCE_ROOT; };
		2F7BFEF00E338627003F5DC3 /* VARIABLE.CPP */ = {isa = PBXFileReference; fileEncoding = 30; lastKnownFileType = sourcecode.cpp.cpp; name = VARIABLE.CPP; path = ../source/Engine/VARIABLE.CPP; sourceTree = SOURCE_ROOT; };
		2F7BFEF10E338627003F5DC3 /* thumbnail.cpp */ = {isa = PBXFileReference; fileEncoding = 30; lastKnownFileType = sourcecode.cpp.cpp; name = thumbnail.cpp; path = ../source/Engine/thumbnail.cpp; sourceTree = SOURCE_ROOT; };
		2F7BFEF20E338627003F5DC3 /* STATUSBA.CPP */ = {isa = PBXFileReference; fileEncoding = 30; lastKnownFileType = sourcecode.cpp.cpp; name = STATUSBA.CPP; path = ../source/Engine/STATUSBA.CPP; sourceTree = SOURCE_ROOT; };
		2F7BFEFB0E338649003F5DC3 /* zbuffer.cpp */ = {isa = PBXFileReference; fileEncoding = 30; lastKnownFileType = sourcecode.cpp.cpp; name = zbuffer.cpp; path = ../source/Engine/zbuffer.cpp; sourceTree = SOURCE_ROOT; };
		2F7BFEFE0E338649003F5DC3 /* WINSTUFF.CPP */ = {isa = PBXFileReference; fileEncoding = 30; lastKnownFileType = sourcecode.cpp.cpp; name = WINSTUFF.CPP; path = ../source/Engine/WINSTUFF.CPP; sourceTree = SOURCE_ROOT; };
		2F7BFF040E33867F003F5DC3 /* TGA.cpp */ = {isa = PBXFileReference; fileEncoding = 30; lastKnownFileType = sourcecode.cpp.cpp; name = TGA.cpp; path = ../source/CommonCode/TGA.cpp; sourceTree = SOURCE_ROOT; };
		2F7BFF070E3386AD003F5DC3 /* bg_effects.h */ = {isa = PBXFileReference; fileEncoding = 30; lastKnownFileType = sourcecode.c.h; name = bg_effects.h; path = ../source/Engine/bg_effects.h; sourceTree = SOURCE_ROOT; };
		2F7BFF080E3386AD003F5DC3 /* BACKDROP.H */ = {isa = PBXFileReference; fileEncoding = 30; lastKnownFileType = sourcecode.cpp.h; name = BACKDROP.H; path = ../source/Engine/BACKDROP.H; sourceTree = SOURCE_ROOT; };
		2F7BFF090E3386AD003F5DC3 /* BUILTIN.H */ = {isa = PBXFileReference; fileEncoding = 30; lastKnownFileType = sourcecode.cpp.h; name = BUILTIN.H; path = ../source/Engine/BUILTIN.H; sourceTree = SOURCE_ROOT; };
		2F7BFF0A0E3386AD003F5DC3 /* COLOURS.H */ = {isa = PBXFileReference; fileEncoding = 30; lastKnownFileType = sourcecode.cpp.h; name = COLOURS.H; path = ../source/Engine/COLOURS.H; sourceTree = SOURCE_ROOT; };
		2F7BFF0B0E3386AD003F5DC3 /* ALLFILES.H */ = {isa = PBXFileReference; fileEncoding = 30; lastKnownFileType = sourcecode.cpp.h; name = ALLFILES.H; path = ../source/Engine/ALLFILES.H; sourceTree = SOURCE_ROOT; };
		2F7BFF0C0E3386AD003F5DC3 /* CURSORS.H */ = {isa = PBXFileReference; fileEncoding = 30; lastKnownFileType = sourcecode.cpp.h; name = CURSORS.H; path = ../source/Engine/CURSORS.H; sourceTree = SOURCE_ROOT; };
		2F7BFF0D0E3386AD003F5DC3 /* CSLUDGE.H */ = {isa = PBXFileReference; fileEncoding = 30; lastKnownFileType = sourcecode.cpp.h; name = CSLUDGE.H; path = ../source/Engine/CSLUDGE.H; sourceTree = SOURCE_ROOT; };
		2F7BFF160E3386C4003F5DC3 /* debug.h */ = {isa = PBXFileReference; fileEncoding = 30; lastKnownFileType = sourcecode.c.h; name = debug.h; path = ../source/Engine/debug.h; sourceTree = SOURCE_ROOT; };
		2F7BFF170E3386C4003F5DC3 /* floor.h */ = {isa = PBXFileReference; fileEncoding = 30; lastKnownFileType = sourcecode.c.h; name = floor.h; path = ../source/Engine/floor.h; sourceTree = SOURCE_ROOT; };
		2F7BFF180E3386C4003F5DC3 /* FILESET.H */ = {isa = PBXFileReference; fileEncoding = 30; lastKnownFileType = sourcecode.cpp.h; name = FILESET.H; path = ../source/Engine/FILESET.H; sourceTree = SOURCE_ROOT; };
		2F7BFF190E3386C4003F5DC3 /* errors.h */ = {isa = PBXFileReference; fileEncoding = 30; lastKnownFileType = sourcecode.c.h; name = errors.h; path = ../source/Engine/errors.h; sourceTree = SOURCE_ROOT; };
		2F7BFF1F0E3386E1003F5DC3 /* FREEZE.H */ = {isa = PBXFileReference; fileEncoding = 30; lastKnownFileType = sourcecode.cpp.h; name = FREEZE.H; path = ../source/Engine/FREEZE.H; sourceTree = SOURCE_ROOT; };
		2F7BFF200E3386E1003F5DC3 /* FONTTEXT.H */ = {isa = PBXFileReference; fileEncoding = 30; lastKnownFileType = sourcecode.cpp.h; name = FONTTEXT.H; path = ../source/Engine/FONTTEXT.H; sourceTree = SOURCE_ROOT; };
		2F7BFF230E3386FC003F5DC3 /* functionList.h */ = {isa = PBXFileReference; fileEncoding = 30; lastKnownFileType = sourcecode.c.h; name = functionList.h; path = ../source/CommonCode/functionList.h; sourceTree = SOURCE_ROOT; };
		2F7BFF250E338718003F5DC3 /* PEOPLE.H */ = {isa = PBXFileReference; fileEncoding = 30; lastKnownFileType = sourcecode.cpp.h; name = PEOPLE.H; path = ../source/Engine/PEOPLE.H; sourceTree = SOURCE_ROOT; };
		2F7BFF260E338718003F5DC3 /* OBJTYPES.H */ = {isa = PBXFileReference; fileEncoding = 30; lastKnownFileType = sourcecode.cpp.h; name = OBJTYPES.H; path = ../source/Engine/OBJTYPES.H; sourceTree = SOURCE_ROOT; };
		2F7BFF270E338718003F5DC3 /* MOREIO.H */ = {isa = PBXFileReference; fileEncoding = 30; lastKnownFileType = sourcecode.cpp.h; name = MOREIO.H; path = ../source/Engine/MOREIO.H; sourceTree = SOURCE_ROOT; };
		2F7BFF280E338718003F5DC3 /* line.h */ = {isa = PBXFileReference; fileEncoding = 30; lastKnownFileType = sourcecode.c.h; name = line.h; path = ../source/Engine/line.h; sourceTree = SOURCE_ROOT; };
		2F7BFF290E338718003F5DC3 /* LOADSAVE.H */ = {isa = PBXFileReference; fileEncoding = 30; lastKnownFileType = sourcecode.cpp.h; name = LOADSAVE.H; path = ../source/Engine/LOADSAVE.H; sourceTree = SOURCE_ROOT; };
		2F7BFF2A0E338718003F5DC3 /* Language.h */ = {isa = PBXFileReference; fileEncoding = 30; lastKnownFileType = sourcecode.c.h; name = Language.h; path = ../source/Engine/Language.h; sourceTree = SOURCE_ROOT; };
		2F7BFF2B0E338718003F5DC3 /* memwatch.h */ = {isa = PBXFileReference; fileEncoding = 30; lastKnownFileType = sourcecode.c.h; name = memwatch.h; path = ../source/Engine/memwatch.h; sourceTree = SOURCE_ROOT; };
		2F7BFF2C0E338718003F5DC3 /* NEWFATAL.H */ = {isa = PBXFileReference; fileEncoding = 30; lastKnownFileType = sourcecode.cpp.h; name = NEWFATAL.H; path = ../source/Engine/NEWFATAL.H; sourceTree = SOURCE_ROOT; };
		2F7BFF350E338736003F5DC3 /* REGION.H */ = {isa = PBXFileReference; fileEncoding = 30; lastKnownFileType = sourcecode.cpp.h; name = REGION.H; path = ../source/Engine/REGION.H; sourceTree = SOURCE_ROOT; };
		2F7BFF380E338736003F5DC3 /* SLUDGER.H */ = {isa = PBXFileReference; fileEncoding = 30; lastKnownFileType = sourcecode.cpp.h; name = SLUDGER.H; path = ../source/Engine/SLUDGER.H; sourceTree = SOURCE_ROOT; };
		2F7BFF390E338736003F5DC3 /* sound.h */ = {isa = PBXFileReference; fileEncoding = 30; lastKnownFileType = sourcecode.c.h; name = sound.h; path = ../source/Engine/sound.h; sourceTree = SOURCE_ROOT; };
		2F7BFF3A0E338736003F5DC3 /* savedata.h */ = {isa = PBXFileReference; fileEncoding = 30; lastKnownFileType = sourcecode.c.h; name = savedata.h; path = ../source/Engine/savedata.h; sourceTree = SOURCE_ROOT; };
		2F7BFF410E338751003F5DC3 /* specialSettings.h */ = {isa = PBXFileReference; fileEncoding = 30; lastKnownFileType = sourcecode.c.h; name = specialSettings.h; path = ../source/CommonCode/specialSettings.h; sourceTree = SOURCE_ROOT; };
		2F7BFF430E33877A003F5DC3 /* sprites.h */ = {isa = PBXFileReference; fileEncoding = 30; lastKnownFileType = sourcecode.c.h; name = sprites.h; path = ../source/Engine/sprites.h; sourceTree = SOURCE_ROOT; };
		2F7BFF440E33877A003F5DC3 /* STATUSBA.H */ = {isa = PBXFileReference; fileEncoding = 30; lastKnownFileType = sourcecode.cpp.h; name = STATUSBA.H; path = ../source/Engine/STATUSBA.H; sourceTree = SOURCE_ROOT; };
		2F7BFF450E33877A003F5DC3 /* STRINGY.H */ = {isa = PBXFileReference; fileEncoding = 30; lastKnownFileType = sourcecode.cpp.h; name = STRINGY.H; path = ../source/Engine/STRINGY.H; sourceTree = SOURCE_ROOT; };
		2F7BFF460E33877A003F5DC3 /* TALK.H */ = {isa = PBXFileReference; fileEncoding = 30; lastKnownFileType = sourcecode.cpp.h; name = TALK.H; path = ../source/Engine/TALK.H; sourceTree = SOURCE_ROOT; };
		2F7BFF470E33877A003F5DC3 /* SPRBANKS.H */ = {isa = PBXFileReference; fileEncoding = 30; lastKnownFileType = sourcecode.cpp.h; name = SPRBANKS.H; path = ../source/Engine/SPRBANKS.H; sourceTree = SOURCE_ROOT; };
		2F7BFF480E33877A003F5DC3 /* Sprites_AA.h */ = {isa = PBXFileReference; fileEncoding = 30; lastKnownFileType = sourcecode.c.h; name = Sprites_AA.h; path = ../source/Engine/Sprites_AA.h; sourceTree = SOURCE_ROOT; };
		2F7BFF4F0E338789003F5DC3 /* TGA.h */ = {isa = PBXFileReference; fileEncoding = 30; lastKnownFileType = sourcecode.c.h; name = TGA.h; path = ../source/CommonCode/TGA.h; sourceTree = SOURCE_ROOT; };
		2F7BFF510E3387B4003F5DC3 /* VARIABLE.H */ = {isa = PBXFileReference; fileEncoding = 30; lastKnownFileType = sourcecode.cpp.h; name = VARIABLE.H; path = ../source/Engine/VARIABLE.H; sourceTree = SOURCE_ROOT; };
		2F7BFF520E3387B4003F5DC3 /* transition.h */ = {isa = PBXFileReference; fileEncoding = 30; lastKnownFileType = sourcecode.c.h; name = transition.h; path = ../source/Engine/transition.h; sourceTree = SOURCE_ROOT; };
		2F7BFF530E3387B4003F5DC3 /* thumbnail.h */ = {isa = PBXFileReference; fileEncoding = 30; lastKnownFileType = sourcecode.c.h; name = thumbnail.h; path = ../source/Engine/thumbnail.h; sourceTree = SOURCE_ROOT; };
		2F7BFF540E3387B4003F5DC3 /* timing.h */ = {isa = PBXFileReference; fileEncoding = 30; lastKnownFileType = sourcecode.c.h; name = timing.h; path = ../source/Engine/timing.h; sourceTree = SOURCE_ROOT; };
		2F7BFF590E3387CE003F5DC3 /* version.h */ = {isa = PBXFileReference; fileEncoding = 30; lastKnownFileType = sourcecode.c.h; name = version.h; path = ../source/CommonCode/version.h; sourceTree = SOURCE_ROOT; };
		2F7BFF5C0E33880C003F5DC3 /* WINSTUFF.H */ = {isa = PBXFileReference; fileEncoding = 30; lastKnownFileType = sourcecode.cpp.h; name = WINSTUFF.H; path = ../source/Engine/WINSTUFF.H; sourceTree = SOURCE_ROOT; };
		2F7BFF5D0E33880C003F5DC3 /* zbuffer.h */ = {isa = PBXFileReference; fileEncoding = 30; lastKnownFileType = sourcecode.c.h; name = zbuffer.h; path = ../source/Engine/zbuffer.h; sourceTree = SOURCE_ROOT; };
		2F83725A0E5042FA00CC8352 /* OpenGL.framework */ = {isa = PBXFileReference; lastKnownFileType = wrapper.framework; name = OpenGL.framework; path = /System/Library/Frameworks/OpenGL.framework; sourceTree = "<absolute>"; };
		2F9B3FBB0F557405003B4998 /* Sludge.icns */ = {isa = PBXFileReference; lastKnownFileType = image.icns; name = Sludge.icns; path = ../images/Sludge.icns; sourceTree = SOURCE_ROOT; };
		2FA5507A0FF90CC4006A67ED /* Start.h */ = {isa = PBXFileReference; fileEncoding = 4; lastKnownFileType = sourcecode.c.h; path = Start.h; sourceTree = "<group>"; };
		2FA5507B0FF90CC4006A67ED /* Start.m */ = {isa = PBXFileReference; fileEncoding = 4; lastKnownFileType = sourcecode.c.objc; path = Start.m; sourceTree = "<group>"; };
		2FA550860FF90E90006A67ED /* Startup.nib */ = {isa = PBXFileReference; lastKnownFileType = wrapper.nib; path = Startup.nib; sourceTree = "<group>"; };
		2FB1C3BC0FAB4B5700718E0C /* Graphics.cpp */ = {isa = PBXFileReference; fileEncoding = 4; lastKnownFileType = sourcecode.cpp.cpp; name = Graphics.cpp; path = ../source/Engine/Graphics.cpp; sourceTree = SOURCE_ROOT; };
		2FB1C3C30FAB4C7900718E0C /* Graphics.h */ = {isa = PBXFileReference; fileEncoding = 4; lastKnownFileType = sourcecode.c.h; name = Graphics.h; path = ../source/Engine/Graphics.h; sourceTree = SOURCE_ROOT; };
		2FEFC49A10073ADA004C66F1 /* GLee.c */ = {isa = PBXFileReference; fileEncoding = 30; lastKnownFileType = sourcecode.c.c; name = GLee.c; path = ../GLee/GLee.c; sourceTree = SOURCE_ROOT; };
		2FEFC49B10073ADA004C66F1 /* GLee.h */ = {isa = PBXFileReference; fileEncoding = 30; lastKnownFileType = sourcecode.c.h; name = GLee.h; path = ../GLee/GLee.h; sourceTree = SOURCE_ROOT; };
		8D1107320486CEB800E47090 /* SLUDGE.app */ = {isa = PBXFileReference; explicitFileType = wrapper.application; includeInIndex = 0; path = SLUDGE.app; sourceTree = BUILT_PRODUCTS_DIR; };
/* End PBXFileReference section */

/* Begin PBXFrameworksBuildPhase section */
		8D11072E0486CEB800E47090 /* Frameworks */ = {
			isa = PBXFrameworksBuildPhase;
			buildActionMask = 2147483647;
			files = (
				2F59E738102E230800008746 /* libpng.framework in Frameworks */,
				002F39FA09D0881F00EBEB88 /* SDL.framework in Frameworks */,
				8D11072F0486CEB800E47090 /* Cocoa.framework in Frameworks */,
				2F6E5C300E49FE33007408A4 /* libbass.dylib in Frameworks */,
				2F83725B0E5042FA00CC8352 /* OpenGL.framework in Frameworks */,
			);
			runOnlyForDeploymentPostprocessing = 0;
		};
/* End PBXFrameworksBuildPhase section */

/* Begin PBXGroup section */
		080E96DDFE201D6D7F000001 /* OSX Stuff */ = {
			isa = PBXGroup;
			children = (
				2FA5507A0FF90CC4006A67ED /* Start.h */,
				2FA5507B0FF90CC4006A67ED /* Start.m */,
				2F6F29600FBEFE3C00BC6A67 /* OSXMain.h */,
				2F6F29630FBEFE4800BC6A67 /* OSXMain.m */,
			);
			name = "OSX Stuff";
			sourceTree = "<group>";
		};
		1058C7A0FEA54F0111CA2CBB /* Linked Frameworks */ = {
			isa = PBXGroup;
			children = (
				2F83725A0E5042FA00CC8352 /* OpenGL.framework */,
				002F39F909D0881F00EBEB88 /* SDL.framework */,
				1058C7A1FEA54F0111CA2CBB /* Cocoa.framework */,
			);
			name = "Linked Frameworks";
			sourceTree = "<group>";
		};
		1058C7A2FEA54F0111CA2CBB /* Other Frameworks */ = {
			isa = PBXGroup;
			children = (
				29B97324FDCFA39411CA2CEA /* AppKit.framework */,
				29B97325FDCFA39411CA2CEA /* Foundation.framework */,
			);
			name = "Other Frameworks";
			sourceTree = "<group>";
		};
		19C28FACFE9D520D11CA2CBB /* Products */ = {
			isa = PBXGroup;
			children = (
				8D1107320486CEB800E47090 /* SLUDGE.app */,
			);
			name = Products;
			sourceTree = "<group>";
		};
		29B97314FDCFA39411CA2CEA /* SdlSludge */ = {
			isa = PBXGroup;
			children = (
				29B97315FDCFA39411CA2CEA /* Common Code */,
				2F7BFEB50E33848B003F5DC3 /* Source Files */,
				080E96DDFE201D6D7F000001 /* OSX Stuff */,
				29B97317FDCFA39411CA2CEA /* Resources */,
				29B97323FDCFA39411CA2CEA /* Frameworks */,
				19C28FACFE9D520D11CA2CBB /* Products */,
			);
			name = SdlSludge;
			sourceTree = "<group>";
		};
		29B97315FDCFA39411CA2CEA /* Common Code */ = {
			isa = PBXGroup;
			children = (
				2FEFC49A10073ADA004C66F1 /* GLee.c */,
				2FEFC49B10073ADA004C66F1 /* GLee.h */,
				2F7BFF040E33867F003F5DC3 /* TGA.cpp */,
				2F7BFF4F0E338789003F5DC3 /* TGA.h */,
				2F7BFF230E3386FC003F5DC3 /* functionList.h */,
				2F7BFF410E338751003F5DC3 /* specialSettings.h */,
				2F7BFF590E3387CE003F5DC3 /* version.h */,
			);
			name = "Common Code";
			sourceTree = "<group>";
		};
		29B97317FDCFA39411CA2CEA /* Resources */ = {
			isa = PBXGroup;
			children = (
				2F3AB887100CF97C00CD6A13 /* Credits.html */,
				2F684E190FFEAF6700EED6FE /* gameicon.icns */,
				2FA550860FF90E90006A67ED /* Startup.nib */,
				2F9B3FBB0F557405003B4998 /* Sludge.icns */,
				2F6F29820FBEFEB000BC6A67 /* SDLMain.nib */,
				2F2538240FFEB72800A12579 /* sludge.bmp */,
			);
			name = Resources;
			sourceTree = "<group>";
		};
		29B97323FDCFA39411CA2CEA /* Frameworks */ = {
			isa = PBXGroup;
			children = (
				2F59E737102E230800008746 /* libpng.framework */,
				2F6E5C2F0E49FE33007408A4 /* libbass.dylib */,
				1058C7A0FEA54F0111CA2CBB /* Linked Frameworks */,
				1058C7A2FEA54F0111CA2CBB /* Other Frameworks */,
			);
			name = Frameworks;
			sourceTree = "<group>";
		};
		2F7BFEB50E33848B003F5DC3 /* Source Files */ = {
			isa = PBXGroup;
			children = (
				2F7BFF0B0E3386AD003F5DC3 /* ALLFILES.H */,
				2F7BFF080E3386AD003F5DC3 /* BACKDROP.H */,
				2F6E5C310E49FE55007408A4 /* bass.h */,
				2F7BFF070E3386AD003F5DC3 /* bg_effects.h */,
				2F7BFF090E3386AD003F5DC3 /* BUILTIN.H */,
				2F7BFF0A0E3386AD003F5DC3 /* COLOURS.H */,
				2F7BFF0D0E3386AD003F5DC3 /* CSLUDGE.H */,
				2F7BFF0C0E3386AD003F5DC3 /* CURSORS.H */,
				2F7BFF160E3386C4003F5DC3 /* debug.h */,
				2F7BFF190E3386C4003F5DC3 /* errors.h */,
				2F7BFF180E3386C4003F5DC3 /* FILESET.H */,
				2F7BFF170E3386C4003F5DC3 /* floor.h */,
				2F7BFF200E3386E1003F5DC3 /* FONTTEXT.H */,
				2F7BFF1F0E3386E1003F5DC3 /* FREEZE.H */,
				2FB1C3C30FAB4C7900718E0C /* Graphics.h */,
				2F7BFF2A0E338718003F5DC3 /* Language.h */,
				2F7BFF280E338718003F5DC3 /* line.h */,
				2F7BFF290E338718003F5DC3 /* LOADSAVE.H */,
				2F7BFF2B0E338718003F5DC3 /* memwatch.h */,
				2F7BFF270E338718003F5DC3 /* MOREIO.H */,
				2F7BFF2C0E338718003F5DC3 /* NEWFATAL.H */,
				2F7BFF260E338718003F5DC3 /* OBJTYPES.H */,
				2F7BFF250E338718003F5DC3 /* PEOPLE.H */,
				2F7BFF350E338736003F5DC3 /* REGION.H */,
				2F7BFF3A0E338736003F5DC3 /* savedata.h */,
				2F6274FA10EA337700BBDEDF /* shaders.h */,
				2F7BFF380E338736003F5DC3 /* SLUDGER.H */,
				2F7BFF390E338736003F5DC3 /* sound.h */,
				2F7BFF470E33877A003F5DC3 /* SPRBANKS.H */,
				2F7BFF430E33877A003F5DC3 /* sprites.h */,
				2F7BFF480E33877A003F5DC3 /* Sprites_AA.h */,
				2F7BFF440E33877A003F5DC3 /* STATUSBA.H */,
				2F7BFF450E33877A003F5DC3 /* STRINGY.H */,
				2F7BFF460E33877A003F5DC3 /* TALK.H */,
				2F7BFF530E3387B4003F5DC3 /* thumbnail.h */,
				2F7BFF540E3387B4003F5DC3 /* timing.h */,
				2F7BFF520E3387B4003F5DC3 /* transition.h */,
				2F7BFF510E3387B4003F5DC3 /* VARIABLE.H */,
				2F7BFF5C0E33880C003F5DC3 /* WINSTUFF.H */,
				2F7BFF5D0E33880C003F5DC3 /* zbuffer.h */,
				2F7BFEB60E3384AE003F5DC3 /* BACKDROP.CPP */,
				2F7BFEB80E3384B8003F5DC3 /* bg_effects.cpp */,
				2F7BFEBA0E3384BE003F5DC3 /* builtin.cpp */,
				2F7BFEBC0E3384CB003F5DC3 /* CURSORS.CPP */,
				2F7BFEBE0E3384E0003F5DC3 /* debug.cpp */,
				2F7BFEC20E338504003F5DC3 /* FILESET.CPP */,
				2F7BFEC40E33850F003F5DC3 /* floor.cpp */,
				2F7BFEC60E338513003F5DC3 /* FONTTEXT.CPP */,
				2F7BFEC80E33851E003F5DC3 /* FREEZE.CPP */,
				2FB1C3BC0FAB4B5700718E0C /* Graphics.cpp */,
				2F7BFECA0E338529003F5DC3 /* Language.cpp */,
				2F7BFECC0E338535003F5DC3 /* line.cpp */,
				2F7BFECE0E33853B003F5DC3 /* LOADSAVE.CPP */,
				2F6F29930FBEFF3D00BC6A67 /* main.cpp */,
				2F7BFED00E338542003F5DC3 /* memwatch.cpp */,
				2F7BFED20E338547003F5DC3 /* MOREIO.CPP */,
				2F7BFED40E338555003F5DC3 /* NEWFATAL.CPP */,
				2F7BFED60E33855C003F5DC3 /* OBJTYPES.CPP */,
				2F7BFED80E338563003F5DC3 /* people.cpp */,
				2F7BFEDA0E33856C003F5DC3 /* REGION.CPP */,
				2F7BFEE00E338583003F5DC3 /* savedata.cpp */,
				2F6274FB10EA337700BBDEDF /* shaders.cpp */,
				2F7BFEE20E33858E003F5DC3 /* SLUDGER.CPP */,
				2F7BFEE40E3385B3003F5DC3 /* sound_bass.cpp */,
				2F7BFEE60E3385F8003F5DC3 /* SPRBANKS.CPP */,
				2F7BFEE70E3385F8003F5DC3 /* SPRITES.CPP */,
				2F7BFEE80E3385F8003F5DC3 /* Sprites_AA.CPP */,
				2F7BFEF20E338627003F5DC3 /* STATUSBA.CPP */,
				2F7BFEEE0E338627003F5DC3 /* STRINGY.CPP */,
				2F7BFEEC0E338627003F5DC3 /* transition.cpp */,
				2F7BFEED0E338627003F5DC3 /* timing.cpp */,
				2F7BFEF10E338627003F5DC3 /* thumbnail.cpp */,
				2F7BFEEF0E338627003F5DC3 /* TALK.CPP */,
				2F7BFEF00E338627003F5DC3 /* VARIABLE.CPP */,
				2F7BFEFB0E338649003F5DC3 /* zbuffer.cpp */,
				2F7BFEFE0E338649003F5DC3 /* WINSTUFF.CPP */,
			);
			name = "Source Files";
			sourceTree = "<group>";
		};
/* End PBXGroup section */

/* Begin PBXNativeTarget section */
		8D1107260486CEB800E47090 /* OpenSLUDGE */ = {
			isa = PBXNativeTarget;
			buildConfigurationList = C01FCF4A08A954540054247B /* Build configuration list for PBXNativeTarget "OpenSLUDGE" */;
			buildPhases = (
				8D1107290486CEB800E47090 /* Resources */,
				8D11072C0486CEB800E47090 /* Sources */,
				8D11072E0486CEB800E47090 /* Frameworks */,
				002F39FD09D0883400EBEB88 /* Copy Frameworks into .app bundle */,
				2F6F2A7C0FBF01C400BC6A67 /* Copy Libbass */,
			);
			buildRules = (
			);
			dependencies = (
			);
			name = OpenSLUDGE;
			productInstallPath = "$(HOME)/Applications";
			productName = SdlSludge;
			productReference = 8D1107320486CEB800E47090 /* SLUDGE.app */;
			productType = "com.apple.product-type.application";
		};
/* End PBXNativeTarget section */

/* Begin PBXProject section */
		29B97313FDCFA39411CA2CEA /* Project object */ = {
			isa = PBXProject;
			buildConfigurationList = C01FCF4E08A954540054247B /* Build configuration list for PBXProject "Sludge Engine" */;
			hasScannedForEncodings = 1;
			mainGroup = 29B97314FDCFA39411CA2CEA /* SdlSludge */;
			projectDirPath = "";
			targets = (
				8D1107260486CEB800E47090 /* OpenSLUDGE */,
			);
		};
/* End PBXProject section */

/* Begin PBXResourcesBuildPhase section */
		8D1107290486CEB800E47090 /* Resources */ = {
			isa = PBXResourcesBuildPhase;
			buildActionMask = 2147483647;
			files = (
				2F9B3FBC0F557405003B4998 /* Sludge.icns in Resources */,
				2F695B78100D0BD1008A8DC1 /* SDLMain.nib in Resources */,
				2FA550870FF90E90006A67ED /* Startup.nib in Resources */,
				2F684E1A0FFEAF6700EED6FE /* gameicon.icns in Resources */,
				2F2538250FFEB72800A12579 /* sludge.bmp in Resources */,
				2F3AB888100CF97C00CD6A13 /* Credits.html in Resources */,
			);
			runOnlyForDeploymentPostprocessing = 0;
		};
/* End PBXResourcesBuildPhase section */

/* Begin PBXSourcesBuildPhase section */
		8D11072C0486CEB800E47090 /* Sources */ = {
			isa = PBXSourcesBuildPhase;
			buildActionMask = 2147483647;
			files = (
				2F7BFEB70E3384AE003F5DC3 /* BACKDROP.CPP in Sources */,
				2F7BFEB90E3384B8003F5DC3 /* bg_effects.cpp in Sources */,
				2F7BFEBB0E3384BE003F5DC3 /* builtin.cpp in Sources */,
				2F7BFEBD0E3384CB003F5DC3 /* CURSORS.CPP in Sources */,
				2F7BFEBF0E3384E0003F5DC3 /* debug.cpp in Sources */,
				2F7BFEC30E338504003F5DC3 /* FILESET.CPP in Sources */,
				2F7BFEC50E33850F003F5DC3 /* floor.cpp in Sources */,
				2F7BFEC70E338513003F5DC3 /* FONTTEXT.CPP in Sources */,
				2F7BFEC90E33851E003F5DC3 /* FREEZE.CPP in Sources */,
				2F7BFECB0E338529003F5DC3 /* Language.cpp in Sources */,
				2F7BFECD0E338535003F5DC3 /* line.cpp in Sources */,
				2F7BFECF0E33853B003F5DC3 /* LOADSAVE.CPP in Sources */,
				2F7BFED10E338542003F5DC3 /* memwatch.cpp in Sources */,
				2F7BFED30E338547003F5DC3 /* MOREIO.CPP in Sources */,
				2F7BFED50E338555003F5DC3 /* NEWFATAL.CPP in Sources */,
				2F7BFED70E33855C003F5DC3 /* OBJTYPES.CPP in Sources */,
				2F7BFED90E338563003F5DC3 /* people.cpp in Sources */,
				2F7BFEDB0E33856C003F5DC3 /* REGION.CPP in Sources */,
				2F7BFEE10E338583003F5DC3 /* savedata.cpp in Sources */,
				2F7BFEE30E33858E003F5DC3 /* SLUDGER.CPP in Sources */,
				2F7BFEE50E3385B3003F5DC3 /* sound_bass.cpp in Sources */,
				2F7BFEE90E3385F8003F5DC3 /* SPRBANKS.CPP in Sources */,
				2F7BFEEA0E3385F8003F5DC3 /* SPRITES.CPP in Sources */,
				2F7BFEEB0E3385F8003F5DC3 /* Sprites_AA.CPP in Sources */,
				2F7BFEF30E338627003F5DC3 /* transition.cpp in Sources */,
				2F7BFEF40E338627003F5DC3 /* timing.cpp in Sources */,
				2F7BFEF50E338627003F5DC3 /* STRINGY.CPP in Sources */,
				2F7BFEF60E338627003F5DC3 /* TALK.CPP in Sources */,
				2F7BFEF70E338627003F5DC3 /* VARIABLE.CPP in Sources */,
				2F7BFEF80E338627003F5DC3 /* thumbnail.cpp in Sources */,
				2F7BFEF90E338627003F5DC3 /* STATUSBA.CPP in Sources */,
				2F7BFF000E338649003F5DC3 /* zbuffer.cpp in Sources */,
				2F7BFF030E338649003F5DC3 /* WINSTUFF.CPP in Sources */,
				2F7BFF050E33867F003F5DC3 /* TGA.cpp in Sources */,
				2FB1C3BD0FAB4B5700718E0C /* Graphics.cpp in Sources */,
				2F6F29640FBEFE4800BC6A67 /* OSXMain.m in Sources */,
				2F6F29940FBEFF3D00BC6A67 /* main.cpp in Sources */,
				2FA5507D0FF90CC4006A67ED /* Start.m in Sources */,
				2FEFC49C10073ADA004C66F1 /* GLee.c in Sources */,
				2F6274FD10EA337700BBDEDF /* shaders.cpp in Sources */,
			);
			runOnlyForDeploymentPostprocessing = 0;
		};
/* End PBXSourcesBuildPhase section */

/* Begin XCBuildConfiguration section */
		C01FCF4B08A954540054247B /* Debug */ = {
			isa = XCBuildConfiguration;
			buildSettings = {
				COPY_PHASE_STRIP = NO;
				FRAMEWORK_SEARCH_PATHS = (
					"$(inherited)",
					"$(FRAMEWORK_SEARCH_PATHS_QUOTED_FOR_TARGET_1)",
				);
				FRAMEWORK_SEARCH_PATHS_QUOTED_FOR_TARGET_1 = "\"$(SRCROOT)/../../libpng-1.2.38/projects/xcode/build/Release\"";
				GCC_DYNAMIC_NO_PIC = NO;
				GCC_ENABLE_FIX_AND_CONTINUE = YES;
				GCC_MODEL_TUNING = G5;
				GCC_OPTIMIZATION_LEVEL = 0;
				INFOPLIST_FILE = Info.plist;
				INSTALL_PATH = "$(HOME)/Applications";
				LIBRARY_SEARCH_PATHS = (
					"$(inherited)",
					"$(LIBRARY_SEARCH_PATHS_QUOTED_1)",
				);
				LIBRARY_SEARCH_PATHS_QUOTED_1 = "\"$(SRCROOT)/../bass24-osx\"";
				PRODUCT_NAME = SLUDGE;
				WRAPPER_EXTENSION = app;
				ZERO_LINK = YES;
			};
			name = Debug;
		};
		C01FCF4C08A954540054247B /* Release */ = {
			isa = XCBuildConfiguration;
			buildSettings = {
				ARCHS = (
					ppc,
					i386,
				);
				FRAMEWORK_SEARCH_PATHS = (
					"$(inherited)",
					"$(FRAMEWORK_SEARCH_PATHS_QUOTED_FOR_TARGET_1)",
				);
				FRAMEWORK_SEARCH_PATHS_QUOTED_FOR_TARGET_1 = "\"$(SRCROOT)/../../libpng-1.2.38/projects/xcode/build/Release\"";
				GCC_GENERATE_DEBUGGING_SYMBOLS = NO;
				GCC_MODEL_TUNING = G5;
				INFOPLIST_FILE = Info.plist;
				INSTALL_PATH = "$(HOME)/Applications";
				LIBRARY_SEARCH_PATHS = (
					"$(inherited)",
					"$(LIBRARY_SEARCH_PATHS_QUOTED_1)",
				);
				LIBRARY_SEARCH_PATHS_QUOTED_1 = "\"$(SRCROOT)/../bass24-osx\"";
				PRODUCT_NAME = SLUDGE;
				WRAPPER_EXTENSION = app;
			};
			name = Release;
		};
		C01FCF4F08A954540054247B /* Debug */ = {
			isa = XCBuildConfiguration;
			buildSettings = {
				FRAMEWORK_SEARCH_PATHS = (
					"$(HOME)/Library/Frameworks",
					/Library/Frameworks,
					"$(FRAMEWORK_SEARCH_PATHS)",
				);
				GCC_INPUT_FILETYPE = sourcecode.cpp.objcpp;
				GCC_WARN_ABOUT_RETURN_TYPE = YES;
				GCC_WARN_UNUSED_VARIABLE = YES;
				HEADER_SEARCH_PATHS = (
					"/Users/rikard/Documents/libpng-1.2.38/projects/xcode/build/Release/libpng.framework/Headers",
					"$(HOME)/Library/Frameworks/SDL.framework/Headers",
					/Library/Frameworks/SDL.framework/Headers,
					"$(HEADER_SEARCH_PATHS)",
					../source/CommonCode,
				);
				LIBRARY_SEARCH_PATHS = "$(inherited)";
				OTHER_LDFLAGS = /Developer/SDKs/MacOSX10.4u.sdk/usr/lib/libiconv.dylib;
				PREBINDING = NO;
				PRODUCT_NAME = OpenSLUDGE;
				SDKROOT = /Developer/SDKs/MacOSX10.4u.sdk;
				USER_HEADER_SEARCH_PATHS = "/Users/rikard/Documents/SLUDGE/bass24-osx $(inherited)";
			};
			name = Debug;
		};
		C01FCF5008A954540054247B /* Release */ = {
			isa = XCBuildConfiguration;
			buildSettings = {
				FRAMEWORK_SEARCH_PATHS = (
					"$(HOME)/Library/Frameworks",
					/Library/Frameworks,
					"$(FRAMEWORK_SEARCH_PATHS)",
				);
				GCC_INPUT_FILETYPE = sourcecode.cpp.objcpp;
				GCC_WARN_ABOUT_RETURN_TYPE = YES;
				GCC_WARN_UNUSED_VARIABLE = YES;
				HEADER_SEARCH_PATHS = (
					"/Users/rikard/Documents/libpng-1.2.38/projects/xcode/build/Release/libpng.framework/Headers",
					"$(HOME)/Library/Frameworks/SDL.framework/Headers",
					/Library/Frameworks/SDL.framework/Headers,
					"$(HEADER_SEARCH_PATHS)",
					../source/CommonCode,
				);
				LIBRARY_SEARCH_PATHS = "$(inherited)";
				OTHER_LDFLAGS = /Developer/SDKs/MacOSX10.4u.sdk/usr/lib/libiconv.dylib;
				PREBINDING = NO;
				PRODUCT_NAME = OpenSLUDGE;
				SDKROOT = /Developer/SDKs/MacOSX10.4u.sdk;
				USER_HEADER_SEARCH_PATHS = "/Users/rikard/Documents/SLUDGE/bass24-osx $(inherited)";
			};
			name = Release;
		};
/* End XCBuildConfiguration section */

/* Begin XCConfigurationList section */
		C01FCF4A08A954540054247B /* Build configuration list for PBXNativeTarget "OpenSLUDGE" */ = {
			isa = XCConfigurationList;
			buildConfigurations = (
				C01FCF4B08A954540054247B /* Debug */,
				C01FCF4C08A954540054247B /* Release */,
			);
			defaultConfigurationIsVisible = 0;
			defaultConfigurationName = Release;
		};
		C01FCF4E08A954540054247B /* Build configuration list for PBXProject "Sludge Engine" */ = {
			isa = XCConfigurationList;
			buildConfigurations = (
				C01FCF4F08A954540054247B /* Debug */,
				C01FCF5008A954540054247B /* Release */,
			);
			defaultConfigurationIsVisible = 0;
			defaultConfigurationName = Release;
		};
/* End XCConfigurationList section */
	};
	rootObject = 29B97313FDCFA39411CA2CEA /* Project object */;
}
