// !$*UTF8*$!
{
	archiveVersion = 1;
	classes = {
	};
	objectVersion = 42;
	objects = {

/* Begin PBXBuildFile section */
		002F39FA09D0881F00EBEB88 /* SDL.framework in Frameworks */ = {isa = PBXBuildFile; fileRef = 002F39F909D0881F00EBEB88 /* SDL.framework */; };
		002F3A0009D0884600EBEB88 /* SDL.framework in Copy Frameworks into .app bundle */ = {isa = PBXBuildFile; fileRef = 002F39F909D0881F00EBEB88 /* SDL.framework */; };
		002F3A2E09D0888800EBEB88 /* SDLMain.m in Sources */ = {isa = PBXBuildFile; fileRef = 002F3A2C09D0888800EBEB88 /* SDLMain.m */; };
		002F3A3F09D088BA00EBEB88 /* main.c in Sources */ = {isa = PBXBuildFile; fileRef = 002F3A3E09D088BA00EBEB88 /* main.c */; };
		2F18B65F100CB9C20009A1CB /* GLee.c in Sources */ = {isa = PBXBuildFile; fileRef = 2F18B65D100CB9C20009A1CB /* GLee.c */; };
		2F18B660100CB9C30009A1CB /* GLee.h in Copy Frameworks into .app bundle */ = {isa = PBXBuildFile; fileRef = 2F18B65E100CB9C20009A1CB /* GLee.h */; };
		2F18B665100CBA620009A1CB /* SPLITTER.CPP in Sources */ = {isa = PBXBuildFile; fileRef = 2F7EA4700FFCEBE6005E5C36 /* SPLITTER.CPP */; };
		2F18B6A0100CBDC60009A1CB /* WINCOMP.H in Copy Frameworks into .app bundle */ = {isa = PBXBuildFile; fileRef = 2F7EA48D0FFCEBE6005E5C36 /* WINCOMP.H */; };
		2F18B6AD100CBE5A0009A1CB /* SPLITTER.H in Copy Frameworks into .app bundle */ = {isa = PBXBuildFile; fileRef = 2F7EA4890FFCEBE6005E5C36 /* SPLITTER.H */; };
		2F18B7B3100CC25F0009A1CB /* wintext.h in Copy Frameworks into .app bundle */ = {isa = PBXBuildFile; fileRef = 2F7EA4910FFCEBE6005E5C36 /* wintext.h */; };
		2F1B9A32100CF12700BD9739 /* BACKDROP.H in Copy Frameworks into .app bundle */ = {isa = PBXBuildFile; fileRef = 2F7EA4940FFCEBE6005E5C36 /* BACKDROP.H */; };
		2F1B9A63100CF81C00BD9739 /* Credits.html in Resources */ = {isa = PBXBuildFile; fileRef = 2F1B9A62100CF81C00BD9739 /* Credits.html */; };
		2F3AB9CE100D0B7100CD6A13 /* Info.plist in Resources */ = {isa = PBXBuildFile; fileRef = 8D1107310486CEB800E47090 /* Info.plist */; };
		2F59AFFF100CD9E1004A21BC /* Carbon.framework in Frameworks */ = {isa = PBXBuildFile; fileRef = 2F59AFFE100CD9E1004A21BC /* Carbon.framework */; };
		2F695C72100D138D008A8DC1 /* icon.icns in Resources */ = {isa = PBXBuildFile; fileRef = 2F695C70100D138D008A8DC1 /* icon.icns */; };
		2F695C73100D138D008A8DC1 /* ProjIcon.icns in Resources */ = {isa = PBXBuildFile; fileRef = 2F695C71100D138D008A8DC1 /* ProjIcon.icns */; };
		2F7EA3E50FFCEBCF005E5C36 /* functionList.h in Copy Frameworks into .app bundle */ = {isa = PBXBuildFile; fileRef = 2F7EA3DD0FFCEBCF005E5C36 /* functionList.h */; };
		2F7EA3E90FFCEBCF005E5C36 /* specialSettings.h in Copy Frameworks into .app bundle */ = {isa = PBXBuildFile; fileRef = 2F7EA3E10FFCEBCF005E5C36 /* specialSettings.h */; };
		2F7EA3EA0FFCEBCF005E5C36 /* TGA.cpp in Sources */ = {isa = PBXBuildFile; fileRef = 2F7EA3E20FFCEBCF005E5C36 /* TGA.cpp */; };
		2F7EA3EB0FFCEBCF005E5C36 /* TGA.h in Copy Frameworks into .app bundle */ = {isa = PBXBuildFile; fileRef = 2F7EA3E30FFCEBCF005E5C36 /* TGA.h */; };
		2F7EA3EC0FFCEBCF005E5C36 /* version.h in Copy Frameworks into .app bundle */ = {isa = PBXBuildFile; fileRef = 2F7EA3E40FFCEBCF005E5C36 /* version.h */; };
		2F7EA4A40FFCEBE6005E5C36 /* ALLKNOWN.CPP in Sources */ = {isa = PBXBuildFile; fileRef = 2F7EA3EE0FFCEBE6005E5C36 /* ALLKNOWN.CPP */; };
		2F7EA4A50FFCEBE6005E5C36 /* ALLKNOWN.H in Copy Frameworks into .app bundle */ = {isa = PBXBuildFile; fileRef = 2F7EA3EF0FFCEBE6005E5C36 /* ALLKNOWN.H */; };
		2F7EA4A60FFCEBE6005E5C36 /* BACKDROP.CPP in Sources */ = {isa = PBXBuildFile; fileRef = 2F7EA3F00FFCEBE6005E5C36 /* BACKDROP.CPP */; };
		2F7EA4A80FFCEBE6005E5C36 /* checkUsed.cpp in Sources */ = {isa = PBXBuildFile; fileRef = 2F7EA3F20FFCEBE6005E5C36 /* checkUsed.cpp */; };
		2F7EA4A90FFCEBE6005E5C36 /* checkUsed.h in Copy Frameworks into .app bundle */ = {isa = PBXBuildFile; fileRef = 2F7EA3F30FFCEBE6005E5C36 /* checkUsed.h */; };
		2F7EA4AA0FFCEBE6005E5C36 /* CSLUDGE.H in Copy Frameworks into .app bundle */ = {isa = PBXBuildFile; fileRef = 2F7EA3F40FFCEBE6005E5C36 /* CSLUDGE.H */; };
		2F7EA4AB0FFCEBE6005E5C36 /* dumpfiles.cpp in Sources */ = {isa = PBXBuildFile; fileRef = 2F7EA3F50FFCEBE6005E5C36 /* dumpfiles.cpp */; };
		2F7EA4AC0FFCEBE6005E5C36 /* dumpfiles.h in Copy Frameworks into .app bundle */ = {isa = PBXBuildFile; fileRef = 2F7EA3F60FFCEBE6005E5C36 /* dumpfiles.h */; };
		2F7EA4AD0FFCEBE6005E5C36 /* floor.cpp in Sources */ = {isa = PBXBuildFile; fileRef = 2F7EA3F70FFCEBE6005E5C36 /* floor.cpp */; };
		2F7EA4AE0FFCEBE6005E5C36 /* floor.h in Copy Frameworks into .app bundle */ = {isa = PBXBuildFile; fileRef = 2F7EA3F80FFCEBE6005E5C36 /* floor.h */; };
		2F7EA4AF0FFCEBE6005E5C36 /* FUNCTION.CPP in Sources */ = {isa = PBXBuildFile; fileRef = 2F7EA3F90FFCEBE6005E5C36 /* FUNCTION.CPP */; };
		2F7EA4B00FFCEBE6005E5C36 /* FUNCTION.H in Copy Frameworks into .app bundle */ = {isa = PBXBuildFile; fileRef = 2F7EA3FA0FFCEBE6005E5C36 /* FUNCTION.H */; };
		2F7EA4B10FFCEBE6005E5C36 /* LINKER.CPP in Sources */ = {isa = PBXBuildFile; fileRef = 2F7EA3FB0FFCEBE6005E5C36 /* LINKER.CPP */; };
		2F7EA4B20FFCEBE6005E5C36 /* LINKER.H in Copy Frameworks into .app bundle */ = {isa = PBXBuildFile; fileRef = 2F7EA3FC0FFCEBE6005E5C36 /* LINKER.H */; };
		2F7EA4B30FFCEBE6005E5C36 /* WIN_MESSBOX.CPP in Sources */ = {isa = PBXBuildFile; fileRef = 2F7EA3FD0FFCEBE6005E5C36 /* WIN_MESSBOX.CPP */; };
		2F7EA4B50FFCEBE6005E5C36 /* MOREIO.cpp in Sources */ = {isa = PBXBuildFile; fileRef = 2F7EA3FF0FFCEBE6005E5C36 /* MOREIO.cpp */; };
		2F7EA4B70FFCEBE6005E5C36 /* OBJTYPE.CPP in Sources */ = {isa = PBXBuildFile; fileRef = 2F7EA4010FFCEBE6005E5C36 /* OBJTYPE.CPP */; };
		2F7EA4B80FFCEBE6005E5C36 /* OBJTYPE.H in Copy Frameworks into .app bundle */ = {isa = PBXBuildFile; fileRef = 2F7EA4020FFCEBE6005E5C36 /* OBJTYPE.H */; };
		2F7EA4BA0FFCEBE6005E5C36 /* PercBar.cpp in Sources */ = {isa = PBXBuildFile; fileRef = 2F7EA4040FFCEBE6005E5C36 /* PercBar.cpp */; };
		2F7EA4BB0FFCEBE6005E5C36 /* PercBar.h in Copy Frameworks into .app bundle */ = {isa = PBXBuildFile; fileRef = 2F7EA4050FFCEBE6005E5C36 /* PercBar.h */; };
		2F7EA4BC0FFCEBE6005E5C36 /* PREPROC.CPP in Sources */ = {isa = PBXBuildFile; fileRef = 2F7EA4060FFCEBE6005E5C36 /* PREPROC.CPP */; };
		2F7EA4BD0FFCEBE6005E5C36 /* PREPROC.H in Copy Frameworks into .app bundle */ = {isa = PBXBuildFile; fileRef = 2F7EA4070FFCEBE6005E5C36 /* PREPROC.H */; };
		2F7EA4BE0FFCEBE6005E5C36 /* REALPROC.CPP in Sources */ = {isa = PBXBuildFile; fileRef = 2F7EA4080FFCEBE6005E5C36 /* REALPROC.CPP */; };
		2F7EA4BF0FFCEBE6005E5C36 /* REALPROC.H in Copy Frameworks into .app bundle */ = {isa = PBXBuildFile; fileRef = 2F7EA4090FFCEBE6005E5C36 /* REALPROC.H */; };
		2F7EA4C00FFCEBE6005E5C36 /* registry.cpp in Sources */ = {isa = PBXBuildFile; fileRef = 2F7EA40A0FFCEBE6005E5C36 /* registry.cpp */; };
		2F7EA4C30FFCEBE6005E5C36 /* Sludge_c.bmp in Resources */ = {isa = PBXBuildFile; fileRef = 2F7EA40E0FFCEBE6005E5C36 /* Sludge_c.bmp */; };
		2F7EA4C50FFCEBE6005E5C36 /* SETTINGS.CPP in Sources */ = {isa = PBXBuildFile; fileRef = 2F7EA4100FFCEBE6005E5C36 /* SETTINGS.CPP */; };
		2F7EA4C60FFCEBE6005E5C36 /* SETTINGS.H in Copy Frameworks into .app bundle */ = {isa = PBXBuildFile; fileRef = 2F7EA4110FFCEBE6005E5C36 /* SETTINGS.H */; };
		2F7EA4C90FFCEBE6005E5C36 /* TOKENS.CPP in Sources */ = {isa = PBXBuildFile; fileRef = 2F7EA4140FFCEBE6005E5C36 /* TOKENS.CPP */; };
		2F7EA4CA0FFCEBE6005E5C36 /* TOKENS.H in Copy Frameworks into .app bundle */ = {isa = PBXBuildFile; fileRef = 2F7EA4150FFCEBE6005E5C36 /* TOKENS.H */; };
		2F7EA4CB0FFCEBE6005E5C36 /* translation.cpp in Sources */ = {isa = PBXBuildFile; fileRef = 2F7EA4160FFCEBE6005E5C36 /* translation.cpp */; };
		2F7EA4CC0FFCEBE6005E5C36 /* translation.h in Copy Frameworks into .app bundle */ = {isa = PBXBuildFile; fileRef = 2F7EA4170FFCEBE6005E5C36 /* translation.h */; };
		2F7EA4CD0FFCEBE6005E5C36 /* TYPEDEF.H in Copy Frameworks into .app bundle */ = {isa = PBXBuildFile; fileRef = 2F7EA4180FFCEBE6005E5C36 /* TYPEDEF.H */; };
		2F7EA4CE0FFCEBE6005E5C36 /* WINBOX.CPP in Sources */ = {isa = PBXBuildFile; fileRef = 2F7EA4190FFCEBE6005E5C36 /* WINBOX.CPP */; };
		2F7EA4D00FFCEBE6005E5C36 /* WINCOMP.CPP in Sources */ = {isa = PBXBuildFile; fileRef = 2F7EA41B0FFCEBE6005E5C36 /* WINCOMP.CPP */; };
		2F7EA4D50FFCEBE6005E5C36 /* wintext.cpp in Sources */ = {isa = PBXBuildFile; fileRef = 2F7EA4200FFCEBE6005E5C36 /* wintext.cpp */; };
		2F7EA4EC0FFCEBE6005E5C36 /* WIN dialogueBoxInOut.cpp in Sources */ = {isa = PBXBuildFile; fileRef = 2F7EA4390FFCEBE6005E5C36 /* WIN dialogueBoxInOut.cpp */; };
		2F7EA4ED0FFCEBE6005E5C36 /* dialogueBoxInOut.h in Copy Frameworks into .app bundle */ = {isa = PBXBuildFile; fileRef = 2F7EA43A0FFCEBE6005E5C36 /* dialogueBoxInOut.h */; };
		2F7EA4EE0FFCEBE6005E5C36 /* WIN launch.cpp in Sources */ = {isa = PBXBuildFile; fileRef = 2F7EA43B0FFCEBE6005E5C36 /* WIN launch.cpp */; };
		2F7EA4EF0FFCEBE6005E5C36 /* launch.h in Copy Frameworks into .app bundle */ = {isa = PBXBuildFile; fileRef = 2F7EA43C0FFCEBE6005E5C36 /* launch.h */; };
		2F7EA4F00FFCEBE6005E5C36 /* WIN MESSBOX.CPP in Sources */ = {isa = PBXBuildFile; fileRef = 2F7EA43D0FFCEBE6005E5C36 /* WIN MESSBOX.CPP */; };
		2F7EA4F10FFCEBE6005E5C36 /* MESSBOX.H in Copy Frameworks into .app bundle */ = {isa = PBXBuildFile; fileRef = 2F7EA43E0FFCEBE6005E5C36 /* MESSBOX.H */; };
		2F7EA4F60FFCEBE6005E5C36 /* WIN registry.cpp in Sources */ = {isa = PBXBuildFile; fileRef = 2F7EA4430FFCEBE6005E5C36 /* WIN registry.cpp */; };
		2F7EA4F70FFCEBE6005E5C36 /* registry.h in Copy Frameworks into .app bundle */ = {isa = PBXBuildFile; fileRef = 2F7EA4440FFCEBE6005E5C36 /* registry.h */; };
		2F7EA4F80FFCEBE6005E5C36 /* flags.bmp in Resources */ = {isa = PBXBuildFile; fileRef = 2F7EA4470FFCEBE6005E5C36 /* flags.bmp */; };
		2F7EA4FA0FFCEBE6005E5C36 /* projIcon2.bmp in Resources */ = {isa = PBXBuildFile; fileRef = 2F7EA4490FFCEBE6005E5C36 /* projIcon2.bmp */; };
		2F7EA4FB0FFCEBE6005E5C36 /* scriptIcon.bmp in Resources */ = {isa = PBXBuildFile; fileRef = 2F7EA44A0FFCEBE6005E5C36 /* scriptIcon.bmp */; };
		2F7EA4FC0FFCEBE6005E5C36 /* scriptIcon2.bmp in Resources */ = {isa = PBXBuildFile; fileRef = 2F7EA44B0FFCEBE6005E5C36 /* scriptIcon2.bmp */; };
		2F7EA4FD0FFCEBE6005E5C36 /* sIcon.bmp in Resources */ = {isa = PBXBuildFile; fileRef = 2F7EA44C0FFCEBE6005E5C36 /* sIcon.bmp */; };
		2F7EA5050FFCEBE6005E5C36 /* sludgeLogo.bmp in Resources */ = {isa = PBXBuildFile; fileRef = 2F7EA4540FFCEBE6005E5C36 /* sludgeLogo.bmp */; };
		2F7EA5060FFCEBE6005E5C36 /* savedata.h in Copy Frameworks into .app bundle */ = {isa = PBXBuildFile; fileRef = 2F7EA4550FFCEBE6005E5C36 /* savedata.h */; };
		2F7EA5070FFCEBE6005E5C36 /* settings.cpp in Sources */ = {isa = PBXBuildFile; fileRef = 2F7EA4560FFCEBE6005E5C36 /* settings.cpp */; };
		2F7EA5080FFCEBE6005E5C36 /* settings.h in Copy Frameworks into .app bundle */ = {isa = PBXBuildFile; fileRef = 2F7EA4570FFCEBE6005E5C36 /* settings.h */; };
		2F7EA50C0FFCEBE6005E5C36 /* WINBOX.CPP in Sources */ = {isa = PBXBuildFile; fileRef = 2F7EA45B0FFCEBE6005E5C36 /* WINBOX.CPP */; };
		2F7EA50D0FFCEBE6005E5C36 /* WINBOX.H in Copy Frameworks into .app bundle */ = {isa = PBXBuildFile; fileRef = 2F7EA45C0FFCEBE6005E5C36 /* WINBOX.H */; };
		2F7EA50E0FFCEBE6005E5C36 /* WINCOMP.CPP in Sources */ = {isa = PBXBuildFile; fileRef = 2F7EA45D0FFCEBE6005E5C36 /* WINCOMP.CPP */; };
		2F7EA5110FFCEBE6005E5C36 /* WINTERFA.H in Copy Frameworks into .app bundle */ = {isa = PBXBuildFile; fileRef = 2F7EA4600FFCEBE6005E5C36 /* WINTERFA.H */; };
		2F7EA5120FFCEBE6005E5C36 /* wintext.cpp in Sources */ = {isa = PBXBuildFile; fileRef = 2F7EA4610FFCEBE6005E5C36 /* wintext.cpp */; };
		2F9DDF75100CC7DA0067DE50 /* Sludge Dev Kit Help in Resources */ = {isa = PBXBuildFile; fileRef = 2F18B6D5100CC0B40009A1CB /* Sludge Dev Kit Help */; };
		2F9DE047100CC7ED0067DE50 /* DevKit Main.nib in Resources */ = {isa = PBXBuildFile; fileRef = 002F3AF009D08F1000EBEB88 /* DevKit Main.nib */; };
		2F9DE048100CC7FA0067DE50 /* InfoPlist.strings in Resources */ = {isa = PBXBuildFile; fileRef = 089C165DFE840E0CC02AAC07 /* InfoPlist.strings */; };
		2FE2CEC40FFD683B000CC795 /* OpenGL.framework in Frameworks */ = {isa = PBXBuildFile; fileRef = 2FE2CEC30FFD683B000CC795 /* OpenGL.framework */; };
		8D11072F0486CEB800E47090 /* Cocoa.framework in Frameworks */ = {isa = PBXBuildFile; fileRef = 1058C7A1FEA54F0111CA2CBB /* Cocoa.framework */; };
/* End PBXBuildFile section */

/* Begin PBXCopyFilesBuildPhase section */
		002F39FD09D0883400EBEB88 /* Copy Frameworks into .app bundle */ = {
			isa = PBXCopyFilesBuildPhase;
			buildActionMask = 2147483647;
			dstPath = "";
			dstSubfolderSpec = 10;
			files = (
				002F3A0009D0884600EBEB88 /* SDL.framework in Copy Frameworks into .app bundle */,
				2F7EA3E50FFCEBCF005E5C36 /* functionList.h in Copy Frameworks into .app bundle */,
				2F7EA3E90FFCEBCF005E5C36 /* specialSettings.h in Copy Frameworks into .app bundle */,
				2F7EA3EB0FFCEBCF005E5C36 /* TGA.h in Copy Frameworks into .app bundle */,
				2F7EA3EC0FFCEBCF005E5C36 /* version.h in Copy Frameworks into .app bundle */,
				2F7EA4A50FFCEBE6005E5C36 /* ALLKNOWN.H in Copy Frameworks into .app bundle */,
				2F7EA4A90FFCEBE6005E5C36 /* checkUsed.h in Copy Frameworks into .app bundle */,
				2F7EA4AA0FFCEBE6005E5C36 /* CSLUDGE.H in Copy Frameworks into .app bundle */,
				2F7EA4AC0FFCEBE6005E5C36 /* dumpfiles.h in Copy Frameworks into .app bundle */,
				2F7EA4AE0FFCEBE6005E5C36 /* floor.h in Copy Frameworks into .app bundle */,
				2F7EA4B00FFCEBE6005E5C36 /* FUNCTION.H in Copy Frameworks into .app bundle */,
				2F7EA4B20FFCEBE6005E5C36 /* LINKER.H in Copy Frameworks into .app bundle */,
				2F7EA4B80FFCEBE6005E5C36 /* OBJTYPE.H in Copy Frameworks into .app bundle */,
				2F7EA4BB0FFCEBE6005E5C36 /* PercBar.h in Copy Frameworks into .app bundle */,
				2F7EA4BD0FFCEBE6005E5C36 /* PREPROC.H in Copy Frameworks into .app bundle */,
				2F7EA4BF0FFCEBE6005E5C36 /* REALPROC.H in Copy Frameworks into .app bundle */,
				2F7EA4C60FFCEBE6005E5C36 /* SETTINGS.H in Copy Frameworks into .app bundle */,
				2F7EA4CA0FFCEBE6005E5C36 /* TOKENS.H in Copy Frameworks into .app bundle */,
				2F7EA4CC0FFCEBE6005E5C36 /* translation.h in Copy Frameworks into .app bundle */,
				2F7EA4CD0FFCEBE6005E5C36 /* TYPEDEF.H in Copy Frameworks into .app bundle */,
				2F7EA4ED0FFCEBE6005E5C36 /* dialogueBoxInOut.h in Copy Frameworks into .app bundle */,
				2F7EA4EF0FFCEBE6005E5C36 /* launch.h in Copy Frameworks into .app bundle */,
				2F7EA4F10FFCEBE6005E5C36 /* MESSBOX.H in Copy Frameworks into .app bundle */,
				2F7EA4F70FFCEBE6005E5C36 /* registry.h in Copy Frameworks into .app bundle */,
				2F7EA5060FFCEBE6005E5C36 /* savedata.h in Copy Frameworks into .app bundle */,
				2F7EA5080FFCEBE6005E5C36 /* settings.h in Copy Frameworks into .app bundle */,
				2F7EA50D0FFCEBE6005E5C36 /* WINBOX.H in Copy Frameworks into .app bundle */,
				2F7EA5110FFCEBE6005E5C36 /* WINTERFA.H in Copy Frameworks into .app bundle */,
				2F18B660100CB9C30009A1CB /* GLee.h in Copy Frameworks into .app bundle */,
				2F18B6A0100CBDC60009A1CB /* WINCOMP.H in Copy Frameworks into .app bundle */,
				2F18B6AD100CBE5A0009A1CB /* SPLITTER.H in Copy Frameworks into .app bundle */,
				2F18B7B3100CC25F0009A1CB /* wintext.h in Copy Frameworks into .app bundle */,
				2F1B9A32100CF12700BD9739 /* BACKDROP.H in Copy Frameworks into .app bundle */,
			);
			name = "Copy Frameworks into .app bundle";
			runOnlyForDeploymentPostprocessing = 0;
		};
/* End PBXCopyFilesBuildPhase section */

/* Begin PBXFileReference section */
		002F39F909D0881F00EBEB88 /* SDL.framework */ = {isa = PBXFileReference; lastKnownFileType = wrapper.framework; name = SDL.framework; path = /Library/Frameworks/SDL.framework; sourceTree = "<absolute>"; };
		002F3A2B09D0888800EBEB88 /* SDLMain.h */ = {isa = PBXFileReference; fileEncoding = 30; lastKnownFileType = sourcecode.c.h; path = SDLMain.h; sourceTree = SOURCE_ROOT; };
		002F3A2C09D0888800EBEB88 /* SDLMain.m */ = {isa = PBXFileReference; fileEncoding = 30; lastKnownFileType = sourcecode.c.objc; path = SDLMain.m; sourceTree = SOURCE_ROOT; };
		002F3A3E09D088BA00EBEB88 /* main.c */ = {isa = PBXFileReference; fileEncoding = 30; lastKnownFileType = sourcecode.c.c; path = main.c; sourceTree = SOURCE_ROOT; };
		002F3AF009D08F1000EBEB88 /* DevKit Main.nib */ = {isa = PBXFileReference; lastKnownFileType = wrapper.nib; path = "DevKit Main.nib"; sourceTree = "<group>"; };
		089C165DFE840E0CC02AAC07 /* InfoPlist.strings */ = {isa = PBXFileReference; fileEncoding = 10; lastKnownFileType = text.plist.strings; path = InfoPlist.strings; sourceTree = "<group>"; };
		1058C7A1FEA54F0111CA2CBB /* Cocoa.framework */ = {isa = PBXFileReference; lastKnownFileType = wrapper.framework; name = Cocoa.framework; path = /System/Library/Frameworks/Cocoa.framework; sourceTree = "<absolute>"; };
		29B97324FDCFA39411CA2CEA /* AppKit.framework */ = {isa = PBXFileReference; lastKnownFileType = wrapper.framework; name = AppKit.framework; path = /System/Library/Frameworks/AppKit.framework; sourceTree = "<absolute>"; };
		29B97325FDCFA39411CA2CEA /* Foundation.framework */ = {isa = PBXFileReference; lastKnownFileType = wrapper.framework; name = Foundation.framework; path = /System/Library/Frameworks/Foundation.framework; sourceTree = "<absolute>"; };
		2F18B65D100CB9C20009A1CB /* GLee.c */ = {isa = PBXFileReference; fileEncoding = 30; lastKnownFileType = sourcecode.c.c; name = GLee.c; path = ../GLee/GLee.c; sourceTree = SOURCE_ROOT; };
		2F18B65E100CB9C20009A1CB /* GLee.h */ = {isa = PBXFileReference; fileEncoding = 30; lastKnownFileType = sourcecode.c.h; name = GLee.h; path = ../GLee/GLee.h; sourceTree = SOURCE_ROOT; };
		2F18B6D5100CC0B40009A1CB /* Sludge Dev Kit Help */ = {isa = PBXFileReference; lastKnownFileType = folder; name = "Sludge Dev Kit Help"; path = "../doc/Sludge Dev Kit Help"; sourceTree = SOURCE_ROOT; };
		2F1B9A62100CF81C00BD9739 /* Credits.html */ = {isa = PBXFileReference; fileEncoding = 30; lastKnownFileType = text.html; name = Credits.html; path = ../doc/Credits.html; sourceTree = SOURCE_ROOT; };
		2F59AFFE100CD9E1004A21BC /* Carbon.framework */ = {isa = PBXFileReference; lastKnownFileType = wrapper.framework; name = Carbon.framework; path = SDKs/MacOSX10.4u.sdk/System/Library/Frameworks/Carbon.framework; sourceTree = SYSTEM_DEVELOPER_DIR; };
		2F695C70100D138D008A8DC1 /* icon.icns */ = {isa = PBXFileReference; lastKnownFileType = image.icns; name = icon.icns; path = ../source/ProjectManager/resources/icon.icns; sourceTree = SOURCE_ROOT; };
		2F695C71100D138D008A8DC1 /* ProjIcon.icns */ = {isa = PBXFileReference; lastKnownFileType = image.icns; name = ProjIcon.icns; path = ../source/ProjectManager/resources/ProjIcon.icns; sourceTree = SOURCE_ROOT; };
		2F7EA3DD0FFCEBCF005E5C36 /* functionList.h */ = {isa = PBXFileReference; fileEncoding = 30; lastKnownFileType = sourcecode.c.h; path = functionList.h; sourceTree = "<group>"; };
		2F7EA3E10FFCEBCF005E5C36 /* specialSettings.h */ = {isa = PBXFileReference; fileEncoding = 30; lastKnownFileType = sourcecode.c.h; path = specialSettings.h; sourceTree = "<group>"; };
		2F7EA3E20FFCEBCF005E5C36 /* TGA.cpp */ = {isa = PBXFileReference; fileEncoding = 30; lastKnownFileType = sourcecode.cpp.cpp; path = TGA.cpp; sourceTree = "<group>"; };
		2F7EA3E30FFCEBCF005E5C36 /* TGA.h */ = {isa = PBXFileReference; fileEncoding = 30; lastKnownFileType = sourcecode.c.h; path = TGA.h; sourceTree = "<group>"; };
		2F7EA3E40FFCEBCF005E5C36 /* version.h */ = {isa = PBXFileReference; fileEncoding = 30; lastKnownFileType = sourcecode.c.h; path = version.h; sourceTree = "<group>"; };
		2F7EA3EE0FFCEBE6005E5C36 /* ALLKNOWN.CPP */ = {isa = PBXFileReference; fileEncoding = 30; lastKnownFileType = sourcecode.cpp.cpp; path = ALLKNOWN.CPP; sourceTree = "<group>"; };
		2F7EA3EF0FFCEBE6005E5C36 /* ALLKNOWN.H */ = {isa = PBXFileReference; fileEncoding = 30; lastKnownFileType = sourcecode.cpp.h; path = ALLKNOWN.H; sourceTree = "<group>"; };
		2F7EA3F00FFCEBE6005E5C36 /* BACKDROP.CPP */ = {isa = PBXFileReference; fileEncoding = 30; lastKnownFileType = sourcecode.cpp.cpp; path = BACKDROP.CPP; sourceTree = "<group>"; };
		2F7EA3F20FFCEBE6005E5C36 /* checkUsed.cpp */ = {isa = PBXFileReference; fileEncoding = 30; lastKnownFileType = sourcecode.cpp.cpp; path = checkUsed.cpp; sourceTree = "<group>"; };
		2F7EA3F30FFCEBE6005E5C36 /* checkUsed.h */ = {isa = PBXFileReference; fileEncoding = 30; lastKnownFileType = sourcecode.c.h; path = checkUsed.h; sourceTree = "<group>"; };
		2F7EA3F40FFCEBE6005E5C36 /* CSLUDGE.H */ = {isa = PBXFileReference; fileEncoding = 30; lastKnownFileType = sourcecode.cpp.h; path = CSLUDGE.H; sourceTree = "<group>"; };
		2F7EA3F50FFCEBE6005E5C36 /* dumpfiles.cpp */ = {isa = PBXFileReference; fileEncoding = 30; lastKnownFileType = sourcecode.cpp.cpp; path = dumpfiles.cpp; sourceTree = "<group>"; };
		2F7EA3F60FFCEBE6005E5C36 /* dumpfiles.h */ = {isa = PBXFileReference; fileEncoding = 30; lastKnownFileType = sourcecode.c.h; path = dumpfiles.h; sourceTree = "<group>"; };
		2F7EA3F70FFCEBE6005E5C36 /* floor.cpp */ = {isa = PBXFileReference; fileEncoding = 30; lastKnownFileType = sourcecode.cpp.cpp; path = floor.cpp; sourceTree = "<group>"; };
		2F7EA3F80FFCEBE6005E5C36 /* floor.h */ = {isa = PBXFileReference; fileEncoding = 30; lastKnownFileType = sourcecode.c.h; path = floor.h; sourceTree = "<group>"; };
		2F7EA3F90FFCEBE6005E5C36 /* FUNCTION.CPP */ = {isa = PBXFileReference; fileEncoding = 30; lastKnownFileType = sourcecode.cpp.cpp; path = FUNCTION.CPP; sourceTree = "<group>"; };
		2F7EA3FA0FFCEBE6005E5C36 /* FUNCTION.H */ = {isa = PBXFileReference; fileEncoding = 30; lastKnownFileType = sourcecode.cpp.h; path = FUNCTION.H; sourceTree = "<group>"; };
		2F7EA3FB0FFCEBE6005E5C36 /* LINKER.CPP */ = {isa = PBXFileReference; fileEncoding = 30; lastKnownFileType = sourcecode.cpp.cpp; path = LINKER.CPP; sourceTree = "<group>"; };
		2F7EA3FC0FFCEBE6005E5C36 /* LINKER.H */ = {isa = PBXFileReference; fileEncoding = 30; lastKnownFileType = sourcecode.cpp.h; path = LINKER.H; sourceTree = "<group>"; };
		2F7EA3FD0FFCEBE6005E5C36 /* WIN_MESSBOX.CPP */ = {isa = PBXFileReference; fileEncoding = 30; lastKnownFileType = sourcecode.cpp.cpp; path = WIN_MESSBOX.CPP; sourceTree = "<group>"; };
		2F7EA3FF0FFCEBE6005E5C36 /* MOREIO.cpp */ = {isa = PBXFileReference; fileEncoding = 30; lastKnownFileType = sourcecode.cpp.cpp; path = MOREIO.cpp; sourceTree = "<group>"; };
		2F7EA4010FFCEBE6005E5C36 /* OBJTYPE.CPP */ = {isa = PBXFileReference; fileEncoding = 30; lastKnownFileType = sourcecode.cpp.cpp; path = OBJTYPE.CPP; sourceTree = "<group>"; };
		2F7EA4020FFCEBE6005E5C36 /* OBJTYPE.H */ = {isa = PBXFileReference; fileEncoding = 30; lastKnownFileType = sourcecode.cpp.h; path = OBJTYPE.H; sourceTree = "<group>"; };
		2F7EA4040FFCEBE6005E5C36 /* PercBar.cpp */ = {isa = PBXFileReference; fileEncoding = 30; lastKnownFileType = sourcecode.cpp.cpp; path = PercBar.cpp; sourceTree = "<group>"; };
		2F7EA4050FFCEBE6005E5C36 /* PercBar.h */ = {isa = PBXFileReference; fileEncoding = 30; lastKnownFileType = sourcecode.c.h; path = PercBar.h; sourceTree = "<group>"; };
		2F7EA4060FFCEBE6005E5C36 /* PREPROC.CPP */ = {isa = PBXFileReference; fileEncoding = 30; lastKnownFileType = sourcecode.cpp.cpp; path = PREPROC.CPP; sourceTree = "<group>"; };
		2F7EA4070FFCEBE6005E5C36 /* PREPROC.H */ = {isa = PBXFileReference; fileEncoding = 30; lastKnownFileType = sourcecode.cpp.h; path = PREPROC.H; sourceTree = "<group>"; };
		2F7EA4080FFCEBE6005E5C36 /* REALPROC.CPP */ = {isa = PBXFileReference; fileEncoding = 30; lastKnownFileType = sourcecode.cpp.cpp; path = REALPROC.CPP; sourceTree = "<group>"; };
		2F7EA4090FFCEBE6005E5C36 /* REALPROC.H */ = {isa = PBXFileReference; fileEncoding = 30; lastKnownFileType = sourcecode.cpp.h; path = REALPROC.H; sourceTree = "<group>"; };
		2F7EA40A0FFCEBE6005E5C36 /* registry.cpp */ = {isa = PBXFileReference; fileEncoding = 30; lastKnownFileType = sourcecode.cpp.cpp; path = registry.cpp; sourceTree = "<group>"; };
		2F7EA40E0FFCEBE6005E5C36 /* Sludge_c.bmp */ = {isa = PBXFileReference; lastKnownFileType = image.bmp; path = Sludge_c.bmp; sourceTree = "<group>"; };
		2F7EA4100FFCEBE6005E5C36 /* SETTINGS.CPP */ = {isa = PBXFileReference; fileEncoding = 30; lastKnownFileType = sourcecode.cpp.cpp; path = SETTINGS.CPP; sourceTree = "<group>"; };
		2F7EA4110FFCEBE6005E5C36 /* SETTINGS.H */ = {isa = PBXFileReference; fileEncoding = 30; lastKnownFileType = sourcecode.cpp.h; path = SETTINGS.H; sourceTree = "<group>"; };
		2F7EA4140FFCEBE6005E5C36 /* TOKENS.CPP */ = {isa = PBXFileReference; fileEncoding = 30; lastKnownFileType = sourcecode.cpp.cpp; path = TOKENS.CPP; sourceTree = "<group>"; };
		2F7EA4150FFCEBE6005E5C36 /* TOKENS.H */ = {isa = PBXFileReference; fileEncoding = 30; lastKnownFileType = sourcecode.cpp.h; path = TOKENS.H; sourceTree = "<group>"; };
		2F7EA4160FFCEBE6005E5C36 /* translation.cpp */ = {isa = PBXFileReference; fileEncoding = 30; lastKnownFileType = sourcecode.cpp.cpp; path = translation.cpp; sourceTree = "<group>"; };
		2F7EA4170FFCEBE6005E5C36 /* translation.h */ = {isa = PBXFileReference; fileEncoding = 30; lastKnownFileType = sourcecode.c.h; path = translation.h; sourceTree = "<group>"; };
		2F7EA4180FFCEBE6005E5C36 /* TYPEDEF.H */ = {isa = PBXFileReference; fileEncoding = 30; lastKnownFileType = sourcecode.cpp.h; path = TYPEDEF.H; sourceTree = "<group>"; };
		2F7EA4190FFCEBE6005E5C36 /* WINBOX.CPP */ = {isa = PBXFileReference; fileEncoding = 30; lastKnownFileType = sourcecode.cpp.cpp; path = WINBOX.CPP; sourceTree = "<group>"; };
		2F7EA41B0FFCEBE6005E5C36 /* WINCOMP.CPP */ = {isa = PBXFileReference; fileEncoding = 30; lastKnownFileType = sourcecode.cpp.cpp; path = WINCOMP.CPP; sourceTree = "<group>"; };
		2F7EA4200FFCEBE6005E5C36 /* wintext.cpp */ = {isa = PBXFileReference; fileEncoding = 30; lastKnownFileType = sourcecode.cpp.cpp; path = wintext.cpp; sourceTree = "<group>"; };
		2F7EA4240FFCEBE6005E5C36 /* BACKDROP.CPP */ = {isa = PBXFileReference; fileEncoding = 30; lastKnownFileType = sourcecode.cpp.cpp; path = BACKDROP.CPP; sourceTree = "<group>"; };
		2F7EA4270FFCEBE6005E5C36 /* data.cpp */ = {isa = PBXFileReference; fileEncoding = 30; lastKnownFileType = sourcecode.cpp.cpp; path = data.cpp; sourceTree = "<group>"; };
		2F7EA4280FFCEBE6005E5C36 /* data.h */ = {isa = PBXFileReference; fileEncoding = 30; lastKnownFileType = sourcecode.c.h; path = data.h; sourceTree = "<group>"; };
		2F7EA42A0FFCEBE6005E5C36 /* floorico.bmp */ = {isa = PBXFileReference; lastKnownFileType = image.bmp; path = floorico.bmp; sourceTree = "<group>"; };
		2F7EA42C0FFCEBE6005E5C36 /* line.cpp */ = {isa = PBXFileReference; fileEncoding = 30; lastKnownFileType = sourcecode.cpp.cpp; path = line.cpp; sourceTree = "<group>"; };
		2F7EA42D0FFCEBE6005E5C36 /* line.h */ = {isa = PBXFileReference; fileEncoding = 30; lastKnownFileType = sourcecode.c.h; path = line.h; sourceTree = "<group>"; };
		2F7EA4340FFCEBE6005E5C36 /* WINMAIN.CPP */ = {isa = PBXFileReference; fileEncoding = 30; lastKnownFileType = sourcecode.cpp.cpp; path = WINMAIN.CPP; sourceTree = "<group>"; };
		2F7EA4350FFCEBE6005E5C36 /* WINSTUFF.CPP */ = {isa = PBXFileReference; fileEncoding = 30; lastKnownFileType = sourcecode.cpp.cpp; path = WINSTUFF.CPP; sourceTree = "<group>"; };
		2F7EA4390FFCEBE6005E5C36 /* WIN dialogueBoxInOut.cpp */ = {isa = PBXFileReference; fileEncoding = 30; lastKnownFileType = sourcecode.cpp.cpp; path = "WIN dialogueBoxInOut.cpp"; sourceTree = "<group>"; };
		2F7EA43A0FFCEBE6005E5C36 /* dialogueBoxInOut.h */ = {isa = PBXFileReference; fileEncoding = 30; lastKnownFileType = sourcecode.c.h; path = dialogueBoxInOut.h; sourceTree = "<group>"; };
		2F7EA43B0FFCEBE6005E5C36 /* WIN launch.cpp */ = {isa = PBXFileReference; fileEncoding = 30; lastKnownFileType = sourcecode.cpp.cpp; path = "WIN launch.cpp"; sourceTree = "<group>"; };
		2F7EA43C0FFCEBE6005E5C36 /* launch.h */ = {isa = PBXFileReference; fileEncoding = 30; lastKnownFileType = sourcecode.c.h; path = launch.h; sourceTree = "<group>"; };
		2F7EA43D0FFCEBE6005E5C36 /* WIN MESSBOX.CPP */ = {isa = PBXFileReference; fileEncoding = 30; lastKnownFileType = sourcecode.cpp.cpp; path = "WIN MESSBOX.CPP"; sourceTree = "<group>"; };
		2F7EA43E0FFCEBE6005E5C36 /* MESSBOX.H */ = {isa = PBXFileReference; fileEncoding = 30; lastKnownFileType = sourcecode.cpp.h; path = MESSBOX.H; sourceTree = "<group>"; };
		2F7EA4430FFCEBE6005E5C36 /* WIN registry.cpp */ = {isa = PBXFileReference; fileEncoding = 30; lastKnownFileType = sourcecode.cpp.cpp; path = "WIN registry.cpp"; sourceTree = "<group>"; };
		2F7EA4440FFCEBE6005E5C36 /* registry.h */ = {isa = PBXFileReference; fileEncoding = 30; lastKnownFileType = sourcecode.c.h; path = registry.h; sourceTree = "<group>"; };
		2F7EA4470FFCEBE6005E5C36 /* flags.bmp */ = {isa = PBXFileReference; lastKnownFileType = image.bmp; path = flags.bmp; sourceTree = "<group>"; };
		2F7EA4490FFCEBE6005E5C36 /* projIcon2.bmp */ = {isa = PBXFileReference; lastKnownFileType = image.bmp; path = projIcon2.bmp; sourceTree = "<group>"; };
		2F7EA44A0FFCEBE6005E5C36 /* scriptIcon.bmp */ = {isa = PBXFileReference; lastKnownFileType = image.bmp; path = scriptIcon.bmp; sourceTree = "<group>"; };
		2F7EA44B0FFCEBE6005E5C36 /* scriptIcon2.bmp */ = {isa = PBXFileReference; lastKnownFileType = image.bmp; path = scriptIcon2.bmp; sourceTree = "<group>"; };
		2F7EA44C0FFCEBE6005E5C36 /* sIcon.bmp */ = {isa = PBXFileReference; lastKnownFileType = image.bmp; path = sIcon.bmp; sourceTree = "<group>"; };
		2F7EA4540FFCEBE6005E5C36 /* sludgeLogo.bmp */ = {isa = PBXFileReference; lastKnownFileType = image.bmp; path = sludgeLogo.bmp; sourceTree = "<group>"; };
		2F7EA4550FFCEBE6005E5C36 /* savedata.h */ = {isa = PBXFileReference; fileEncoding = 30; lastKnownFileType = sourcecode.c.h; path = savedata.h; sourceTree = "<group>"; };
		2F7EA4560FFCEBE6005E5C36 /* settings.cpp */ = {isa = PBXFileReference; fileEncoding = 30; lastKnownFileType = sourcecode.cpp.cpp; path = settings.cpp; sourceTree = "<group>"; };
		2F7EA4570FFCEBE6005E5C36 /* settings.h */ = {isa = PBXFileReference; fileEncoding = 30; lastKnownFileType = sourcecode.c.h; path = settings.h; sourceTree = "<group>"; };
		2F7EA45B0FFCEBE6005E5C36 /* WINBOX.CPP */ = {isa = PBXFileReference; fileEncoding = 30; lastKnownFileType = sourcecode.cpp.cpp; path = WINBOX.CPP; sourceTree = "<group>"; };
		2F7EA45C0FFCEBE6005E5C36 /* WINBOX.H */ = {isa = PBXFileReference; fileEncoding = 30; lastKnownFileType = sourcecode.cpp.h; path = WINBOX.H; sourceTree = "<group>"; };
		2F7EA45D0FFCEBE6005E5C36 /* WINCOMP.CPP */ = {isa = PBXFileReference; fileEncoding = 30; lastKnownFileType = sourcecode.cpp.cpp; path = WINCOMP.CPP; sourceTree = "<group>"; };
		2F7EA4600FFCEBE6005E5C36 /* WINTERFA.H */ = {isa = PBXFileReference; fileEncoding = 30; lastKnownFileType = sourcecode.cpp.h; path = WINTERFA.H; sourceTree = "<group>"; };
		2F7EA4610FFCEBE6005E5C36 /* wintext.cpp */ = {isa = PBXFileReference; fileEncoding = 30; lastKnownFileType = sourcecode.cpp.cpp; path = wintext.cpp; sourceTree = "<group>"; };
		2F7EA4640FFCEBE6005E5C36 /* fontify.cpp */ = {isa = PBXFileReference; fileEncoding = 30; lastKnownFileType = sourcecode.cpp.cpp; path = fontify.cpp; sourceTree = "<group>"; };
		2F7EA4650FFCEBE6005E5C36 /* fontify.h */ = {isa = PBXFileReference; fileEncoding = 30; lastKnownFileType = sourcecode.c.h; path = fontify.h; sourceTree = "<group>"; };
		2F7EA4660FFCEBE6005E5C36 /* WIN MESSBOX.CPP */ = {isa = PBXFileReference; fileEncoding = 30; lastKnownFileType = sourcecode.cpp.cpp; path = "WIN MESSBOX.CPP"; sourceTree = "<group>"; };
		2F7EA4690FFCEBE6005E5C36 /* MOREIO.H */ = {isa = PBXFileReference; fileEncoding = 30; lastKnownFileType = sourcecode.cpp.h; path = MOREIO.H; sourceTree = "<group>"; };
		2F7EA46A0FFCEBE6005E5C36 /* WIN registry.cpp */ = {isa = PBXFileReference; fileEncoding = 30; lastKnownFileType = sourcecode.cpp.cpp; path = "WIN registry.cpp"; sourceTree = "<group>"; };
		2F7EA46D0FFCEBE6005E5C36 /* bobs.bmp */ = {isa = PBXFileReference; lastKnownFileType = image.bmp; path = bobs.bmp; sourceTree = "<group>"; };
		2F7EA4700FFCEBE6005E5C36 /* SPLITTER.CPP */ = {isa = PBXFileReference; fileEncoding = 30; lastKnownFileType = sourcecode.cpp.cpp; name = SPLITTER.CPP; path = ../SpriteBankEditor/SPLITTER.CPP; sourceTree = "<group>"; };
		2F7EA4720FFCEBE6005E5C36 /* SPRITES.CPP */ = {isa = PBXFileReference; fileEncoding = 30; lastKnownFileType = sourcecode.cpp.cpp; path = SPRITES.CPP; sourceTree = "<group>"; };
		2F7EA4730FFCEBE6005E5C36 /* sprites.h */ = {isa = PBXFileReference; fileEncoding = 30; lastKnownFileType = sourcecode.c.h; path = sprites.h; sourceTree = "<group>"; };
		2F7EA4740FFCEBE6005E5C36 /* WINBOX.CPP */ = {isa = PBXFileReference; fileEncoding = 30; lastKnownFileType = sourcecode.cpp.cpp; path = WINBOX.CPP; sourceTree = "<group>"; };
		2F7EA4760FFCEBE6005E5C36 /* WINCOMP.CPP */ = {isa = PBXFileReference; fileEncoding = 30; lastKnownFileType = sourcecode.cpp.cpp; path = WINCOMP.CPP; sourceTree = "<group>"; };
		2F7EA47A0FFCEBE6005E5C36 /* wintext.cpp */ = {isa = PBXFileReference; fileEncoding = 30; lastKnownFileType = sourcecode.cpp.cpp; path = wintext.cpp; sourceTree = "<group>"; };
		2F7EA47D0FFCEBE6005E5C36 /* WIN MESSBOX.CPP */ = {isa = PBXFileReference; fileEncoding = 30; lastKnownFileType = sourcecode.cpp.cpp; path = "WIN MESSBOX.CPP"; sourceTree = "<group>"; };
		2F7EA4840FFCEBE6005E5C36 /* miniflags.bmp */ = {isa = PBXFileReference; lastKnownFileType = image.bmp; path = miniflags.bmp; sourceTree = "<group>"; };
		2F7EA4860FFCEBE6005E5C36 /* sosfile.cpp */ = {isa = PBXFileReference; fileEncoding = 30; lastKnownFileType = sourcecode.cpp.cpp; path = sosfile.cpp; sourceTree = "<group>"; };
		2F7EA4870FFCEBE6005E5C36 /* sosfile.h */ = {isa = PBXFileReference; fileEncoding = 30; lastKnownFileType = sourcecode.c.h; path = sosfile.h; sourceTree = "<group>"; };
		2F7EA4890FFCEBE6005E5C36 /* SPLITTER.H */ = {isa = PBXFileReference; fileEncoding = 30; lastKnownFileType = sourcecode.cpp.h; name = SPLITTER.H; path = ../Translator/SPLITTER.H; sourceTree = "<group>"; };
		2F7EA48C0FFCEBE6005E5C36 /* WINCOMP.CPP */ = {isa = PBXFileReference; fileEncoding = 30; lastKnownFileType = sourcecode.cpp.cpp; path = WINCOMP.CPP; sourceTree = "<group>"; };
		2F7EA48D0FFCEBE6005E5C36 /* WINCOMP.H */ = {isa = PBXFileReference; fileEncoding = 30; lastKnownFileType = sourcecode.cpp.h; path = WINCOMP.H; sourceTree = "<group>"; };
		2F7EA4900FFCEBE6005E5C36 /* wintext.cpp */ = {isa = PBXFileReference; fileEncoding = 30; lastKnownFileType = sourcecode.cpp.cpp; path = wintext.cpp; sourceTree = "<group>"; };
		2F7EA4910FFCEBE6005E5C36 /* wintext.h */ = {isa = PBXFileReference; fileEncoding = 30; lastKnownFileType = sourcecode.c.h; path = wintext.h; sourceTree = "<group>"; };
		2F7EA4930FFCEBE6005E5C36 /* BACKDROP.CPP */ = {isa = PBXFileReference; fileEncoding = 30; lastKnownFileType = sourcecode.cpp.cpp; path = BACKDROP.CPP; sourceTree = "<group>"; };
		2F7EA4940FFCEBE6005E5C36 /* BACKDROP.H */ = {isa = PBXFileReference; fileEncoding = 30; lastKnownFileType = sourcecode.cpp.h; path = BACKDROP.H; sourceTree = "<group>"; };
		2F7EA49A0FFCEBE6005E5C36 /* zicon.bmp */ = {isa = PBXFileReference; lastKnownFileType = image.bmp; path = zicon.bmp; sourceTree = "<group>"; };
		2F7EA49D0FFCEBE6005E5C36 /* WINMAIN.CPP */ = {isa = PBXFileReference; fileEncoding = 30; lastKnownFileType = sourcecode.cpp.cpp; path = WINMAIN.CPP; sourceTree = "<group>"; };
		2F7EA49E0FFCEBE6005E5C36 /* WINSTUFF.CPP */ = {isa = PBXFileReference; fileEncoding = 30; lastKnownFileType = sourcecode.cpp.cpp; path = WINSTUFF.CPP; sourceTree = "<group>"; };
		2F7EA49F0FFCEBE6005E5C36 /* WINSTUFF.H */ = {isa = PBXFileReference; fileEncoding = 30; lastKnownFileType = sourcecode.cpp.h; path = WINSTUFF.H; sourceTree = "<group>"; };
		2F7EA4A00FFCEBE6005E5C36 /* winterface.h */ = {isa = PBXFileReference; fileEncoding = 30; lastKnownFileType = sourcecode.c.h; path = winterface.h; sourceTree = "<group>"; };
		2F7EA4A20FFCEBE6005E5C36 /* zbuffer.cpp */ = {isa = PBXFileReference; fileEncoding = 30; lastKnownFileType = sourcecode.cpp.cpp; path = zbuffer.cpp; sourceTree = "<group>"; };
		2F7EA4A30FFCEBE6005E5C36 /* zbuffer.h */ = {isa = PBXFileReference; fileEncoding = 30; lastKnownFileType = sourcecode.c.h; path = zbuffer.h; sourceTree = "<group>"; };
		2FE2CEC30FFD683B000CC795 /* OpenGL.framework */ = {isa = PBXFileReference; lastKnownFileType = wrapper.framework; name = OpenGL.framework; path = /System/Library/Frameworks/OpenGL.framework; sourceTree = "<absolute>"; };
		32CA4F630368D1EE00C91783 /* Sludge Dev Kit_Prefix.pch */ = {isa = PBXFileReference; fileEncoding = 4; lastKnownFileType = sourcecode.c.h; path = "Sludge Dev Kit_Prefix.pch"; sourceTree = "<group>"; };
		8D1107310486CEB800E47090 /* Info.plist */ = {isa = PBXFileReference; fileEncoding = 4; lastKnownFileType = text.plist; path = Info.plist; sourceTree = "<group>"; };
		8D1107320486CEB800E47090 /* Sludge Dev Kit.app */ = {isa = PBXFileReference; explicitFileType = wrapper.application; includeInIndex = 0; path = "Sludge Dev Kit.app"; sourceTree = BUILT_PRODUCTS_DIR; };
/* End PBXFileReference section */

/* Begin PBXFrameworksBuildPhase section */
		8D11072E0486CEB800E47090 /* Frameworks */ = {
			isa = PBXFrameworksBuildPhase;
			buildActionMask = 2147483647;
			files = (
				002F39FA09D0881F00EBEB88 /* SDL.framework in Frameworks */,
				8D11072F0486CEB800E47090 /* Cocoa.framework in Frameworks */,
				2FE2CEC40FFD683B000CC795 /* OpenGL.framework in Frameworks */,
				2F59AFFF100CD9E1004A21BC /* Carbon.framework in Frameworks */,
			);
			runOnlyForDeploymentPostprocessing = 0;
		};
/* End PBXFrameworksBuildPhase section */

/* Begin PBXGroup section */
		080E96DDFE201D6D7F000001 /* Mac Code */ = {
			isa = PBXGroup;
			children = (
				002F3A2B09D0888800EBEB88 /* SDLMain.h */,
				002F3A2C09D0888800EBEB88 /* SDLMain.m */,
			);
			name = "Mac Code";
			sourceTree = "<group>";
		};
		1058C7A0FEA54F0111CA2CBB /* Linked Frameworks */ = {
			isa = PBXGroup;
			children = (
				2F59AFFE100CD9E1004A21BC /* Carbon.framework */,
				2FE2CEC30FFD683B000CC795 /* OpenGL.framework */,
				002F39F909D0881F00EBEB88 /* SDL.framework */,
				1058C7A1FEA54F0111CA2CBB /* Cocoa.framework */,
			);
			name = "Linked Frameworks";
			sourceTree = "<group>";
		};
		1058C7A2FEA54F0111CA2CBB /* Other Frameworks */ = {
			isa = PBXGroup;
			children = (
				29B97324FDCFA39411CA2CEA /* AppKit.framework */,
				29B97325FDCFA39411CA2CEA /* Foundation.framework */,
			);
			name = "Other Frameworks";
			sourceTree = "<group>";
		};
		19C28FACFE9D520D11CA2CBB /* Products */ = {
			isa = PBXGroup;
			children = (
				8D1107320486CEB800E47090 /* Sludge Dev Kit.app */,
			);
			name = Products;
			sourceTree = "<group>";
		};
		29B97314FDCFA39411CA2CEA /* Sludge Dev Kit */ = {
			isa = PBXGroup;
			children = (
				2F18B6D5100CC0B40009A1CB /* Sludge Dev Kit Help */,
				2F7EA3DC0FFCEBCF005E5C36 /* CommonCode */,
				2F7EA3ED0FFCEBE6005E5C36 /* Compiler */,
				2F7EA4220FFCEBE6005E5C36 /* FloorMaker */,
				2F7EA4380FFCEBE6005E5C36 /* ProjectManager */,
				2F7EA4630FFCEBE6005E5C36 /* SpriteBankEditor */,
				2F7EA47C0FFCEBE6005E5C36 /* Translator */,
				2F7EA4920FFCEBE6005E5C36 /* ZBufferMaker */,
				080E96DDFE201D6D7F000001 /* Mac Code */,
				29B97315FDCFA39411CA2CEA /* Other Sources */,
				29B97317FDCFA39411CA2CEA /* Resources */,
				29B97323FDCFA39411CA2CEA /* Frameworks */,
				19C28FACFE9D520D11CA2CBB /* Products */,
			);
			name = "Sludge Dev Kit";
			sourceTree = "<group>";
		};
		29B97315FDCFA39411CA2CEA /* Other Sources */ = {
			isa = PBXGroup;
			children = (
				32CA4F630368D1EE00C91783 /* Sludge Dev Kit_Prefix.pch */,
			);
			name = "Other Sources";
			sourceTree = "<group>";
		};
		29B97317FDCFA39411CA2CEA /* Resources */ = {
			isa = PBXGroup;
			children = (
				2F695C70100D138D008A8DC1 /* icon.icns */,
				2F695C71100D138D008A8DC1 /* ProjIcon.icns */,
				2F1B9A62100CF81C00BD9739 /* Credits.html */,
				8D1107310486CEB800E47090 /* Info.plist */,
				089C165DFE840E0CC02AAC07 /* InfoPlist.strings */,
				002F3AF009D08F1000EBEB88 /* DevKit Main.nib */,
			);
			name = Resources;
			sourceTree = "<group>";
		};
		29B97323FDCFA39411CA2CEA /* Frameworks */ = {
			isa = PBXGroup;
			children = (
				1058C7A0FEA54F0111CA2CBB /* Linked Frameworks */,
				1058C7A2FEA54F0111CA2CBB /* Other Frameworks */,
			);
			name = Frameworks;
			sourceTree = "<group>";
		};
		2F7EA3DC0FFCEBCF005E5C36 /* CommonCode */ = {
			isa = PBXGroup;
			children = (
				2F18B65D100CB9C20009A1CB /* GLee.c */,
				2F18B65E100CB9C20009A1CB /* GLee.h */,
				2F7EA3FF0FFCEBE6005E5C36 /* MOREIO.cpp */,
				2F7EA43E0FFCEBE6005E5C36 /* MESSBOX.H */,
				2F7EA3DD0FFCEBCF005E5C36 /* functionList.h */,
				2F7EA3E10FFCEBCF005E5C36 /* specialSettings.h */,
				2F7EA4700FFCEBE6005E5C36 /* SPLITTER.CPP */,
				2F7EA4890FFCEBE6005E5C36 /* SPLITTER.H */,
				2F7EA3E20FFCEBCF005E5C36 /* TGA.cpp */,
				2F7EA3E30FFCEBCF005E5C36 /* TGA.h */,
				2F7EA3E40FFCEBCF005E5C36 /* version.h */,
			);
			name = CommonCode;
			path = ../source/CommonCode;
			sourceTree = SOURCE_ROOT;
		};
		2F7EA3ED0FFCEBE6005E5C36 /* Compiler */ = {
			isa = PBXGroup;
			children = (
				2F7EA3EE0FFCEBE6005E5C36 /* ALLKNOWN.CPP */,
				2F7EA3EF0FFCEBE6005E5C36 /* ALLKNOWN.H */,
				2F7EA3F00FFCEBE6005E5C36 /* BACKDROP.CPP */,
				2F7EA3F20FFCEBE6005E5C36 /* checkUsed.cpp */,
				2F7EA3F30FFCEBE6005E5C36 /* checkUsed.h */,
				2F7EA3F40FFCEBE6005E5C36 /* CSLUDGE.H */,
				2F7EA3F50FFCEBE6005E5C36 /* dumpfiles.cpp */,
				2F7EA3F60FFCEBE6005E5C36 /* dumpfiles.h */,
				2F7EA3F70FFCEBE6005E5C36 /* floor.cpp */,
				2F7EA3F80FFCEBE6005E5C36 /* floor.h */,
				2F7EA3F90FFCEBE6005E5C36 /* FUNCTION.CPP */,
				2F7EA3FA0FFCEBE6005E5C36 /* FUNCTION.H */,
				2F7EA3FB0FFCEBE6005E5C36 /* LINKER.CPP */,
				2F7EA3FC0FFCEBE6005E5C36 /* LINKER.H */,
				2F7EA3FD0FFCEBE6005E5C36 /* WIN_MESSBOX.CPP */,
				2F7EA4010FFCEBE6005E5C36 /* OBJTYPE.CPP */,
				2F7EA4020FFCEBE6005E5C36 /* OBJTYPE.H */,
				2F7EA4040FFCEBE6005E5C36 /* PercBar.cpp */,
				2F7EA4050FFCEBE6005E5C36 /* PercBar.h */,
				2F7EA4060FFCEBE6005E5C36 /* PREPROC.CPP */,
				2F7EA4070FFCEBE6005E5C36 /* PREPROC.H */,
				2F7EA4080FFCEBE6005E5C36 /* REALPROC.CPP */,
				2F7EA4090FFCEBE6005E5C36 /* REALPROC.H */,
				2F7EA40A0FFCEBE6005E5C36 /* registry.cpp */,
				2F7EA40C0FFCEBE6005E5C36 /* resources */,
				2F7EA4100FFCEBE6005E5C36 /* SETTINGS.CPP */,
				2F7EA4110FFCEBE6005E5C36 /* SETTINGS.H */,
				2F7EA4140FFCEBE6005E5C36 /* TOKENS.CPP */,
				2F7EA4150FFCEBE6005E5C36 /* TOKENS.H */,
				2F7EA4160FFCEBE6005E5C36 /* translation.cpp */,
				2F7EA4170FFCEBE6005E5C36 /* translation.h */,
				2F7EA4180FFCEBE6005E5C36 /* TYPEDEF.H */,
				2F7EA4190FFCEBE6005E5C36 /* WINBOX.CPP */,
				2F7EA41B0FFCEBE6005E5C36 /* WINCOMP.CPP */,
				2F7EA4200FFCEBE6005E5C36 /* wintext.cpp */,
			);
			name = Compiler;
			path = ../source/Compiler;
			sourceTree = SOURCE_ROOT;
		};
		2F7EA40C0FFCEBE6005E5C36 /* resources */ = {
			isa = PBXGroup;
			children = (
				2F7EA40E0FFCEBE6005E5C36 /* Sludge_c.bmp */,
			);
			path = resources;
			sourceTree = "<group>";
		};
		2F7EA4220FFCEBE6005E5C36 /* FloorMaker */ = {
			isa = PBXGroup;
			children = (
				2F7EA4240FFCEBE6005E5C36 /* BACKDROP.CPP */,
				2F7EA4270FFCEBE6005E5C36 /* data.cpp */,
				2F7EA4280FFCEBE6005E5C36 /* data.h */,
				2F7EA42A0FFCEBE6005E5C36 /* floorico.bmp */,
				2F7EA42C0FFCEBE6005E5C36 /* line.cpp */,
				2F7EA42D0FFCEBE6005E5C36 /* line.h */,
				2F7EA4340FFCEBE6005E5C36 /* WINMAIN.CPP */,
				2F7EA4350FFCEBE6005E5C36 /* WINSTUFF.CPP */,
			);
			name = FloorMaker;
			path = ../source/FloorMaker;
			sourceTree = SOURCE_ROOT;
		};
		2F7EA4380FFCEBE6005E5C36 /* ProjectManager */ = {
			isa = PBXGroup;
			children = (
				002F3A3E09D088BA00EBEB88 /* main.c */,
				2F7EA4390FFCEBE6005E5C36 /* WIN dialogueBoxInOut.cpp */,
				2F7EA43A0FFCEBE6005E5C36 /* dialogueBoxInOut.h */,
				2F7EA43B0FFCEBE6005E5C36 /* WIN launch.cpp */,
				2F7EA43C0FFCEBE6005E5C36 /* launch.h */,
				2F7EA43D0FFCEBE6005E5C36 /* WIN MESSBOX.CPP */,
				2F7EA4430FFCEBE6005E5C36 /* WIN registry.cpp */,
				2F7EA4440FFCEBE6005E5C36 /* registry.h */,
				2F7EA4450FFCEBE6005E5C36 /* resources */,
				2F7EA4550FFCEBE6005E5C36 /* savedata.h */,
				2F7EA4560FFCEBE6005E5C36 /* settings.cpp */,
				2F7EA4570FFCEBE6005E5C36 /* settings.h */,
				2F7EA45B0FFCEBE6005E5C36 /* WINBOX.CPP */,
				2F7EA45C0FFCEBE6005E5C36 /* WINBOX.H */,
				2F7EA45D0FFCEBE6005E5C36 /* WINCOMP.CPP */,
				2F7EA4600FFCEBE6005E5C36 /* WINTERFA.H */,
				2F7EA4610FFCEBE6005E5C36 /* wintext.cpp */,
			);
			name = ProjectManager;
			path = ../source/ProjectManager;
			sourceTree = SOURCE_ROOT;
		};
		2F7EA4450FFCEBE6005E5C36 /* resources */ = {
			isa = PBXGroup;
			children = (
				2F7EA4460FFCEBE6005E5C36 /* Bitmap versions */,
				2F7EA4540FFCEBE6005E5C36 /* sludgeLogo.bmp */,
			);
			path = resources;
			sourceTree = "<group>";
		};
		2F7EA4460FFCEBE6005E5C36 /* Bitmap versions */ = {
			isa = PBXGroup;
			children = (
				2F7EA4470FFCEBE6005E5C36 /* flags.bmp */,
				2F7EA4490FFCEBE6005E5C36 /* projIcon2.bmp */,
				2F7EA44A0FFCEBE6005E5C36 /* scriptIcon.bmp */,
				2F7EA44B0FFCEBE6005E5C36 /* scriptIcon2.bmp */,
				2F7EA44C0FFCEBE6005E5C36 /* sIcon.bmp */,
			);
			path = "Bitmap versions";
			sourceTree = "<group>";
		};
		2F7EA4630FFCEBE6005E5C36 /* SpriteBankEditor */ = {
			isa = PBXGroup;
			children = (
				2F7EA4640FFCEBE6005E5C36 /* fontify.cpp */,
				2F7EA4650FFCEBE6005E5C36 /* fontify.h */,
				2F7EA4660FFCEBE6005E5C36 /* WIN MESSBOX.CPP */,
				2F7EA4690FFCEBE6005E5C36 /* MOREIO.H */,
				2F7EA46A0FFCEBE6005E5C36 /* WIN registry.cpp */,
				2F7EA46C0FFCEBE6005E5C36 /* resources */,
				2F7EA4720FFCEBE6005E5C36 /* SPRITES.CPP */,
				2F7EA4730FFCEBE6005E5C36 /* sprites.h */,
				2F7EA4740FFCEBE6005E5C36 /* WINBOX.CPP */,
				2F7EA4760FFCEBE6005E5C36 /* WINCOMP.CPP */,
				2F7EA47A0FFCEBE6005E5C36 /* wintext.cpp */,
			);
			name = SpriteBankEditor;
			path = ../source/SpriteBankEditor;
			sourceTree = SOURCE_ROOT;
		};
		2F7EA46C0FFCEBE6005E5C36 /* resources */ = {
			isa = PBXGroup;
			children = (
				2F7EA46D0FFCEBE6005E5C36 /* bobs.bmp */,
			);
			path = resources;
			sourceTree = "<group>";
		};
		2F7EA47C0FFCEBE6005E5C36 /* Translator */ = {
			isa = PBXGroup;
			children = (
				2F7EA47D0FFCEBE6005E5C36 /* WIN MESSBOX.CPP */,
				2F7EA4810FFCEBE6005E5C36 /* resources */,
				2F7EA4860FFCEBE6005E5C36 /* sosfile.cpp */,
				2F7EA4870FFCEBE6005E5C36 /* sosfile.h */,
				2F7EA48C0FFCEBE6005E5C36 /* WINCOMP.CPP */,
				2F7EA48D0FFCEBE6005E5C36 /* WINCOMP.H */,
				2F7EA4900FFCEBE6005E5C36 /* wintext.cpp */,
				2F7EA4910FFCEBE6005E5C36 /* wintext.h */,
			);
			name = Translator;
			path = ../source/Translator;
			sourceTree = SOURCE_ROOT;
		};
		2F7EA4810FFCEBE6005E5C36 /* resources */ = {
			isa = PBXGroup;
			children = (
				2F7EA4840FFCEBE6005E5C36 /* miniflags.bmp */,
			);
			path = resources;
			sourceTree = "<group>";
		};
		2F7EA4920FFCEBE6005E5C36 /* ZBufferMaker */ = {
			isa = PBXGroup;
			children = (
				2F7EA4930FFCEBE6005E5C36 /* BACKDROP.CPP */,
				2F7EA4940FFCEBE6005E5C36 /* BACKDROP.H */,
				2F7EA4970FFCEBE6005E5C36 /* resources */,
				2F7EA49D0FFCEBE6005E5C36 /* WINMAIN.CPP */,
				2F7EA49E0FFCEBE6005E5C36 /* WINSTUFF.CPP */,
				2F7EA49F0FFCEBE6005E5C36 /* WINSTUFF.H */,
				2F7EA4A00FFCEBE6005E5C36 /* winterface.h */,
				2F7EA4A20FFCEBE6005E5C36 /* zbuffer.cpp */,
				2F7EA4A30FFCEBE6005E5C36 /* zbuffer.h */,
			);
			name = ZBufferMaker;
			path = ../source/ZBufferMaker;
			sourceTree = SOURCE_ROOT;
		};
		2F7EA4970FFCEBE6005E5C36 /* resources */ = {
			isa = PBXGroup;
			children = (
				2F7EA49A0FFCEBE6005E5C36 /* zicon.bmp */,
			);
			path = resources;
			sourceTree = "<group>";
		};
/* End PBXGroup section */

/* Begin PBXNativeTarget section */
		8D1107260486CEB800E47090 /* Sludge Dev Kit */ = {
			isa = PBXNativeTarget;
			buildConfigurationList = C01FCF4A08A954540054247B /* Build configuration list for PBXNativeTarget "Sludge Dev Kit" */;
			buildPhases = (
				8D1107290486CEB800E47090 /* Resources */,
				8D11072C0486CEB800E47090 /* Sources */,
				8D11072E0486CEB800E47090 /* Frameworks */,
				002F39FD09D0883400EBEB88 /* Copy Frameworks into .app bundle */,
			);
			buildRules = (
			);
			dependencies = (
			);
			name = "Sludge Dev Kit";
			productInstallPath = "$(HOME)/Applications";
			productName = "Sludge Dev Kit";
			productReference = 8D1107320486CEB800E47090 /* Sludge Dev Kit.app */;
			productType = "com.apple.product-type.application";
		};
/* End PBXNativeTarget section */

/* Begin PBXProject section */
		29B97313FDCFA39411CA2CEA /* Project object */ = {
			isa = PBXProject;
			buildConfigurationList = C01FCF4E08A954540054247B /* Build configuration list for PBXProject "Sludge Dev Kit" */;
			hasScannedForEncodings = 1;
			mainGroup = 29B97314FDCFA39411CA2CEA /* Sludge Dev Kit */;
			projectDirPath = "";
			targets = (
				8D1107260486CEB800E47090 /* Sludge Dev Kit */,
			);
		};
/* End PBXProject section */

/* Begin PBXResourcesBuildPhase section */
		8D1107290486CEB800E47090 /* Resources */ = {
			isa = PBXResourcesBuildPhase;
			buildActionMask = 2147483647;
			files = (
				2F9DE048100CC7FA0067DE50 /* InfoPlist.strings in Resources */,
				2F9DE047100CC7ED0067DE50 /* DevKit Main.nib in Resources */,
				2F7EA4C30FFCEBE6005E5C36 /* Sludge_c.bmp in Resources */,
				2F7EA4F80FFCEBE6005E5C36 /* flags.bmp in Resources */,
				2F7EA4FA0FFCEBE6005E5C36 /* projIcon2.bmp in Resources */,
				2F7EA4FB0FFCEBE6005E5C36 /* scriptIcon.bmp in Resources */,
				2F7EA4FC0FFCEBE6005E5C36 /* scriptIcon2.bmp in Resources */,
				2F7EA4FD0FFCEBE6005E5C36 /* sIcon.bmp in Resources */,
				2F7EA5050FFCEBE6005E5C36 /* sludgeLogo.bmp in Resources */,
				2F9DDF75100CC7DA0067DE50 /* Sludge Dev Kit Help in Resources */,
				2F1B9A63100CF81C00BD9739 /* Credits.html in Resources */,
				2F3AB9CE100D0B7100CD6A13 /* Info.plist in Resources */,
				2F695C72100D138D008A8DC1 /* icon.icns in Resources */,
				2F695C73100D138D008A8DC1 /* ProjIcon.icns in Resources */,
			);
			runOnlyForDeploymentPostprocessing = 0;
		};
/* End PBXResourcesBuildPhase section */

/* Begin PBXSourcesBuildPhase section */
		8D11072C0486CEB800E47090 /* Sources */ = {
			isa = PBXSourcesBuildPhase;
			buildActionMask = 2147483647;
			files = (
				002F3A2E09D0888800EBEB88 /* SDLMain.m in Sources */,
				002F3A3F09D088BA00EBEB88 /* main.c in Sources */,
				2F7EA3EA0FFCEBCF005E5C36 /* TGA.cpp in Sources */,
				2F7EA4A40FFCEBE6005E5C36 /* ALLKNOWN.CPP in Sources */,
				2F7EA4A60FFCEBE6005E5C36 /* BACKDROP.CPP in Sources */,
				2F7EA4A80FFCEBE6005E5C36 /* checkUsed.cpp in Sources */,
				2F7EA4AB0FFCEBE6005E5C36 /* dumpfiles.cpp in Sources */,
				2F7EA4AD0FFCEBE6005E5C36 /* floor.cpp in Sources */,
				2F7EA4AF0FFCEBE6005E5C36 /* FUNCTION.CPP in Sources */,
				2F7EA4B10FFCEBE6005E5C36 /* LINKER.CPP in Sources */,
				2F7EA4B30FFCEBE6005E5C36 /* WIN_MESSBOX.CPP in Sources */,
				2F7EA4B50FFCEBE6005E5C36 /* MOREIO.cpp in Sources */,
				2F7EA4B70FFCEBE6005E5C36 /* OBJTYPE.CPP in Sources */,
				2F7EA4BA0FFCEBE6005E5C36 /* PercBar.cpp in Sources */,
				2F7EA4BC0FFCEBE6005E5C36 /* PREPROC.CPP in Sources */,
				2F7EA4BE0FFCEBE6005E5C36 /* REALPROC.CPP in Sources */,
				2F7EA4C00FFCEBE6005E5C36 /* registry.cpp in Sources */,
				2F7EA4C50FFCEBE6005E5C36 /* SETTINGS.CPP in Sources */,
				2F7EA4C90FFCEBE6005E5C36 /* TOKENS.CPP in Sources */,
				2F7EA4CB0FFCEBE6005E5C36 /* translation.cpp in Sources */,
				2F7EA4CE0FFCEBE6005E5C36 /* WINBOX.CPP in Sources */,
				2F7EA4D00FFCEBE6005E5C36 /* WINCOMP.CPP in Sources */,
				2F7EA4D50FFCEBE6005E5C36 /* wintext.cpp in Sources */,
				2F7EA4EC0FFCEBE6005E5C36 /* WIN dialogueBoxInOut.cpp in Sources */,
				2F7EA4EE0FFCEBE6005E5C36 /* WIN launch.cpp in Sources */,
				2F7EA4F00FFCEBE6005E5C36 /* WIN MESSBOX.CPP in Sources */,
				2F7EA4F60FFCEBE6005E5C36 /* WIN registry.cpp in Sources */,
				2F7EA5070FFCEBE6005E5C36 /* settings.cpp in Sources */,
				2F7EA50C0FFCEBE6005E5C36 /* WINBOX.CPP in Sources */,
				2F7EA50E0FFCEBE6005E5C36 /* WINCOMP.CPP in Sources */,
				2F7EA5120FFCEBE6005E5C36 /* wintext.cpp in Sources */,
				2F18B65F100CB9C20009A1CB /* GLee.c in Sources */,
				2F18B665100CBA620009A1CB /* SPLITTER.CPP in Sources */,
			);
			runOnlyForDeploymentPostprocessing = 0;
		};
/* End PBXSourcesBuildPhase section */

/* Begin XCBuildConfiguration section */
		C01FCF4B08A954540054247B /* Debug */ = {
			isa = XCBuildConfiguration;
			buildSettings = {
				COPY_PHASE_STRIP = NO;
				FRAMEWORK_SEARCH_PATHS = (
					"$(inherited)",
					"$(FRAMEWORK_SEARCH_PATHS_QUOTED_FOR_TARGET_1)",
				);
				FRAMEWORK_SEARCH_PATHS_QUOTED_FOR_TARGET_1 = "\"$(DEVELOPER_DIR)/SDKs/MacOSX10.4u.sdk/System/Library/Frameworks\"";
				GCC_DYNAMIC_NO_PIC = NO;
				GCC_ENABLE_FIX_AND_CONTINUE = YES;
				GCC_MODEL_TUNING = G5;
				GCC_OPTIMIZATION_LEVEL = 0;
				INFOPLIST_FILE = Info.plist;
				INSTALL_PATH = "$(HOME)/Applications";
				PRODUCT_NAME = "Sludge Dev Kit";
				WRAPPER_EXTENSION = app;
				ZERO_LINK = YES;
			};
			name = Debug;
		};
		C01FCF4C08A954540054247B /* Release */ = {
			isa = XCBuildConfiguration;
			buildSettings = {
				ARCHS = (
					ppc,
					i386,
				);
				FRAMEWORK_SEARCH_PATHS = (
					"$(inherited)",
					"$(FRAMEWORK_SEARCH_PATHS_QUOTED_FOR_TARGET_1)",
				);
				FRAMEWORK_SEARCH_PATHS_QUOTED_FOR_TARGET_1 = "\"$(DEVELOPER_DIR)/SDKs/MacOSX10.4u.sdk/System/Library/Frameworks\"";
				GCC_GENERATE_DEBUGGING_SYMBOLS = NO;
				GCC_MODEL_TUNING = G5;
				INFOPLIST_FILE = Info.plist;
				INSTALL_PATH = "$(HOME)/Applications";
				PRODUCT_NAME = "Sludge Dev Kit";
				WRAPPER_EXTENSION = app;
			};
			name = Release;
		};
		C01FCF4F08A954540054247B /* Debug */ = {
			isa = XCBuildConfiguration;
			buildSettings = {
				FRAMEWORK_SEARCH_PATHS = (
					"$(HOME)/Library/Frameworks",
					/Library/Frameworks,
					"$(FRAMEWORK_SEARCH_PATHS)",
				);
				GCC_WARN_ABOUT_RETURN_TYPE = YES;
				GCC_WARN_UNUSED_VARIABLE = YES;
				HEADER_SEARCH_PATHS = (
					"$(HOME)/Library/Frameworks/SDL.framework/Headers",
					/Library/Frameworks/SDL.framework/Headers,
					"$(HEADER_SEARCH_PATHS)",
				);
				PREBINDING = NO;
				SDKROOT = /Developer/SDKs/MacOSX10.4u.sdk;
				USER_HEADER_SEARCH_PATHS = "$(inherited) ../source/CommonCode";
			};
			name = Debug;
		};
		C01FCF5008A954540054247B /* Release */ = {
			isa = XCBuildConfiguration;
			buildSettings = {
				FRAMEWORK_SEARCH_PATHS = (
					"$(HOME)/Library/Frameworks",
					/Library/Frameworks,
					"$(FRAMEWORK_SEARCH_PATHS)",
				);
				GCC_WARN_ABOUT_RETURN_TYPE = YES;
				GCC_WARN_UNUSED_VARIABLE = YES;
				HEADER_SEARCH_PATHS = (
					"$(HOME)/Library/Frameworks/SDL.framework/Headers",
					/Library/Frameworks/SDL.framework/Headers,
					"$(HEADER_SEARCH_PATHS)",
				);
				PREBINDING = NO;
				SDKROOT = /Developer/SDKs/MacOSX10.4u.sdk;
				USER_HEADER_SEARCH_PATHS = "$(inherited) ../source/CommonCode";
			};
			name = Release;
		};
/* End XCBuildConfiguration section */

/* Begin XCConfigurationList section */
		C01FCF4A08A954540054247B /* Build configuration list for PBXNativeTarget "Sludge Dev Kit" */ = {
			isa = XCConfigurationList;
			buildConfigurations = (
				C01FCF4B08A954540054247B /* Debug */,
				C01FCF4C08A954540054247B /* Release */,
			);
			defaultConfigurationIsVisible = 0;
			defaultConfigurationName = Release;
		};
		C01FCF4E08A954540054247B /* Build configuration list for PBXProject "Sludge Dev Kit" */ = {
			isa = XCConfigurationList;
			buildConfigurations = (
				C01FCF4F08A954540054247B /* Debug */,
				C01FCF5008A954540054247B /* Release */,
			);
			defaultConfigurationIsVisible = 0;
			defaultConfigurationName = Release;
		};
/* End XCConfigurationList section */
	};
	rootObject = 29B97313FDCFA39411CA2CEA /* Project object */;
}
