// !$*UTF8*$!
{
	archiveVersion = 1;
	classes = {
	};
	objectVersion = 46;
	objects = {

/* Begin PBXBuildFile section */
		002F3A2E09D0888800EBEB88 /* AppController.m in Sources */ = {isa = PBXBuildFile; fileRef = 002F3A2C09D0888800EBEB88 /* AppController.m */; };
		2F03811C102AEF2F00EDBAFB /* translator.h in Copy Frameworks into .app bundle */ = {isa = PBXBuildFile; fileRef = 2F03811A102AEF2F00EDBAFB /* translator.h */; };
		2F03811D102AEF2F00EDBAFB /* translator.cpp in Sources */ = {isa = PBXBuildFile; fileRef = 2F03811B102AEF2F00EDBAFB /* translator.cpp */; };
		2F1505ED101DCDE4006F9068 /* FloorDocument.h in Copy Frameworks into .app bundle */ = {isa = PBXBuildFile; fileRef = 2F1505EB101DCDE4006F9068 /* FloorDocument.h */; };
		2F1505EE101DCDE4006F9068 /* FloorDocument.m in Sources */ = {isa = PBXBuildFile; fileRef = 2F1505EC101DCDE4006F9068 /* FloorDocument.m */; };
		2F150638101DD181006F9068 /* Floor.nib in Resources */ = {isa = PBXBuildFile; fileRef = 2F150637101DD181006F9068 /* Floor.nib */; };
		2F15065A101DD528006F9068 /* floormaker.h in Copy Frameworks into .app bundle */ = {isa = PBXBuildFile; fileRef = 2F150658101DD528006F9068 /* floormaker.h */; };
		2F15065B101DD528006F9068 /* floormaker.cpp in Sources */ = {isa = PBXBuildFile; fileRef = 2F150659101DD528006F9068 /* floormaker.cpp */; };
		2F18B65F100CB9C20009A1CB /* GLee.c in Sources */ = {isa = PBXBuildFile; fileRef = 2F18B65D100CB9C20009A1CB /* GLee.c */; };
		2F18B660100CB9C30009A1CB /* GLee.h in Copy Frameworks into .app bundle */ = {isa = PBXBuildFile; fileRef = 2F18B65E100CB9C20009A1CB /* GLee.h */; };
		2F18B665100CBA620009A1CB /* splitter.cpp in Sources */ = {isa = PBXBuildFile; fileRef = 2F7EA4700FFCEBE6005E5C36 /* splitter.cpp */; };
		2F18B6AD100CBE5A0009A1CB /* splitter.hpp in Copy Frameworks into .app bundle */ = {isa = PBXBuildFile; fileRef = 2F7EA4890FFCEBE6005E5C36 /* splitter.hpp */; };
		2F1B9A63100CF81C00BD9739 /* Credits.html in Resources */ = {isa = PBXBuildFile; fileRef = 2F1B9A62100CF81C00BD9739 /* Credits.html */; };
		2F1BD59310172D890014BFBB /* ProjectDocument.nib in Resources */ = {isa = PBXBuildFile; fileRef = 2F1BD59210172D890014BFBB /* ProjectDocument.nib */; };
		2F2FF54E102C2598005439DA /* zDocument.h in Copy Frameworks into .app bundle */ = {isa = PBXBuildFile; fileRef = 2F2FF54C102C2598005439DA /* zDocument.h */; };
		2F2FF54F102C2598005439DA /* zDocument.m in Sources */ = {isa = PBXBuildFile; fileRef = 2F2FF54D102C2598005439DA /* zDocument.m */; };
		2F2FF564102C25FD005439DA /* zDocument.nib in Resources */ = {isa = PBXBuildFile; fileRef = 2F2FF563102C25FD005439DA /* zDocument.nib */; };
		2F2FF5BF102C4263005439DA /* zbuffer.h in Copy Frameworks into .app bundle */ = {isa = PBXBuildFile; fileRef = 2F7EA4A30FFCEBE6005E5C36 /* zbuffer.h */; };
		2F2FF5C0102C4263005439DA /* zbuffer.cpp in Sources */ = {isa = PBXBuildFile; fileRef = 2F7EA4A20FFCEBE6005E5C36 /* zbuffer.cpp */; };
		2F373F6F100E0686009F6880 /* project.hpp in Copy Frameworks into .app bundle */ = {isa = PBXBuildFile; fileRef = 2F373F6D100E0686009F6880 /* project.hpp */; };
		2F373F70100E0686009F6880 /* project.cpp in Sources */ = {isa = PBXBuildFile; fileRef = 2F373F6E100E0686009F6880 /* project.cpp */; };
		2F46989A101B4ACA00D451DB /* slx.icns in Resources */ = {isa = PBXBuildFile; fileRef = 2F469899101B4ACA00D451DB /* slx.icns */; };
		2F59AFFF100CD9E1004A21BC /* Carbon.framework in Frameworks */ = {isa = PBXBuildFile; fileRef = 2F59AFFE100CD9E1004A21BC /* Carbon.framework */; };
		2F59E734102E22CA00008746 /* libpng.framework in Copy Frameworks into .app bundle */ = {isa = PBXBuildFile; fileRef = 2F59E72D102E22A900008746 /* libpng.framework */; };
		2F59E74E102E248C00008746 /* libpng.framework in Frameworks */ = {isa = PBXBuildFile; fileRef = 2F59E72D102E22A900008746 /* libpng.framework */; };
		2F6092621010729500BC0F94 /* interface.h in Copy Frameworks into .app bundle */ = {isa = PBXBuildFile; fileRef = 2F6092611010729500BC0F94 /* interface.h */; };
		2F61A6FD100F50D000EBE4B0 /* compiler.hpp in Copy Frameworks into .app bundle */ = {isa = PBXBuildFile; fileRef = 2F61A6FB100F50D000EBE4B0 /* compiler.hpp */; };
		2F61A6FE100F50D000EBE4B0 /* compiler.cpp in Sources */ = {isa = PBXBuildFile; fileRef = 2F61A6FC100F50D000EBE4B0 /* compiler.cpp */; };
		2F695C72100D138D008A8DC1 /* icon.icns in Resources */ = {isa = PBXBuildFile; fileRef = 2F695C70100D138D008A8DC1 /* icon.icns */; };
		2F695C73100D138D008A8DC1 /* ProjIcon.icns in Resources */ = {isa = PBXBuildFile; fileRef = 2F695C71100D138D008A8DC1 /* ProjIcon.icns */; };
		2F7EA3E50FFCEBCF005E5C36 /* functionlist.h in Copy Frameworks into .app bundle */ = {isa = PBXBuildFile; fileRef = 2F7EA3DD0FFCEBCF005E5C36 /* functionlist.h */; };
		2F7EA3E90FFCEBCF005E5C36 /* specialsettings.h in Copy Frameworks into .app bundle */ = {isa = PBXBuildFile; fileRef = 2F7EA3E10FFCEBCF005E5C36 /* specialsettings.h */; };
		2F7EA3EA0FFCEBCF005E5C36 /* tga.cpp in Sources */ = {isa = PBXBuildFile; fileRef = 2F7EA3E20FFCEBCF005E5C36 /* tga.cpp */; };
		2F7EA3EB0FFCEBCF005E5C36 /* tga.h in Copy Frameworks into .app bundle */ = {isa = PBXBuildFile; fileRef = 2F7EA3E30FFCEBCF005E5C36 /* tga.h */; };
		2F7EA3EC0FFCEBCF005E5C36 /* version.h in Copy Frameworks into .app bundle */ = {isa = PBXBuildFile; fileRef = 2F7EA3E40FFCEBCF005E5C36 /* version.h */; };
		2F7EA4A40FFCEBE6005E5C36 /* allknown.cpp in Sources */ = {isa = PBXBuildFile; fileRef = 2F7EA3EE0FFCEBE6005E5C36 /* allknown.cpp */; };
		2F7EA4A50FFCEBE6005E5C36 /* allknown.h in Copy Frameworks into .app bundle */ = {isa = PBXBuildFile; fileRef = 2F7EA3EF0FFCEBE6005E5C36 /* allknown.h */; };
		2F7EA4A60FFCEBE6005E5C36 /* hsi.cpp in Sources */ = {isa = PBXBuildFile; fileRef = 2F7EA3F00FFCEBE6005E5C36 /* hsi.cpp */; };
		2F7EA4A80FFCEBE6005E5C36 /* checkused.cpp in Sources */ = {isa = PBXBuildFile; fileRef = 2F7EA3F20FFCEBE6005E5C36 /* checkused.cpp */; };
		2F7EA4A90FFCEBE6005E5C36 /* checkused.h in Copy Frameworks into .app bundle */ = {isa = PBXBuildFile; fileRef = 2F7EA3F30FFCEBE6005E5C36 /* checkused.h */; };
		2F7EA4AA0FFCEBE6005E5C36 /* csludge.h in Copy Frameworks into .app bundle */ = {isa = PBXBuildFile; fileRef = 2F7EA3F40FFCEBE6005E5C36 /* csludge.h */; };
		2F7EA4AB0FFCEBE6005E5C36 /* dumpfiles.cpp in Sources */ = {isa = PBXBuildFile; fileRef = 2F7EA3F50FFCEBE6005E5C36 /* dumpfiles.cpp */; };
		2F7EA4AC0FFCEBE6005E5C36 /* dumpfiles.h in Copy Frameworks into .app bundle */ = {isa = PBXBuildFile; fileRef = 2F7EA3F60FFCEBE6005E5C36 /* dumpfiles.h */; };
		2F7EA4AD0FFCEBE6005E5C36 /* floor.cpp in Sources */ = {isa = PBXBuildFile; fileRef = 2F7EA3F70FFCEBE6005E5C36 /* floor.cpp */; };
		2F7EA4AE0FFCEBE6005E5C36 /* floor.h in Copy Frameworks into .app bundle */ = {isa = PBXBuildFile; fileRef = 2F7EA3F80FFCEBE6005E5C36 /* floor.h */; };
		2F7EA4AF0FFCEBE6005E5C36 /* sludge_functions.cpp in Sources */ = {isa = PBXBuildFile; fileRef = 2F7EA3F90FFCEBE6005E5C36 /* sludge_functions.cpp */; };
		2F7EA4B00FFCEBE6005E5C36 /* sludge_functions.h in Copy Frameworks into .app bundle */ = {isa = PBXBuildFile; fileRef = 2F7EA3FA0FFCEBE6005E5C36 /* sludge_functions.h */; };
		2F7EA4B10FFCEBE6005E5C36 /* linker.cpp in Sources */ = {isa = PBXBuildFile; fileRef = 2F7EA3FB0FFCEBE6005E5C36 /* linker.cpp */; };
		2F7EA4B20FFCEBE6005E5C36 /* linker.h in Copy Frameworks into .app bundle */ = {isa = PBXBuildFile; fileRef = 2F7EA3FC0FFCEBE6005E5C36 /* linker.h */; };
		2F7EA4B70FFCEBE6005E5C36 /* objtype.cpp in Sources */ = {isa = PBXBuildFile; fileRef = 2F7EA4010FFCEBE6005E5C36 /* objtype.cpp */; };
		2F7EA4B80FFCEBE6005E5C36 /* objtype.h in Copy Frameworks into .app bundle */ = {isa = PBXBuildFile; fileRef = 2F7EA4020FFCEBE6005E5C36 /* objtype.h */; };
		2F7EA4BB0FFCEBE6005E5C36 /* percbar.h in Copy Frameworks into .app bundle */ = {isa = PBXBuildFile; fileRef = 2F7EA4050FFCEBE6005E5C36 /* percbar.h */; };
		2F7EA4BC0FFCEBE6005E5C36 /* preproc.cpp in Sources */ = {isa = PBXBuildFile; fileRef = 2F7EA4060FFCEBE6005E5C36 /* preproc.cpp */; };
		2F7EA4BD0FFCEBE6005E5C36 /* preproc.h in Copy Frameworks into .app bundle */ = {isa = PBXBuildFile; fileRef = 2F7EA4070FFCEBE6005E5C36 /* preproc.h */; };
		2F7EA4BE0FFCEBE6005E5C36 /* realproc.cpp in Sources */ = {isa = PBXBuildFile; fileRef = 2F7EA4080FFCEBE6005E5C36 /* realproc.cpp */; };
		2F7EA4BF0FFCEBE6005E5C36 /* realproc.h in Copy Frameworks into .app bundle */ = {isa = PBXBuildFile; fileRef = 2F7EA4090FFCEBE6005E5C36 /* realproc.h */; };
		2F7EA4C90FFCEBE6005E5C36 /* tokens.cpp in Sources */ = {isa = PBXBuildFile; fileRef = 2F7EA4140FFCEBE6005E5C36 /* tokens.cpp */; };
		2F7EA4CA0FFCEBE6005E5C36 /* tokens.h in Copy Frameworks into .app bundle */ = {isa = PBXBuildFile; fileRef = 2F7EA4150FFCEBE6005E5C36 /* tokens.h */; };
		2F7EA4CB0FFCEBE6005E5C36 /* translation.cpp in Sources */ = {isa = PBXBuildFile; fileRef = 2F7EA4160FFCEBE6005E5C36 /* translation.cpp */; };
		2F7EA4CC0FFCEBE6005E5C36 /* translation.h in Copy Frameworks into .app bundle */ = {isa = PBXBuildFile; fileRef = 2F7EA4170FFCEBE6005E5C36 /* translation.h */; };
		2F7EA4CD0FFCEBE6005E5C36 /* typedef.h in Copy Frameworks into .app bundle */ = {isa = PBXBuildFile; fileRef = 2F7EA4180FFCEBE6005E5C36 /* typedef.h */; };
		2F7EA4EF0FFCEBE6005E5C36 /* launch.h in Copy Frameworks into .app bundle */ = {isa = PBXBuildFile; fileRef = 2F7EA43C0FFCEBE6005E5C36 /* launch.h */; };
		2F7EA5060FFCEBE6005E5C36 /* savedata.h in Copy Frameworks into .app bundle */ = {isa = PBXBuildFile; fileRef = 2F7EA4550FFCEBE6005E5C36 /* savedata.h */; };
		2F7EA5070FFCEBE6005E5C36 /* settings.cpp in Sources */ = {isa = PBXBuildFile; fileRef = 2F7EA4560FFCEBE6005E5C36 /* settings.cpp */; };
		2F7EA5080FFCEBE6005E5C36 /* settings.h in Copy Frameworks into .app bundle */ = {isa = PBXBuildFile; fileRef = 2F7EA4570FFCEBE6005E5C36 /* settings.h */; };
		2F81D1AF1013C9D400276F1B /* sprites.cpp in Sources */ = {isa = PBXBuildFile; fileRef = 2F7EA4720FFCEBE6005E5C36 /* sprites.cpp */; };
		2F81D1B11013C9DB00276F1B /* sprites.h in Copy Frameworks into .app bundle */ = {isa = PBXBuildFile; fileRef = 2F7EA4730FFCEBE6005E5C36 /* sprites.h */; };
		2F820CCC100E10AE0004738F /* messbox.cpp in Sources */ = {isa = PBXBuildFile; fileRef = 2F820CC9100E10AE0004738F /* messbox.cpp */; };
		2F820CCD100E10AE0004738F /* messbox.h in Copy Frameworks into .app bundle */ = {isa = PBXBuildFile; fileRef = 2F820CCA100E10AE0004738F /* messbox.h */; };
		2F820CCE100E10AE0004738F /* moreio.cpp in Sources */ = {isa = PBXBuildFile; fileRef = 2F820CCB100E10AE0004738F /* moreio.cpp */; };
		2F887020101DDA9200359D3E /* floorIcon.icns in Resources */ = {isa = PBXBuildFile; fileRef = 2F88701F101DDA9200359D3E /* floorIcon.icns */; };
		2F9355991012656700099D24 /* spriteIcon.icns in Resources */ = {isa = PBXBuildFile; fileRef = 2F9355981012656700099D24 /* spriteIcon.icns */; };
		2F9355AF1012670D00099D24 /* ProjectDocument.h in Copy Frameworks into .app bundle */ = {isa = PBXBuildFile; fileRef = 2F9355AD1012670D00099D24 /* ProjectDocument.h */; };
		2F9355B01012670D00099D24 /* ProjectDocument.m in Sources */ = {isa = PBXBuildFile; fileRef = 2F9355AE1012670D00099D24 /* ProjectDocument.m */; };
		2F981B9D10414BF00097177B /* ScriptDocument.h in Copy Frameworks into .app bundle */ = {isa = PBXBuildFile; fileRef = 2F981B9B10414BF00097177B /* ScriptDocument.h */; };
		2F981B9E10414BF00097177B /* ScriptDocument.m in Sources */ = {isa = PBXBuildFile; fileRef = 2F981B9C10414BF00097177B /* ScriptDocument.m */; };
		2F981BC610414D120097177B /* ScriptDocument.nib in Resources */ = {isa = PBXBuildFile; fileRef = 2F981BC510414D120097177B /* ScriptDocument.nib */; };
		2F9DDF75100CC7DA0067DE50 /* SLUDGEDevKitHelp in Resources */ = {isa = PBXBuildFile; fileRef = 2F18B6D5100CC0B40009A1CB /* SLUDGEDevKitHelp */; };
		2F9DE047100CC7ED0067DE50 /* DevKit Main.nib in Resources */ = {isa = PBXBuildFile; fileRef = 002F3AF009D08F1000EBEB88 /* DevKit Main.nib */; };
		2F9DE048100CC7FA0067DE50 /* InfoPlist.strings in Resources */ = {isa = PBXBuildFile; fileRef = 089C165DFE840E0CC02AAC07 /* InfoPlist.strings */; };
		2FA3510F10148E2800979809 /* moreio.h in Copy Frameworks into .app bundle */ = {isa = PBXBuildFile; fileRef = 2FA3510E10148E2800979809 /* moreio.h */; };
		2FCE93A51029C9C900315052 /* TranslationEditor.nib in Resources */ = {isa = PBXBuildFile; fileRef = 2FCE93A41029C9C900315052 /* TranslationEditor.nib */; };
		2FCE93A81029CA5000315052 /* TranslationDocument.h in Copy Frameworks into .app bundle */ = {isa = PBXBuildFile; fileRef = 2FCE93A61029CA5000315052 /* TranslationDocument.h */; };
		2FCE93A91029CA5000315052 /* TranslationDocument.m in Sources */ = {isa = PBXBuildFile; fileRef = 2FCE93A71029CA5000315052 /* TranslationDocument.m */; };
		2FD220B6101B567700F4CA41 /* zIcon.icns in Resources */ = {isa = PBXBuildFile; fileRef = 2FD220B5101B567700F4CA41 /* zIcon.icns */; };
		2FD220B8101B569300F4CA41 /* scriptIcon.icns in Resources */ = {isa = PBXBuildFile; fileRef = 2FD220B7101B569300F4CA41 /* scriptIcon.icns */; };
		2FD220BA101B569D00F4CA41 /* Compiler.icns in Resources */ = {isa = PBXBuildFile; fileRef = 2FD220B9101B569D00F4CA41 /* Compiler.icns */; };
		2FDA7B9D1026204F00DC8F16 /* flags.icns in Resources */ = {isa = PBXBuildFile; fileRef = 2FDA7B9C1026204F00DC8F16 /* flags.icns */; };
		2FDE2F331030DEBE00FAAA65 /* floormodeicon1.png in Resources */ = {isa = PBXBuildFile; fileRef = 2FDE2F321030DEBE00FAAA65 /* floormodeicon1.png */; };
		2FDE2F351030DED900FAAA65 /* floormodeicon2.png in Resources */ = {isa = PBXBuildFile; fileRef = 2FDE2F341030DED900FAAA65 /* floormodeicon2.png */; };
		2FDE2F371030DEDE00FAAA65 /* floormodeicon3.png in Resources */ = {isa = PBXBuildFile; fileRef = 2FDE2F361030DEDE00FAAA65 /* floormodeicon3.png */; };
		2FDE2F391030DEE200FAAA65 /* floormodeicon4.png in Resources */ = {isa = PBXBuildFile; fileRef = 2FDE2F381030DEE200FAAA65 /* floormodeicon4.png */; };
		2FDE2F3B1030DEE700FAAA65 /* floormodeicon5.png in Resources */ = {isa = PBXBuildFile; fileRef = 2FDE2F3A1030DEE700FAAA65 /* floormodeicon5.png */; };
		2FE2619F1010BD5D005EF966 /* hsi.h in Copy Frameworks into .app bundle */ = {isa = PBXBuildFile; fileRef = 2FE2619E1010BD5D005EF966 /* hsi.h */; };
		2FE2CEC40FFD683B000CC795 /* OpenGL.framework in Frameworks */ = {isa = PBXBuildFile; fileRef = 2FE2CEC30FFD683B000CC795 /* OpenGL.framework */; };
		2FE8E965100FC28F009687AA /* AppController.h in Copy Frameworks into .app bundle */ = {isa = PBXBuildFile; fileRef = 002F3A2B09D0888800EBEB88 /* AppController.h */; };
		2FE8E966100FC29A009687AA /* AppKit.framework in Frameworks */ = {isa = PBXBuildFile; fileRef = 29B97324FDCFA39411CA2CEA /* AppKit.framework */; };
		2FF7AE521012195300F6AF98 /* SpriteBank.h in Copy Frameworks into .app bundle */ = {isa = PBXBuildFile; fileRef = 2FF7AE501012195300F6AF98 /* SpriteBank.h */; };
		2FF7AE531012195300F6AF98 /* SpriteBank.m in Sources */ = {isa = PBXBuildFile; fileRef = 2FF7AE511012195300F6AF98 /* SpriteBank.m */; };
		2FF7AE5D10121A0700F6AF98 /* SpriteBank.nib in Resources */ = {isa = PBXBuildFile; fileRef = 2FF7AE5C10121A0700F6AF98 /* SpriteBank.nib */; };
		8D11072F0486CEB800E47090 /* Cocoa.framework in Frameworks */ = {isa = PBXBuildFile; fileRef = 1058C7A1FEA54F0111CA2CBB /* Cocoa.framework */; };
		E80D9E7F12C9E6C800663154 /* SLUDGE Document.m in Sources */ = {isa = PBXBuildFile; fileRef = E80D9E7E12C9E6C800663154 /* SLUDGE Document.m */; };
		E839AAD412D739B1007DD503 /* helpers.cpp in Sources */ = {isa = PBXBuildFile; fileRef = E839AAD212D739B1007DD503 /* helpers.cpp */; };
		E850AB691271E77300224E49 /* compilerinfo.cpp in Sources */ = {isa = PBXBuildFile; fileRef = E850AB671271E77300224E49 /* compilerinfo.cpp */; };
		E89B14A41497E52D0059BF63 /* utf8.cpp in Sources */ = {isa = PBXBuildFile; fileRef = E89B14A21497E52D0059BF63 /* utf8.cpp */; };
		E8F4F7A5132B8877000F35A9 /* stringarray.cpp in Sources */ = {isa = PBXBuildFile; fileRef = E8F4F7A3132B8877000F35A9 /* stringarray.cpp */; };
/* End PBXBuildFile section */

/* Begin PBXCopyFilesBuildPhase section */
		002F39FD09D0883400EBEB88 /* Copy Frameworks into .app bundle */ = {
			isa = PBXCopyFilesBuildPhase;
			buildActionMask = 2147483647;
			dstPath = "";
			dstSubfolderSpec = 10;
			files = (
				2F59E734102E22CA00008746 /* libpng.framework in Copy Frameworks into .app bundle */,
				2F7EA3E50FFCEBCF005E5C36 /* functionlist.h in Copy Frameworks into .app bundle */,
				2F7EA3E90FFCEBCF005E5C36 /* specialsettings.h in Copy Frameworks into .app bundle */,
				2F7EA3EB0FFCEBCF005E5C36 /* tga.h in Copy Frameworks into .app bundle */,
				2F7EA3EC0FFCEBCF005E5C36 /* version.h in Copy Frameworks into .app bundle */,
				2F7EA4A50FFCEBE6005E5C36 /* allknown.h in Copy Frameworks into .app bundle */,
				2F7EA4A90FFCEBE6005E5C36 /* checkused.h in Copy Frameworks into .app bundle */,
				2F7EA4AA0FFCEBE6005E5C36 /* csludge.h in Copy Frameworks into .app bundle */,
				2F7EA4AC0FFCEBE6005E5C36 /* dumpfiles.h in Copy Frameworks into .app bundle */,
				2F7EA4AE0FFCEBE6005E5C36 /* floor.h in Copy Frameworks into .app bundle */,
				2F7EA4B00FFCEBE6005E5C36 /* sludge_functions.h in Copy Frameworks into .app bundle */,
				2F7EA4B20FFCEBE6005E5C36 /* linker.h in Copy Frameworks into .app bundle */,
				2F7EA4B80FFCEBE6005E5C36 /* objtype.h in Copy Frameworks into .app bundle */,
				2F7EA4BB0FFCEBE6005E5C36 /* percbar.h in Copy Frameworks into .app bundle */,
				2F7EA4BD0FFCEBE6005E5C36 /* preproc.h in Copy Frameworks into .app bundle */,
				2F7EA4BF0FFCEBE6005E5C36 /* realproc.h in Copy Frameworks into .app bundle */,
				2F7EA4CA0FFCEBE6005E5C36 /* tokens.h in Copy Frameworks into .app bundle */,
				2F7EA4CC0FFCEBE6005E5C36 /* translation.h in Copy Frameworks into .app bundle */,
				2F7EA4CD0FFCEBE6005E5C36 /* typedef.h in Copy Frameworks into .app bundle */,
				2F7EA4EF0FFCEBE6005E5C36 /* launch.h in Copy Frameworks into .app bundle */,
				2F7EA5060FFCEBE6005E5C36 /* savedata.h in Copy Frameworks into .app bundle */,
				2F7EA5080FFCEBE6005E5C36 /* settings.h in Copy Frameworks into .app bundle */,
				2F18B660100CB9C30009A1CB /* GLee.h in Copy Frameworks into .app bundle */,
				2F18B6AD100CBE5A0009A1CB /* splitter.hpp in Copy Frameworks into .app bundle */,
				2F373F6F100E0686009F6880 /* project.hpp in Copy Frameworks into .app bundle */,
				2F820CCD100E10AE0004738F /* messbox.h in Copy Frameworks into .app bundle */,
				2F61A6FD100F50D000EBE4B0 /* compiler.hpp in Copy Frameworks into .app bundle */,
				2FE8E965100FC28F009687AA /* AppController.h in Copy Frameworks into .app bundle */,
				2F6092621010729500BC0F94 /* interface.h in Copy Frameworks into .app bundle */,
				2FE2619F1010BD5D005EF966 /* hsi.h in Copy Frameworks into .app bundle */,
				2FF7AE521012195300F6AF98 /* SpriteBank.h in Copy Frameworks into .app bundle */,
				2F9355AF1012670D00099D24 /* ProjectDocument.h in Copy Frameworks into .app bundle */,
				2F81D1B11013C9DB00276F1B /* sprites.h in Copy Frameworks into .app bundle */,
				2FA3510F10148E2800979809 /* moreio.h in Copy Frameworks into .app bundle */,
				2F1505ED101DCDE4006F9068 /* FloorDocument.h in Copy Frameworks into .app bundle */,
				2F15065A101DD528006F9068 /* floormaker.h in Copy Frameworks into .app bundle */,
				2FCE93A81029CA5000315052 /* TranslationDocument.h in Copy Frameworks into .app bundle */,
				2F03811C102AEF2F00EDBAFB /* translator.h in Copy Frameworks into .app bundle */,
				2F2FF54E102C2598005439DA /* zDocument.h in Copy Frameworks into .app bundle */,
				2F2FF5BF102C4263005439DA /* zbuffer.h in Copy Frameworks into .app bundle */,
				2F981B9D10414BF00097177B /* ScriptDocument.h in Copy Frameworks into .app bundle */,
			);
			name = "Copy Frameworks into .app bundle";
			runOnlyForDeploymentPostprocessing = 0;
		};
/* End PBXCopyFilesBuildPhase section */

/* Begin PBXFileReference section */
		002F3A2B09D0888800EBEB88 /* AppController.h */ = {isa = PBXFileReference; fileEncoding = 30; lastKnownFileType = sourcecode.c.h; path = AppController.h; sourceTree = "<group>"; };
		002F3A2C09D0888800EBEB88 /* AppController.m */ = {isa = PBXFileReference; fileEncoding = 30; lastKnownFileType = sourcecode.c.objc; path = AppController.m; sourceTree = "<group>"; };
		002F3AF009D08F1000EBEB88 /* DevKit Main.nib */ = {isa = PBXFileReference; lastKnownFileType = wrapper.nib; path = "DevKit Main.nib"; sourceTree = "<group>"; };
		089C165DFE840E0CC02AAC07 /* InfoPlist.strings */ = {isa = PBXFileReference; fileEncoding = 10; lastKnownFileType = text.plist.strings; path = InfoPlist.strings; sourceTree = "<group>"; };
		1058C7A1FEA54F0111CA2CBB /* Cocoa.framework */ = {isa = PBXFileReference; lastKnownFileType = wrapper.framework; name = Cocoa.framework; path = /System/Library/Frameworks/Cocoa.framework; sourceTree = "<absolute>"; };
		29B97324FDCFA39411CA2CEA /* AppKit.framework */ = {isa = PBXFileReference; lastKnownFileType = wrapper.framework; name = AppKit.framework; path = /System/Library/Frameworks/AppKit.framework; sourceTree = "<absolute>"; };
		29B97325FDCFA39411CA2CEA /* Foundation.framework */ = {isa = PBXFileReference; lastKnownFileType = wrapper.framework; name = Foundation.framework; path = /System/Library/Frameworks/Foundation.framework; sourceTree = "<absolute>"; };
		2F03811A102AEF2F00EDBAFB /* translator.h */ = {isa = PBXFileReference; fileEncoding = 4; lastKnownFileType = sourcecode.c.h; name = translator.h; path = ../source/DevKit/TranslationEditor/translator.h; sourceTree = "<group>"; };
		2F03811B102AEF2F00EDBAFB /* translator.cpp */ = {isa = PBXFileReference; fileEncoding = 4; lastKnownFileType = sourcecode.cpp.cpp; name = translator.cpp; path = ../source/DevKit/TranslationEditor/translator.cpp; sourceTree = "<group>"; };
		2F1505EB101DCDE4006F9068 /* FloorDocument.h */ = {isa = PBXFileReference; fileEncoding = 4; lastKnownFileType = sourcecode.c.h; path = FloorDocument.h; sourceTree = "<group>"; };
		2F1505EC101DCDE4006F9068 /* FloorDocument.m */ = {isa = PBXFileReference; fileEncoding = 4; lastKnownFileType = sourcecode.c.objc; path = FloorDocument.m; sourceTree = "<group>"; };
		2F150637101DD181006F9068 /* Floor.nib */ = {isa = PBXFileReference; lastKnownFileType = wrapper.nib; path = Floor.nib; sourceTree = "<group>"; };
		2F150658101DD528006F9068 /* floormaker.h */ = {isa = PBXFileReference; fileEncoding = 4; lastKnownFileType = sourcecode.c.h; name = floormaker.h; path = ../source/DevKit/GraphicalTools/floormaker.h; sourceTree = "<group>"; };
		2F150659101DD528006F9068 /* floormaker.cpp */ = {isa = PBXFileReference; fileEncoding = 4; lastKnownFileType = sourcecode.cpp.cpp; name = floormaker.cpp; path = ../source/DevKit/GraphicalTools/floormaker.cpp; sourceTree = "<group>"; };
		2F18B65D100CB9C20009A1CB /* GLee.c */ = {isa = PBXFileReference; fileEncoding = 30; lastKnownFileType = sourcecode.c.c; name = GLee.c; path = ../GLee/GLee.c; sourceTree = SOURCE_ROOT; };
		2F18B65E100CB9C20009A1CB /* GLee.h */ = {isa = PBXFileReference; fileEncoding = 30; lastKnownFileType = sourcecode.c.h; name = GLee.h; path = ../GLee/GLee.h; sourceTree = SOURCE_ROOT; };
		2F18B6D5100CC0B40009A1CB /* SLUDGEDevKitHelp */ = {isa = PBXFileReference; lastKnownFileType = folder; name = SLUDGEDevKitHelp; path = ../doc/SLUDGEDevKitHelp; sourceTree = SOURCE_ROOT; };
		2F1B9A62100CF81C00BD9739 /* Credits.html */ = {isa = PBXFileReference; fileEncoding = 30; lastKnownFileType = text.html; name = Credits.html; path = ../doc/Credits.html; sourceTree = SOURCE_ROOT; };
		2F1BD59210172D890014BFBB /* ProjectDocument.nib */ = {isa = PBXFileReference; lastKnownFileType = wrapper.nib; path = ProjectDocument.nib; sourceTree = "<group>"; };
		2F2FF54C102C2598005439DA /* zDocument.h */ = {isa = PBXFileReference; fileEncoding = 4; lastKnownFileType = sourcecode.c.h; path = zDocument.h; sourceTree = "<group>"; };
		2F2FF54D102C2598005439DA /* zDocument.m */ = {isa = PBXFileReference; fileEncoding = 4; lastKnownFileType = sourcecode.c.objc; path = zDocument.m; sourceTree = "<group>"; };
		2F2FF563102C25FD005439DA /* zDocument.nib */ = {isa = PBXFileReference; lastKnownFileType = wrapper.nib; path = zDocument.nib; sourceTree = "<group>"; };
		2F373F6D100E0686009F6880 /* project.hpp */ = {isa = PBXFileReference; fileEncoding = 4; lastKnownFileType = sourcecode.cpp.h; name = project.hpp; path = ../source/DevKit/ProjectManager/project.hpp; sourceTree = "<group>"; };
		2F373F6E100E0686009F6880 /* project.cpp */ = {isa = PBXFileReference; fileEncoding = 4; lastKnownFileType = sourcecode.cpp.cpp; name = project.cpp; path = ../source/DevKit/ProjectManager/project.cpp; sourceTree = "<group>"; };
		2F469899101B4ACA00D451DB /* slx.icns */ = {isa = PBXFileReference; lastKnownFileType = image.icns; name = slx.icns; path = ../images/slx.icns; sourceTree = SOURCE_ROOT; };
		2F59AFFE100CD9E1004A21BC /* Carbon.framework */ = {isa = PBXFileReference; lastKnownFileType = wrapper.framework; name = Carbon.framework; path = SDKs/MacOSX10.4u.sdk/System/Library/Frameworks/Carbon.framework; sourceTree = DEVELOPER_DIR; };
		2F59E72D102E22A900008746 /* libpng.framework */ = {isa = PBXFileReference; lastKnownFileType = wrapper.framework; name = libpng.framework; path = "../../libpng-1.2.38/projects/xcode/build/Release/libpng.framework"; sourceTree = SOURCE_ROOT; };
		2F6092611010729500BC0F94 /* interface.h */ = {isa = PBXFileReference; fileEncoding = 4; lastKnownFileType = sourcecode.c.h; name = interface.h; path = ../source/DevKit/Common/interface.h; sourceTree = "<group>"; };
		2F61A6FB100F50D000EBE4B0 /* compiler.hpp */ = {isa = PBXFileReference; fileEncoding = 4; lastKnownFileType = sourcecode.cpp.h; name = compiler.hpp; path = ../source/DevKit/Compiler/compiler.hpp; sourceTree = "<group>"; };
		2F61A6FC100F50D000EBE4B0 /* compiler.cpp */ = {isa = PBXFileReference; fileEncoding = 4; lastKnownFileType = sourcecode.cpp.cpp; name = compiler.cpp; path = ../source/DevKit/Compiler/compiler.cpp; sourceTree = "<group>"; };
		2F695C70100D138D008A8DC1 /* icon.icns */ = {isa = PBXFileReference; lastKnownFileType = image.icns; name = icon.icns; path = ../images/icon.icns; sourceTree = SOURCE_ROOT; };
		2F695C71100D138D008A8DC1 /* ProjIcon.icns */ = {isa = PBXFileReference; lastKnownFileType = image.icns; name = ProjIcon.icns; path = ../images/ProjIcon.icns; sourceTree = SOURCE_ROOT; };
		2F7EA3DD0FFCEBCF005E5C36 /* functionlist.h */ = {isa = PBXFileReference; fileEncoding = 30; lastKnownFileType = sourcecode.c.h; path = functionlist.h; sourceTree = "<group>"; };
		2F7EA3E10FFCEBCF005E5C36 /* specialsettings.h */ = {isa = PBXFileReference; fileEncoding = 30; lastKnownFileType = sourcecode.c.h; path = specialsettings.h; sourceTree = "<group>"; };
		2F7EA3E20FFCEBCF005E5C36 /* tga.cpp */ = {isa = PBXFileReference; fileEncoding = 30; lastKnownFileType = sourcecode.cpp.cpp; path = tga.cpp; sourceTree = "<group>"; };
		2F7EA3E30FFCEBCF005E5C36 /* tga.h */ = {isa = PBXFileReference; fileEncoding = 30; lastKnownFileType = sourcecode.c.h; path = tga.h; sourceTree = "<group>"; };
		2F7EA3E40FFCEBCF005E5C36 /* version.h */ = {isa = PBXFileReference; fileEncoding = 30; lastKnownFileType = sourcecode.c.h; path = version.h; sourceTree = "<group>"; };
		2F7EA3EE0FFCEBE6005E5C36 /* allknown.cpp */ = {isa = PBXFileReference; fileEncoding = 30; lastKnownFileType = sourcecode.cpp.cpp; name = allknown.cpp; path = ../source/DevKit/Compiler/allknown.cpp; sourceTree = "<group>"; };
		2F7EA3EF0FFCEBE6005E5C36 /* allknown.h */ = {isa = PBXFileReference; fileEncoding = 30; lastKnownFileType = sourcecode.c.h; name = allknown.h; path = ../source/DevKit/Compiler/allknown.h; sourceTree = "<group>"; };
		2F7EA3F00FFCEBE6005E5C36 /* hsi.cpp */ = {isa = PBXFileReference; fileEncoding = 30; lastKnownFileType = sourcecode.cpp.cpp; name = hsi.cpp; path = ../source/DevKit/Compiler/hsi.cpp; sourceTree = "<group>"; };
		2F7EA3F20FFCEBE6005E5C36 /* checkused.cpp */ = {isa = PBXFileReference; fileEncoding = 30; lastKnownFileType = sourcecode.cpp.cpp; name = checkused.cpp; path = ../source/DevKit/Compiler/checkused.cpp; sourceTree = "<group>"; };
		2F7EA3F30FFCEBE6005E5C36 /* checkused.h */ = {isa = PBXFileReference; fileEncoding = 30; lastKnownFileType = sourcecode.c.h; name = checkused.h; path = ../source/DevKit/Compiler/checkused.h; sourceTree = "<group>"; };
		2F7EA3F40FFCEBE6005E5C36 /* csludge.h */ = {isa = PBXFileReference; fileEncoding = 30; lastKnownFileType = sourcecode.c.h; name = csludge.h; path = ../source/DevKit/Compiler/csludge.h; sourceTree = "<group>"; };
		2F7EA3F50FFCEBE6005E5C36 /* dumpfiles.cpp */ = {isa = PBXFileReference; fileEncoding = 30; lastKnownFileType = sourcecode.cpp.cpp; name = dumpfiles.cpp; path = ../source/DevKit/Compiler/dumpfiles.cpp; sourceTree = "<group>"; };
		2F7EA3F60FFCEBE6005E5C36 /* dumpfiles.h */ = {isa = PBXFileReference; fileEncoding = 30; lastKnownFileType = sourcecode.c.h; name = dumpfiles.h; path = ../source/DevKit/Compiler/dumpfiles.h; sourceTree = "<group>"; };
		2F7EA3F70FFCEBE6005E5C36 /* floor.cpp */ = {isa = PBXFileReference; fileEncoding = 30; lastKnownFileType = sourcecode.cpp.cpp; name = floor.cpp; path = ../source/DevKit/Compiler/floor.cpp; sourceTree = "<group>"; };
		2F7EA3F80FFCEBE6005E5C36 /* floor.h */ = {isa = PBXFileReference; fileEncoding = 30; lastKnownFileType = sourcecode.c.h; name = floor.h; path = ../source/DevKit/Compiler/floor.h; sourceTree = "<group>"; };
		2F7EA3F90FFCEBE6005E5C36 /* sludge_functions.cpp */ = {isa = PBXFileReference; fileEncoding = 30; lastKnownFileType = sourcecode.cpp.cpp; name = sludge_functions.cpp; path = ../source/DevKit/Compiler/sludge_functions.cpp; sourceTree = "<group>"; };
		2F7EA3FA0FFCEBE6005E5C36 /* sludge_functions.h */ = {isa = PBXFileReference; fileEncoding = 30; lastKnownFileType = sourcecode.c.h; name = sludge_functions.h; path = ../source/DevKit/Compiler/sludge_functions.h; sourceTree = "<group>"; };
		2F7EA3FB0FFCEBE6005E5C36 /* linker.cpp */ = {isa = PBXFileReference; fileEncoding = 30; lastKnownFileType = sourcecode.cpp.cpp; name = linker.cpp; path = ../source/DevKit/Compiler/linker.cpp; sourceTree = "<group>"; };
		2F7EA3FC0FFCEBE6005E5C36 /* linker.h */ = {isa = PBXFileReference; fileEncoding = 30; lastKnownFileType = sourcecode.c.h; name = linker.h; path = ../source/DevKit/Compiler/linker.h; sourceTree = "<group>"; };
		2F7EA4010FFCEBE6005E5C36 /* objtype.cpp */ = {isa = PBXFileReference; fileEncoding = 30; lastKnownFileType = sourcecode.cpp.cpp; name = objtype.cpp; path = ../source/DevKit/Compiler/objtype.cpp; sourceTree = "<group>"; };
		2F7EA4020FFCEBE6005E5C36 /* objtype.h */ = {isa = PBXFileReference; fileEncoding = 30; lastKnownFileType = sourcecode.c.h; name = objtype.h; path = ../source/DevKit/Compiler/objtype.h; sourceTree = "<group>"; };
		2F7EA4050FFCEBE6005E5C36 /* percbar.h */ = {isa = PBXFileReference; fileEncoding = 30; lastKnownFileType = sourcecode.c.h; name = percbar.h; path = ../source/DevKit/Compiler/percbar.h; sourceTree = "<group>"; };
		2F7EA4060FFCEBE6005E5C36 /* preproc.cpp */ = {isa = PBXFileReference; fileEncoding = 30; lastKnownFileType = sourcecode.cpp.cpp; name = preproc.cpp; path = ../source/DevKit/Compiler/preproc.cpp; sourceTree = "<group>"; };
		2F7EA4070FFCEBE6005E5C36 /* preproc.h */ = {isa = PBXFileReference; fileEncoding = 30; lastKnownFileType = sourcecode.c.h; name = preproc.h; path = ../source/DevKit/Compiler/preproc.h; sourceTree = "<group>"; };
		2F7EA4080FFCEBE6005E5C36 /* realproc.cpp */ = {isa = PBXFileReference; fileEncoding = 30; lastKnownFileType = sourcecode.cpp.cpp; name = realproc.cpp; path = ../source/DevKit/Compiler/realproc.cpp; sourceTree = "<group>"; };
		2F7EA4090FFCEBE6005E5C36 /* realproc.h */ = {isa = PBXFileReference; fileEncoding = 30; lastKnownFileType = sourcecode.c.h; name = realproc.h; path = ../source/DevKit/Compiler/realproc.h; sourceTree = "<group>"; };
		2F7EA4140FFCEBE6005E5C36 /* tokens.cpp */ = {isa = PBXFileReference; fileEncoding = 30; lastKnownFileType = sourcecode.cpp.cpp; name = tokens.cpp; path = ../source/DevKit/Compiler/tokens.cpp; sourceTree = "<group>"; };
		2F7EA4150FFCEBE6005E5C36 /* tokens.h */ = {isa = PBXFileReference; fileEncoding = 30; lastKnownFileType = sourcecode.c.h; name = tokens.h; path = ../source/DevKit/Compiler/tokens.h; sourceTree = "<group>"; };
		2F7EA4160FFCEBE6005E5C36 /* translation.cpp */ = {isa = PBXFileReference; fileEncoding = 30; lastKnownFileType = sourcecode.cpp.cpp; name = translation.cpp; path = ../source/DevKit/Compiler/translation.cpp; sourceTree = "<group>"; };
		2F7EA4170FFCEBE6005E5C36 /* translation.h */ = {isa = PBXFileReference; fileEncoding = 30; lastKnownFileType = sourcecode.c.h; name = translation.h; path = ../source/DevKit/Compiler/translation.h; sourceTree = "<group>"; };
		2F7EA4180FFCEBE6005E5C36 /* typedef.h */ = {isa = PBXFileReference; fileEncoding = 30; lastKnownFileType = sourcecode.c.h; name = typedef.h; path = ../source/DevKit/Compiler/typedef.h; sourceTree = "<group>"; };
		2F7EA43C0FFCEBE6005E5C36 /* launch.h */ = {isa = PBXFileReference; fileEncoding = 30; lastKnownFileType = sourcecode.c.h; name = launch.h; path = ../source/DevKit/ProjectManager/launch.h; sourceTree = "<group>"; };
		2F7EA4550FFCEBE6005E5C36 /* savedata.h */ = {isa = PBXFileReference; fileEncoding = 30; lastKnownFileType = sourcecode.c.h; name = savedata.h; path = ../source/DevKit/ProjectManager/savedata.h; sourceTree = "<group>"; };
		2F7EA4560FFCEBE6005E5C36 /* settings.cpp */ = {isa = PBXFileReference; fileEncoding = 30; lastKnownFileType = sourcecode.cpp.cpp; name = settings.cpp; path = ../source/DevKit/ProjectManager/settings.cpp; sourceTree = "<group>"; };
		2F7EA4570FFCEBE6005E5C36 /* settings.h */ = {isa = PBXFileReference; fileEncoding = 30; lastKnownFileType = sourcecode.c.h; name = settings.h; path = ../source/DevKit/ProjectManager/settings.h; sourceTree = "<group>"; };
		2F7EA4700FFCEBE6005E5C36 /* splitter.cpp */ = {isa = PBXFileReference; fileEncoding = 30; lastKnownFileType = sourcecode.cpp.cpp; name = splitter.cpp; path = ../DevKit/Compiler/splitter.cpp; sourceTree = "<group>"; };
		2F7EA4720FFCEBE6005E5C36 /* sprites.cpp */ = {isa = PBXFileReference; fileEncoding = 30; lastKnownFileType = sourcecode.cpp.cpp; name = sprites.cpp; path = ../source/DevKit/GraphicalTools/sprites.cpp; sourceTree = "<group>"; };
		2F7EA4730FFCEBE6005E5C36 /* sprites.h */ = {isa = PBXFileReference; fileEncoding = 30; lastKnownFileType = sourcecode.c.h; name = sprites.h; path = ../source/DevKit/GraphicalTools/sprites.h; sourceTree = "<group>"; };
		2F7EA4890FFCEBE6005E5C36 /* splitter.hpp */ = {isa = PBXFileReference; fileEncoding = 30; lastKnownFileType = sourcecode.cpp.h; name = splitter.hpp; path = ../DevKit/Compiler/splitter.hpp; sourceTree = "<group>"; };
		2F7EA4A20FFCEBE6005E5C36 /* zbuffer.cpp */ = {isa = PBXFileReference; fileEncoding = 30; lastKnownFileType = sourcecode.cpp.cpp; name = zbuffer.cpp; path = ../source/DevKit/GraphicalTools/zbuffer.cpp; sourceTree = "<group>"; };
		2F7EA4A30FFCEBE6005E5C36 /* zbuffer.h */ = {isa = PBXFileReference; fileEncoding = 30; lastKnownFileType = sourcecode.c.h; name = zbuffer.h; path = ../source/DevKit/GraphicalTools/zbuffer.h; sourceTree = "<group>"; };
		2F820CC9100E10AE0004738F /* messbox.cpp */ = {isa = PBXFileReference; fileEncoding = 30; lastKnownFileType = sourcecode.cpp.cpp; name = messbox.cpp; path = ../source/DevKit/ProjectManager/messbox.cpp; sourceTree = "<group>"; };
		2F820CCA100E10AE0004738F /* messbox.h */ = {isa = PBXFileReference; fileEncoding = 30; lastKnownFileType = sourcecode.c.h; name = messbox.h; path = ../source/DevKit/ProjectManager/messbox.h; sourceTree = "<group>"; };
		2F820CCB100E10AE0004738F /* moreio.cpp */ = {isa = PBXFileReference; fileEncoding = 30; lastKnownFileType = sourcecode.cpp.cpp; name = moreio.cpp; path = ../DevKit/Common/moreio.cpp; sourceTree = "<group>"; };
		2F88701F101DDA9200359D3E /* floorIcon.icns */ = {isa = PBXFileReference; lastKnownFileType = image.icns; name = floorIcon.icns; path = ../images/floorIcon.icns; sourceTree = SOURCE_ROOT; };
		2F9355981012656700099D24 /* spriteIcon.icns */ = {isa = PBXFileReference; lastKnownFileType = image.icns; name = spriteIcon.icns; path = ../images/spriteIcon.icns; sourceTree = SOURCE_ROOT; };
		2F9355AD1012670D00099D24 /* ProjectDocument.h */ = {isa = PBXFileReference; fileEncoding = 4; lastKnownFileType = sourcecode.c.h; path = ProjectDocument.h; sourceTree = "<group>"; };
		2F9355AE1012670D00099D24 /* ProjectDocument.m */ = {isa = PBXFileReference; fileEncoding = 4; lastKnownFileType = sourcecode.c.objc; path = ProjectDocument.m; sourceTree = "<group>"; };
		2F981B9B10414BF00097177B /* ScriptDocument.h */ = {isa = PBXFileReference; fileEncoding = 4; lastKnownFileType = sourcecode.c.h; path = ScriptDocument.h; sourceTree = "<group>"; };
		2F981B9C10414BF00097177B /* ScriptDocument.m */ = {isa = PBXFileReference; fileEncoding = 4; lastKnownFileType = sourcecode.c.objc; path = ScriptDocument.m; sourceTree = "<group>"; };
		2F981BC510414D120097177B /* ScriptDocument.nib */ = {isa = PBXFileReference; lastKnownFileType = wrapper.nib; path = ScriptDocument.nib; sourceTree = "<group>"; };
		2FA3510E10148E2800979809 /* moreio.h */ = {isa = PBXFileReference; fileEncoding = 30; lastKnownFileType = sourcecode.c.h; name = moreio.h; path = ../DevKit/Common/moreio.h; sourceTree = "<group>"; };
		2FCE93A41029C9C900315052 /* TranslationEditor.nib */ = {isa = PBXFileReference; lastKnownFileType = wrapper.nib; path = TranslationEditor.nib; sourceTree = "<group>"; };
		2FCE93A61029CA5000315052 /* TranslationDocument.h */ = {isa = PBXFileReference; fileEncoding = 4; lastKnownFileType = sourcecode.c.h; path = TranslationDocument.h; sourceTree = "<group>"; };
		2FCE93A71029CA5000315052 /* TranslationDocument.m */ = {isa = PBXFileReference; fileEncoding = 4; lastKnownFileType = sourcecode.c.objc; path = TranslationDocument.m; sourceTree = "<group>"; };
		2FD220B5101B567700F4CA41 /* zIcon.icns */ = {isa = PBXFileReference; lastKnownFileType = image.icns; name = zIcon.icns; path = ../images/zIcon.icns; sourceTree = "<group>"; };
		2FD220B7101B569300F4CA41 /* scriptIcon.icns */ = {isa = PBXFileReference; lastKnownFileType = image.icns; name = scriptIcon.icns; path = ../images/scriptIcon.icns; sourceTree = "<group>"; };
		2FD220B9101B569D00F4CA41 /* Compiler.icns */ = {isa = PBXFileReference; lastKnownFileType = image.icns; name = Compiler.icns; path = ../images/Compiler.icns; sourceTree = "<group>"; };
		2FDA7B9C1026204F00DC8F16 /* flags.icns */ = {isa = PBXFileReference; lastKnownFileType = image.icns; name = flags.icns; path = ../images/flags.icns; sourceTree = SOURCE_ROOT; };
		2FDE2F321030DEBE00FAAA65 /* floormodeicon1.png */ = {isa = PBXFileReference; lastKnownFileType = image.png; name = floormodeicon1.png; path = ../images/floormodeicon1.png; sourceTree = SOURCE_ROOT; };
		2FDE2F341030DED900FAAA65 /* floormodeicon2.png */ = {isa = PBXFileReference; lastKnownFileType = image.png; name = floormodeicon2.png; path = ../images/floormodeicon2.png; sourceTree = SOURCE_ROOT; };
		2FDE2F361030DEDE00FAAA65 /* floormodeicon3.png */ = {isa = PBXFileReference; lastKnownFileType = image.png; name = floormodeicon3.png; path = ../images/floormodeicon3.png; sourceTree = SOURCE_ROOT; };
		2FDE2F381030DEE200FAAA65 /* floormodeicon4.png */ = {isa = PBXFileReference; lastKnownFileType = image.png; name = floormodeicon4.png; path = ../images/floormodeicon4.png; sourceTree = SOURCE_ROOT; };
		2FDE2F3A1030DEE700FAAA65 /* floormodeicon5.png */ = {isa = PBXFileReference; lastKnownFileType = image.png; name = floormodeicon5.png; path = ../images/floormodeicon5.png; sourceTree = SOURCE_ROOT; };
		2FE2619E1010BD5D005EF966 /* hsi.h */ = {isa = PBXFileReference; fileEncoding = 30; lastKnownFileType = sourcecode.c.h; name = hsi.h; path = ../source/DevKit/Compiler/hsi.h; sourceTree = "<group>"; };
		2FE2CEC30FFD683B000CC795 /* OpenGL.framework */ = {isa = PBXFileReference; lastKnownFileType = wrapper.framework; name = OpenGL.framework; path = /System/Library/Frameworks/OpenGL.framework; sourceTree = "<absolute>"; };
		2FF7AE501012195300F6AF98 /* SpriteBank.h */ = {isa = PBXFileReference; fileEncoding = 4; lastKnownFileType = sourcecode.c.h; path = SpriteBank.h; sourceTree = "<group>"; };
		2FF7AE511012195300F6AF98 /* SpriteBank.m */ = {isa = PBXFileReference; fileEncoding = 4; lastKnownFileType = sourcecode.c.objc; path = SpriteBank.m; sourceTree = "<group>"; };
		2FF7AE5C10121A0700F6AF98 /* SpriteBank.nib */ = {isa = PBXFileReference; lastKnownFileType = wrapper.nib; path = SpriteBank.nib; sourceTree = "<group>"; };
		8D1107320486CEB800E47090 /* Sludge Dev Kit.app */ = {isa = PBXFileReference; explicitFileType = wrapper.application; includeInIndex = 0; path = "Sludge Dev Kit.app"; sourceTree = BUILT_PRODUCTS_DIR; };
		E80D9E7D12C9E6C800663154 /* SLUDGE Document.h */ = {isa = PBXFileReference; fileEncoding = 4; lastKnownFileType = sourcecode.c.h; path = "SLUDGE Document.h"; sourceTree = "<group>"; };
		E80D9E7E12C9E6C800663154 /* SLUDGE Document.m */ = {isa = PBXFileReference; fileEncoding = 4; lastKnownFileType = sourcecode.c.objc; path = "SLUDGE Document.m"; sourceTree = "<group>"; };
		E839AAD212D739B1007DD503 /* helpers.cpp */ = {isa = PBXFileReference; fileEncoding = 4; lastKnownFileType = sourcecode.cpp.cpp; name = helpers.cpp; path = ../source/DevKit/Common/helpers.cpp; sourceTree = SOURCE_ROOT; };
		E839AAD312D739B1007DD503 /* helpers.h */ = {isa = PBXFileReference; fileEncoding = 4; lastKnownFileType = sourcecode.c.h; name = helpers.h; path = ../source/DevKit/Common/helpers.h; sourceTree = SOURCE_ROOT; };
		E850AB671271E77300224E49 /* compilerinfo.cpp */ = {isa = PBXFileReference; fileEncoding = 4; lastKnownFileType = sourcecode.cpp.cpp; name = compilerinfo.cpp; path = ../source/DevKit/Compiler/compilerinfo.cpp; sourceTree = "<group>"; };
		E850AB681271E77300224E49 /* compilerinfo.h */ = {isa = PBXFileReference; fileEncoding = 4; lastKnownFileType = sourcecode.c.h; name = compilerinfo.h; path = ../source/DevKit/Compiler/compilerinfo.h; sourceTree = "<group>"; };
		E89B14A21497E52D0059BF63 /* utf8.cpp */ = {isa = PBXFileReference; fileEncoding = 4; lastKnownFileType = sourcecode.cpp.cpp; path = utf8.cpp; sourceTree = "<group>"; };
		E89B14A31497E52D0059BF63 /* utf8.h */ = {isa = PBXFileReference; fileEncoding = 4; lastKnownFileType = sourcecode.c.h; path = utf8.h; sourceTree = "<group>"; };
		E8F4F7A3132B8877000F35A9 /* stringarray.cpp */ = {isa = PBXFileReference; fileEncoding = 4; lastKnownFileType = sourcecode.cpp.cpp; name = stringarray.cpp; path = ../source/DevKit/Common/stringarray.cpp; sourceTree = SOURCE_ROOT; };
		E8F4F7A4132B8877000F35A9 /* stringarray.h */ = {isa = PBXFileReference; fileEncoding = 4; lastKnownFileType = sourcecode.c.h; name = stringarray.h; path = ../source/DevKit/Common/stringarray.h; sourceTree = SOURCE_ROOT; };
/* End PBXFileReference section */

/* Begin PBXFrameworksBuildPhase section */
		8D11072E0486CEB800E47090 /* Frameworks */ = {
			isa = PBXFrameworksBuildPhase;
			buildActionMask = 2147483647;
			files = (
				2F59E74E102E248C00008746 /* libpng.framework in Frameworks */,
				8D11072F0486CEB800E47090 /* Cocoa.framework in Frameworks */,
				2FE2CEC40FFD683B000CC795 /* OpenGL.framework in Frameworks */,
				2F59AFFF100CD9E1004A21BC /* Carbon.framework in Frameworks */,
				2FE8E966100FC29A009687AA /* AppKit.framework in Frameworks */,
			);
			runOnlyForDeploymentPostprocessing = 0;
		};
/* End PBXFrameworksBuildPhase section */

/* Begin PBXGroup section */
		080E96DDFE201D6D7F000001 /* Mac Code */ = {
			isa = PBXGroup;
			children = (
				002F3A2B09D0888800EBEB88 /* AppController.h */,
				002F3A2C09D0888800EBEB88 /* AppController.m */,
				E80D9E7D12C9E6C800663154 /* SLUDGE Document.h */,
				E80D9E7E12C9E6C800663154 /* SLUDGE Document.m */,
				2FF7AE501012195300F6AF98 /* SpriteBank.h */,
				2FF7AE511012195300F6AF98 /* SpriteBank.m */,
				2F9355AD1012670D00099D24 /* ProjectDocument.h */,
				2F9355AE1012670D00099D24 /* ProjectDocument.m */,
				2F1505EB101DCDE4006F9068 /* FloorDocument.h */,
				2F1505EC101DCDE4006F9068 /* FloorDocument.m */,
				2FCE93A61029CA5000315052 /* TranslationDocument.h */,
				2FCE93A71029CA5000315052 /* TranslationDocument.m */,
				2F2FF54C102C2598005439DA /* zDocument.h */,
				2F2FF54D102C2598005439DA /* zDocument.m */,
				2F981B9B10414BF00097177B /* ScriptDocument.h */,
				2F981B9C10414BF00097177B /* ScriptDocument.m */,
			);
			name = "Mac Code";
			sourceTree = "<group>";
		};
		1058C7A0FEA54F0111CA2CBB /* Linked Frameworks */ = {
			isa = PBXGroup;
			children = (
				2F59AFFE100CD9E1004A21BC /* Carbon.framework */,
				2FE2CEC30FFD683B000CC795 /* OpenGL.framework */,
				1058C7A1FEA54F0111CA2CBB /* Cocoa.framework */,
			);
			name = "Linked Frameworks";
			sourceTree = "<group>";
		};
		1058C7A2FEA54F0111CA2CBB /* Other Frameworks */ = {
			isa = PBXGroup;
			children = (
				29B97324FDCFA39411CA2CEA /* AppKit.framework */,
				29B97325FDCFA39411CA2CEA /* Foundation.framework */,
			);
			name = "Other Frameworks";
			sourceTree = "<group>";
		};
		19C28FACFE9D520D11CA2CBB /* Products */ = {
			isa = PBXGroup;
			children = (
				8D1107320486CEB800E47090 /* Sludge Dev Kit.app */,
			);
			name = Products;
			sourceTree = "<group>";
		};
		29B97314FDCFA39411CA2CEA /* Sludge Dev Kit */ = {
			isa = PBXGroup;
			children = (
				2F18B6D5100CC0B40009A1CB /* SLUDGEDevKitHelp */,
				2F7EA3DC0FFCEBCF005E5C36 /* CommonCode */,
				E83C1BC412C27715002F19D7 /* Dev Kit */,
				080E96DDFE201D6D7F000001 /* Mac Code */,
				29B97317FDCFA39411CA2CEA /* Resources */,
				29B97323FDCFA39411CA2CEA /* Frameworks */,
				19C28FACFE9D520D11CA2CBB /* Products */,
			);
			name = "Sludge Dev Kit";
			sourceTree = "<group>";
		};
		29B97317FDCFA39411CA2CEA /* Resources */ = {
			isa = PBXGroup;
			children = (
				2FDA7B9C1026204F00DC8F16 /* flags.icns */,
				2F88701F101DDA9200359D3E /* floorIcon.icns */,
				2FD220B5101B567700F4CA41 /* zIcon.icns */,
				2FD220B9101B569D00F4CA41 /* Compiler.icns */,
				2F469899101B4ACA00D451DB /* slx.icns */,
				2FD220B7101B569300F4CA41 /* scriptIcon.icns */,
				2F9355981012656700099D24 /* spriteIcon.icns */,
				2F695C70100D138D008A8DC1 /* icon.icns */,
				2F695C71100D138D008A8DC1 /* ProjIcon.icns */,
				2F1B9A62100CF81C00BD9739 /* Credits.html */,
				089C165DFE840E0CC02AAC07 /* InfoPlist.strings */,
				002F3AF009D08F1000EBEB88 /* DevKit Main.nib */,
				2FF7AE5C10121A0700F6AF98 /* SpriteBank.nib */,
				2F1BD59210172D890014BFBB /* ProjectDocument.nib */,
				2F150637101DD181006F9068 /* Floor.nib */,
				2FCE93A41029C9C900315052 /* TranslationEditor.nib */,
				2F2FF563102C25FD005439DA /* zDocument.nib */,
				2FDE2F321030DEBE00FAAA65 /* floormodeicon1.png */,
				2FDE2F341030DED900FAAA65 /* floormodeicon2.png */,
				2FDE2F361030DEDE00FAAA65 /* floormodeicon3.png */,
				2FDE2F381030DEE200FAAA65 /* floormodeicon4.png */,
				2FDE2F3A1030DEE700FAAA65 /* floormodeicon5.png */,
				2F981BC510414D120097177B /* ScriptDocument.nib */,
			);
			name = Resources;
			sourceTree = "<group>";
		};
		29B97323FDCFA39411CA2CEA /* Frameworks */ = {
			isa = PBXGroup;
			children = (
				2F59E72D102E22A900008746 /* libpng.framework */,
				1058C7A0FEA54F0111CA2CBB /* Linked Frameworks */,
				1058C7A2FEA54F0111CA2CBB /* Other Frameworks */,
			);
			name = Frameworks;
			sourceTree = "<group>";
		};
		2F7EA3DC0FFCEBCF005E5C36 /* CommonCode */ = {
			isa = PBXGroup;
			children = (
				E89B14A21497E52D0059BF63 /* utf8.cpp */,
				E89B14A31497E52D0059BF63 /* utf8.h */,
				E839AAD212D739B1007DD503 /* helpers.cpp */,
				E839AAD312D739B1007DD503 /* helpers.h */,
				2F7EA4700FFCEBE6005E5C36 /* splitter.cpp */,
				2F7EA4890FFCEBE6005E5C36 /* splitter.hpp */,
				2FA3510E10148E2800979809 /* moreio.h */,
				2F820CCB100E10AE0004738F /* moreio.cpp */,
				2F18B65D100CB9C20009A1CB /* GLee.c */,
				2F18B65E100CB9C20009A1CB /* GLee.h */,
				2F7EA3DD0FFCEBCF005E5C36 /* functionlist.h */,
				2F7EA3E10FFCEBCF005E5C36 /* specialsettings.h */,
				2F7EA3E20FFCEBCF005E5C36 /* tga.cpp */,
				2F7EA3E30FFCEBCF005E5C36 /* tga.h */,
				2F7EA3E40FFCEBCF005E5C36 /* version.h */,
			);
			name = CommonCode;
			path = ../source/CommonCode;
			sourceTree = SOURCE_ROOT;
		};
		E83C1BC412C27715002F19D7 /* Dev Kit */ = {
			isa = PBXGroup;
			children = (
				E8F4F7A3132B8877000F35A9 /* stringarray.cpp */,
				E8F4F7A4132B8877000F35A9 /* stringarray.h */,
				2F820CC9100E10AE0004738F /* messbox.cpp */,
				2F820CCA100E10AE0004738F /* messbox.h */,
				2F7EA43C0FFCEBE6005E5C36 /* launch.h */,
				2F7EA4550FFCEBE6005E5C36 /* savedata.h */,
				2F7EA4560FFCEBE6005E5C36 /* settings.cpp */,
				2F7EA4570FFCEBE6005E5C36 /* settings.h */,
				2F373F6D100E0686009F6880 /* project.hpp */,
				2F373F6E100E0686009F6880 /* project.cpp */,
				2F6092611010729500BC0F94 /* interface.h */,
				2FE2619E1010BD5D005EF966 /* hsi.h */,
				2F7EA3EE0FFCEBE6005E5C36 /* allknown.cpp */,
				2F7EA3EF0FFCEBE6005E5C36 /* allknown.h */,
				2F7EA3F00FFCEBE6005E5C36 /* hsi.cpp */,
				2F7EA3F20FFCEBE6005E5C36 /* checkused.cpp */,
				2F7EA3F30FFCEBE6005E5C36 /* checkused.h */,
				2F7EA3F40FFCEBE6005E5C36 /* csludge.h */,
				2F7EA3F50FFCEBE6005E5C36 /* dumpfiles.cpp */,
				E850AB671271E77300224E49 /* compilerinfo.cpp */,
				E850AB681271E77300224E49 /* compilerinfo.h */,
				2F7EA3F60FFCEBE6005E5C36 /* dumpfiles.h */,
				2F7EA3F70FFCEBE6005E5C36 /* floor.cpp */,
				2F7EA3F80FFCEBE6005E5C36 /* floor.h */,
				2F7EA3F90FFCEBE6005E5C36 /* sludge_functions.cpp */,
				2F7EA3FA0FFCEBE6005E5C36 /* sludge_functions.h */,
				2F7EA3FB0FFCEBE6005E5C36 /* linker.cpp */,
				2F7EA3FC0FFCEBE6005E5C36 /* linker.h */,
				2F7EA4010FFCEBE6005E5C36 /* objtype.cpp */,
				2F7EA4020FFCEBE6005E5C36 /* objtype.h */,
				2F7EA4050FFCEBE6005E5C36 /* percbar.h */,
				2F7EA4060FFCEBE6005E5C36 /* preproc.cpp */,
				2F7EA4070FFCEBE6005E5C36 /* preproc.h */,
				2F7EA4080FFCEBE6005E5C36 /* realproc.cpp */,
				2F7EA4090FFCEBE6005E5C36 /* realproc.h */,
				2F7EA4140FFCEBE6005E5C36 /* tokens.cpp */,
				2F7EA4150FFCEBE6005E5C36 /* tokens.h */,
				2F7EA4160FFCEBE6005E5C36 /* translation.cpp */,
				2F7EA4170FFCEBE6005E5C36 /* translation.h */,
				2F03811A102AEF2F00EDBAFB /* translator.h */,
				2F03811B102AEF2F00EDBAFB /* translator.cpp */,
				2F7EA4180FFCEBE6005E5C36 /* typedef.h */,
				2F61A6FB100F50D000EBE4B0 /* compiler.hpp */,
				2F61A6FC100F50D000EBE4B0 /* compiler.cpp */,
				2F150658101DD528006F9068 /* floormaker.h */,
				2F150659101DD528006F9068 /* floormaker.cpp */,
				2F7EA4720FFCEBE6005E5C36 /* sprites.cpp */,
				2F7EA4730FFCEBE6005E5C36 /* sprites.h */,
				2F7EA4A20FFCEBE6005E5C36 /* zbuffer.cpp */,
				2F7EA4A30FFCEBE6005E5C36 /* zbuffer.h */,
			);
			name = "Dev Kit";
			sourceTree = "<group>";
		};
/* End PBXGroup section */

/* Begin PBXNativeTarget section */
		8D1107260486CEB800E47090 /* SLUDGE Dev Kit */ = {
			isa = PBXNativeTarget;
			buildConfigurationList = C01FCF4A08A954540054247B /* Build configuration list for PBXNativeTarget "SLUDGE Dev Kit" */;
			buildPhases = (
				8D1107290486CEB800E47090 /* Resources */,
				8D11072C0486CEB800E47090 /* Sources */,
				8D11072E0486CEB800E47090 /* Frameworks */,
				002F39FD09D0883400EBEB88 /* Copy Frameworks into .app bundle */,
			);
			buildRules = (
			);
			dependencies = (
			);
			name = "SLUDGE Dev Kit";
			productInstallPath = "$(HOME)/Applications";
			productName = "Sludge Dev Kit";
			productReference = 8D1107320486CEB800E47090 /* Sludge Dev Kit.app */;
			productType = "com.apple.product-type.application";
		};
/* End PBXNativeTarget section */

/* Begin PBXProject section */
		29B97313FDCFA39411CA2CEA /* Project object */ = {
			isa = PBXProject;
			attributes = {
				LastUpgradeCheck = 0450;
			};
			buildConfigurationList = C01FCF4E08A954540054247B /* Build configuration list for PBXProject "Sludge Dev Kit" */;
			compatibilityVersion = "Xcode 3.2";
			developmentRegion = English;
			hasScannedForEncodings = 1;
			knownRegions = (
				English,
				Japanese,
				French,
				German,
			);
			mainGroup = 29B97314FDCFA39411CA2CEA /* Sludge Dev Kit */;
			projectDirPath = "";
			projectRoot = "";
			targets = (
				8D1107260486CEB800E47090 /* SLUDGE Dev Kit */,
			);
		};
/* End PBXProject section */

/* Begin PBXResourcesBuildPhase section */
		8D1107290486CEB800E47090 /* Resources */ = {
			isa = PBXResourcesBuildPhase;
			buildActionMask = 2147483647;
			files = (
				2F9DE048100CC7FA0067DE50 /* InfoPlist.strings in Resources */,
				2F9DE047100CC7ED0067DE50 /* DevKit Main.nib in Resources */,
				2F9DDF75100CC7DA0067DE50 /* SLUDGEDevKitHelp in Resources */,
				2F1B9A63100CF81C00BD9739 /* Credits.html in Resources */,
				2F695C72100D138D008A8DC1 /* icon.icns in Resources */,
				2F695C73100D138D008A8DC1 /* ProjIcon.icns in Resources */,
				2FF7AE5D10121A0700F6AF98 /* SpriteBank.nib in Resources */,
				2F9355991012656700099D24 /* spriteIcon.icns in Resources */,
				2F1BD59310172D890014BFBB /* ProjectDocument.nib in Resources */,
				2F46989A101B4ACA00D451DB /* slx.icns in Resources */,
				2FD220B6101B567700F4CA41 /* zIcon.icns in Resources */,
				2FD220B8101B569300F4CA41 /* scriptIcon.icns in Resources */,
				2FD220BA101B569D00F4CA41 /* Compiler.icns in Resources */,
				2F150638101DD181006F9068 /* Floor.nib in Resources */,
				2F887020101DDA9200359D3E /* floorIcon.icns in Resources */,
				2FDA7B9D1026204F00DC8F16 /* flags.icns in Resources */,
				2FCE93A51029C9C900315052 /* TranslationEditor.nib in Resources */,
				2F2FF564102C25FD005439DA /* zDocument.nib in Resources */,
				2FDE2F331030DEBE00FAAA65 /* floormodeicon1.png in Resources */,
				2FDE2F351030DED900FAAA65 /* floormodeicon2.png in Resources */,
				2FDE2F371030DEDE00FAAA65 /* floormodeicon3.png in Resources */,
				2FDE2F391030DEE200FAAA65 /* floormodeicon4.png in Resources */,
				2FDE2F3B1030DEE700FAAA65 /* floormodeicon5.png in Resources */,
				2F981BC610414D120097177B /* ScriptDocument.nib in Resources */,
			);
			runOnlyForDeploymentPostprocessing = 0;
		};
/* End PBXResourcesBuildPhase section */

/* Begin PBXSourcesBuildPhase section */
		8D11072C0486CEB800E47090 /* Sources */ = {
			isa = PBXSourcesBuildPhase;
			buildActionMask = 2147483647;
			files = (
				002F3A2E09D0888800EBEB88 /* AppController.m in Sources */,
				2F7EA3EA0FFCEBCF005E5C36 /* tga.cpp in Sources */,
				2F7EA4A40FFCEBE6005E5C36 /* allknown.cpp in Sources */,
				2F7EA4A60FFCEBE6005E5C36 /* hsi.cpp in Sources */,
				2F7EA4A80FFCEBE6005E5C36 /* checkused.cpp in Sources */,
				2F7EA4AB0FFCEBE6005E5C36 /* dumpfiles.cpp in Sources */,
				2F7EA4AD0FFCEBE6005E5C36 /* floor.cpp in Sources */,
				2F7EA4AF0FFCEBE6005E5C36 /* sludge_functions.cpp in Sources */,
				2F7EA4B10FFCEBE6005E5C36 /* linker.cpp in Sources */,
				2F7EA4B70FFCEBE6005E5C36 /* objtype.cpp in Sources */,
				2F7EA4BC0FFCEBE6005E5C36 /* preproc.cpp in Sources */,
				2F7EA4BE0FFCEBE6005E5C36 /* realproc.cpp in Sources */,
				2F7EA4C90FFCEBE6005E5C36 /* tokens.cpp in Sources */,
				2F7EA4CB0FFCEBE6005E5C36 /* translation.cpp in Sources */,
				2F7EA5070FFCEBE6005E5C36 /* settings.cpp in Sources */,
				2F18B65F100CB9C20009A1CB /* GLee.c in Sources */,
				2F18B665100CBA620009A1CB /* splitter.cpp in Sources */,
				2F373F70100E0686009F6880 /* project.cpp in Sources */,
				2F820CCC100E10AE0004738F /* messbox.cpp in Sources */,
				2F820CCE100E10AE0004738F /* moreio.cpp in Sources */,
				2F61A6FE100F50D000EBE4B0 /* compiler.cpp in Sources */,
				2FF7AE531012195300F6AF98 /* SpriteBank.m in Sources */,
				2F9355B01012670D00099D24 /* ProjectDocument.m in Sources */,
				2F81D1AF1013C9D400276F1B /* sprites.cpp in Sources */,
				2F1505EE101DCDE4006F9068 /* FloorDocument.m in Sources */,
				2F15065B101DD528006F9068 /* floormaker.cpp in Sources */,
				2FCE93A91029CA5000315052 /* TranslationDocument.m in Sources */,
				2F03811D102AEF2F00EDBAFB /* translator.cpp in Sources */,
				2F2FF54F102C2598005439DA /* zDocument.m in Sources */,
				2F2FF5C0102C4263005439DA /* zbuffer.cpp in Sources */,
				2F981B9E10414BF00097177B /* ScriptDocument.m in Sources */,
				E850AB691271E77300224E49 /* compilerinfo.cpp in Sources */,
				E80D9E7F12C9E6C800663154 /* SLUDGE Document.m in Sources */,
				E839AAD412D739B1007DD503 /* helpers.cpp in Sources */,
				E8F4F7A5132B8877000F35A9 /* stringarray.cpp in Sources */,
				E89B14A41497E52D0059BF63 /* utf8.cpp in Sources */,
			);
			runOnlyForDeploymentPostprocessing = 0;
		};
/* End PBXSourcesBuildPhase section */

/* Begin XCBuildConfiguration section */
		C01FCF4B08A954540054247B /* Debug */ = {
			isa = XCBuildConfiguration;
			buildSettings = {
				COMBINE_HIDPI_IMAGES = YES;
				COPY_PHASE_STRIP = NO;
				FRAMEWORK_SEARCH_PATHS = (
					"$(inherited)",
					"$(FRAMEWORK_SEARCH_PATHS_QUOTED_FOR_TARGET_1)",
					"$(FRAMEWORK_SEARCH_PATHS_QUOTED_FOR_TARGET_2)",
				);
				FRAMEWORK_SEARCH_PATHS_QUOTED_FOR_TARGET_2 = "\"$(SRCROOT)/../../libpng-1.2.38/projects/xcode/build/Release\"";
				GCC_DYNAMIC_NO_PIC = NO;
				GCC_OPTIMIZATION_LEVEL = 0;
				GCC_VERSION = "";
				INFOPLIST_FILE = Info.plist;
				INSTALL_PATH = "$(HOME)/Applications";
				MACOSX_DEPLOYMENT_TARGET = 10.5;
				PRODUCT_NAME = "Sludge Dev Kit";
				SDKROOT = macosx;
				WRAPPER_EXTENSION = app;
				ZERO_LINK = YES;
			};
			name = Debug;
		};
		C01FCF4C08A954540054247B /* Release */ = {
			isa = XCBuildConfiguration;
			buildSettings = {
				ARCHS = "$(ARCHS_STANDARD_32_BIT)";
				COMBINE_HIDPI_IMAGES = YES;
				FRAMEWORK_SEARCH_PATHS = (
					"$(inherited)",
					"$(FRAMEWORK_SEARCH_PATHS_QUOTED_FOR_TARGET_1)",
					"$(FRAMEWORK_SEARCH_PATHS_QUOTED_FOR_TARGET_2)",
				);
				FRAMEWORK_SEARCH_PATHS_QUOTED_FOR_TARGET_2 = "\"$(SRCROOT)/../../libpng-1.2.38/projects/xcode/build/Release\"";
				GCC_GENERATE_DEBUGGING_SYMBOLS = NO;
				GCC_VERSION = "";
				INFOPLIST_FILE = Info.plist;
				INSTALL_PATH = "$(HOME)/Applications";
				MACOSX_DEPLOYMENT_TARGET = 10.5;
				PRODUCT_NAME = "Sludge Dev Kit";
				SDKROOT = macosx;
				WRAPPER_EXTENSION = app;
			};
			name = Release;
		};
		C01FCF4F08A954540054247B /* Debug */ = {
			isa = XCBuildConfiguration;
			buildSettings = {
				CURRENT_PROJECT_VERSION = 105;
				FRAMEWORK_SEARCH_PATHS = (
					"$(HOME)/Library/Frameworks",
					/Library/Frameworks,
					"$(FRAMEWORK_SEARCH_PATHS)",
				);
				GCC_ENABLE_SSE3_EXTENSIONS = YES;
				GCC_MODEL_TUNING = G5;
				GCC_OPTIMIZATION_LEVEL = 3;
				GCC_VERSION = 4.0;
				GCC_WARN_ABOUT_RETURN_TYPE = YES;
				GCC_WARN_MISSING_PARENTHESES = NO;
				GCC_WARN_UNUSED_FUNCTION = YES;
				GCC_WARN_UNUSED_PARAMETER = NO;
				GCC_WARN_UNUSED_VARIABLE = YES;
				HEADER_SEARCH_PATHS = (
					"../../libpng-1.2.38/projects/xcode/build/Release/libpng.framework/Headers",
					"$(HOME)/Library/Frameworks/SDL.framework/Headers",
					/Library/Frameworks/SDL.framework/Headers,
					"$(HEADER_SEARCH_PATHS)",
				);
				MACOSX_DEPLOYMENT_TARGET = 10.5;
				SDKROOT = macosx;
				USER_HEADER_SEARCH_PATHS = "$(inherited) ../source/CommonCode";
				VERSIONING_SYSTEM = "";
			};
			name = Debug;
		};
		C01FCF5008A954540054247B /* Release */ = {
			isa = XCBuildConfiguration;
			buildSettings = {
				CURRENT_PROJECT_VERSION = 106;
				FRAMEWORK_SEARCH_PATHS = (
					"$(HOME)/Library/Frameworks",
					/Library/Frameworks,
					"$(FRAMEWORK_SEARCH_PATHS)",
				);
				GCC_ENABLE_SSE3_EXTENSIONS = YES;
				GCC_MODEL_TUNING = G5;
				GCC_OPTIMIZATION_LEVEL = 3;
				GCC_VERSION = 4.0;
				GCC_WARN_ABOUT_RETURN_TYPE = YES;
				GCC_WARN_MISSING_PARENTHESES = NO;
				GCC_WARN_UNUSED_FUNCTION = YES;
				GCC_WARN_UNUSED_PARAMETER = NO;
				GCC_WARN_UNUSED_VARIABLE = YES;
				HEADER_SEARCH_PATHS = (
					"../../libpng-1.2.38/projects/xcode/build/Release/libpng.framework/Headers",
					"$(HOME)/Library/Frameworks/SDL.framework/Headers",
					/Library/Frameworks/SDL.framework/Headers,
					"$(HEADER_SEARCH_PATHS)",
				);
				MACOSX_DEPLOYMENT_TARGET = 10.5;
				SDKROOT = macosx;
				USER_HEADER_SEARCH_PATHS = "$(inherited) ../source/CommonCode";
				VERSIONING_SYSTEM = "";
			};
			name = Release;
		};
/* End XCBuildConfiguration section */

/* Begin XCConfigurationList section */
		C01FCF4A08A954540054247B /* Build configuration list for PBXNativeTarget "SLUDGE Dev Kit" */ = {
			isa = XCConfigurationList;
			buildConfigurations = (
				C01FCF4B08A954540054247B /* Debug */,
				C01FCF4C08A954540054247B /* Release */,
			);
			defaultConfigurationIsVisible = 0;
			defaultConfigurationName = Release;
		};
		C01FCF4E08A954540054247B /* Build configuration list for PBXProject "Sludge Dev Kit" */ = {
			isa = XCConfigurationList;
			buildConfigurations = (
				C01FCF4F08A954540054247B /* Debug */,
				C01FCF5008A954540054247B /* Release */,
			);
			defaultConfigurationIsVisible = 0;
			defaultConfigurationName = Release;
		};
/* End XCConfigurationList section */
	};
	rootObject = 29B97313FDCFA39411CA2CEA /* Project object */;
}
